Microsoft Visual Studio Solution File, Format Version 12.00
# Visual Studio 15
VisualStudioVersion = 15.0.26730.12
MinimumVisualStudioVersion = 10.0.40219.1
Project("{2150E333-8FDC-42A3-9474-1A3956D46DE8}") = "Core", "Core", "{9863FCB3-BFA4-4B9C-B8F6-302BA5F660B8}"
EndProject
Project("{9A19103F-16F7-4668-BE54-9A1E7A4F7556}") = "AWSSDK.Core.Net35", "..\..\Core\AWSSDK.Core.Net35.csproj", "{1FACE5D0-97BF-4069-B4F7-0FE28BB160F8}"
EndProject
Project("{9A19103F-16F7-4668-BE54-9A1E7A4F7556}") = "AWSSDK.Core.Net45", "..\..\Core\AWSSDK.Core.Net45.csproj", "{7DE3AFA0-1B2D-41B1-82BD-120B8B210B43}"
EndProject
Project("{9A19103F-16F7-4668-BE54-9A1E7A4F7556}") = "AWSSDK.Core.CoreCLR", "..\..\Core\AWSSDK.Core.CoreCLR.csproj", "{A855B58E-ED32-40AE-AE8F-054F448B9F2C}"
EndProject
Project("{2150E333-8FDC-42A3-9474-1A3956D46DE8}") = "Services", "Services", "{939EC5C2-8345-43E2-8F97-72EEEBEEA0AB}"
EndProject
Project("{2150E333-8FDC-42A3-9474-1A3956D46DE8}") = "Amplify", "Amplify", "{360AAE66-DF79-279B-D365-F61DAA46AF88}"
EndProject
Project("{9A19103F-16F7-4668-BE54-9A1E7A4F7556}") = "AWSSDK.Amplify.CoreCLR", "AWSSDK.Amplify.CoreCLR.csproj", "{A3690F31-F738-4D4E-9798-8D2526B016D7}"
EndProject
Project("{9A19103F-16F7-4668-BE54-9A1E7A4F7556}") = "AWSSDK.Amplify.Net35", "AWSSDK.Amplify.Net35.csproj", "{51CAD590-792F-457D-BC2D-D2BE8B118CC3}"
EndProject
Project("{9A19103F-16F7-4668-BE54-9A1E7A4F7556}") = "AWSSDK.Amplify.Net45", "AWSSDK.Amplify.Net45.csproj", "{4DEAD1D7-7CD6-43E9-90EE-4E94094C2FD8}"
EndProject
Project("{2150E333-8FDC-42A3-9474-1A3956D46DE8}") = "Test", "Test", "{12EC4E4B-7E2C-4B63-8EF9-7B959F82A89B}"
EndProject
Project("{9A19103F-16F7-4668-BE54-9A1E7A4F7556}") = "AWSSDK.UnitTests.Amplify.Net35", "..\..\..\test\Services\Amplify\UnitTests\AWSSDK.UnitTests.Amplify.Net35.csproj", "{48FE8006-9CF6-4382-8ED4-9A1D181E4AA7}"
EndProject
Project("{9A19103F-16F7-4668-BE54-9A1E7A4F7556}") = "AWSSDK.UnitTests.Amplify.Net45", "..\..\..\test\Services\Amplify\UnitTests\AWSSDK.UnitTests.Amplify.Net45.csproj", "{31AC608E-A17A-4EEB-9082-AA4DB6F91DB7}"
EndProject
Project("{9A19103F-16F7-4668-BE54-9A1E7A4F7556}") = "ServiceClientGeneratorLib", "..\..\..\..\generator\ServiceClientGeneratorLib\ServiceClientGeneratorLib.csproj", "{7BEE7C44-BE12-43CC-AFB9-B5852A1F43C8}"
EndProject
Project("{9A19103F-16F7-4668-BE54-9A1E7A4F7556}") = "AWSSDK.UnitTestUtilities.Net35", "..\..\..\test\UnitTests\Custom\AWSSDK.UnitTestUtilities.Net35.csproj", "{A23CE153-A4A3-4D3A-A6DC-0DD1B207118E}"
EndProject
Project("{9A19103F-16F7-4668-BE54-9A1E7A4F7556}") = "AWSSDK.UnitTestUtilities.Net45", "..\..\..\test\UnitTests\Custom\AWSSDK.UnitTestUtilities.Net45.csproj", "{002B183F-E568-49CD-9D06-CBCFF2C2921F}"
EndProject
Project("{9A19103F-16F7-4668-BE54-9A1E7A4F7556}") = "AWSSDK.IntegrationTestUtilities.Net35", "..\..\..\test\IntegrationTests\AWSSDK.IntegrationTestUtilities.Net35.csproj", "{924D2906-70D6-4D77-8603-816648B2CCA6}"
EndProject
Project("{9A19103F-16F7-4668-BE54-9A1E7A4F7556}") = "AWSSDK.IntegrationTestUtilities.Net45", "..\..\..\test\IntegrationTests\AWSSDK.IntegrationTestUtilities.Net45.csproj", "{7AB0DA1C-CA0E-4579-BA82-2B41A9DA15C7}"
EndProject
Project("{9A19103F-16F7-4668-BE54-9A1E7A4F7556}") = "AWSSDK.CommonTest", "..\..\..\test\Common\AWSSDK.CommonTest.csproj", "{66F78F86-68D7-4538-8EA5-A669A08E1C19}"
EndProject
Project("{2150E333-8FDC-42A3-9474-1A3956D46DE8}") = "IntegrationTestDependencies", "IntegrationTestDependencies", "{939EC5C2-8345-43E2-8F97-72EEEBEEA0AC}"
EndProject
Project("{9A19103F-16F7-4668-BE54-9A1E7A4F7556}") = "AWSSDK.IdentityManagement.Net35", "..\IdentityManagement\AWSSDK.IdentityManagement.Net35.csproj", "{7993A34E-AC6B-4580-B03D-546BE7FEA8ED}"
EndProject
Project("{9A19103F-16F7-4668-BE54-9A1E7A4F7556}") = "AWSSDK.SecurityToken.Net35", "..\SecurityToken\AWSSDK.SecurityToken.Net35.csproj", "{3901A1FD-898E-4D72-B499-3F3912E72D0D}"
EndProject
Project("{9A19103F-16F7-4668-BE54-9A1E7A4F7556}") = "AWSSDK.SimpleNotificationService.Net35", "..\SimpleNotificationService\AWSSDK.SimpleNotificationService.Net35.csproj", "{8FAF3776-977E-46E4-9218-F0CD70099840}"
EndProject
Project("{9A19103F-16F7-4668-BE54-9A1E7A4F7556}") = "AWSSDK.S3.Net35", "..\S3\AWSSDK.S3.Net35.csproj", "{42E3CE34-C0CB-417F-B469-E7D5BEC4BBC5}"
EndProject
Project("{9A19103F-16F7-4668-BE54-9A1E7A4F7556}") = "AWSSDK.IdentityManagement.Net45", "..\IdentityManagement\AWSSDK.IdentityManagement.Net45.csproj", "{15988CB8-5B53-4297-855E-99A00ED2DC09}"
EndProject
Project("{9A19103F-16F7-4668-BE54-9A1E7A4F7556}") = "AWSSDK.S3.Net45", "..\S3\AWSSDK.S3.Net45.csproj", "{AA4F3F82-907A-49F4-BBFE-2BA79314E755}"
EndProject
Project("{9A19103F-16F7-4668-BE54-9A1E7A4F7556}") = "AWSSDK.SecurityToken.Net45", "..\SecurityToken\AWSSDK.SecurityToken.Net45.csproj", "{10458847-BE00-434A-A8AD-B22B4B5DF78B}"
EndProject
Project("{9A19103F-16F7-4668-BE54-9A1E7A4F7556}") = "AWSSDK.SimpleNotificationService.Net45", "..\SimpleNotificationService\AWSSDK.SimpleNotificationService.Net45.csproj", "{4B92D5B1-6E94-4FC0-8C4F-9BA57F291182}"
EndProject
Global
	GlobalSection(SolutionConfigurationPlatforms) = preSolution
		Debug|Any CPU = Debug|Any CPU
		Release|Any CPU = Release|Any CPU
	EndGlobalSection
	GlobalSection(ProjectConfigurationPlatforms) = postSolution
		{1FACE5D0-97BF-4069-B4F7-0FE28BB160F8}.Debug|Any CPU.ActiveCfg = Debug|Any CPU
		{1FACE5D0-97BF-4069-B4F7-0FE28BB160F8}.Debug|Any CPU.Build.0 = Debug|Any CPU
		{1FACE5D0-97BF-4069-B4F7-0FE28BB160F8}.Release|Any CPU.ActiveCfg = Release|Any CPU
		{1FACE5D0-97BF-4069-B4F7-0FE28BB160F8}.Release|Any CPU.Build.0 = Release|Any CPU
		{7DE3AFA0-1B2D-41B1-82BD-120B8B210B43}.Debug|Any CPU.ActiveCfg = Debug|Any CPU
		{7DE3AFA0-1B2D-41B1-82BD-120B8B210B43}.Debug|Any CPU.Build.0 = Debug|Any CPU
		{7DE3AFA0-1B2D-41B1-82BD-120B8B210B43}.Release|Any CPU.ActiveCfg = Release|Any CPU
		{7DE3AFA0-1B2D-41B1-82BD-120B8B210B43}.Release|Any CPU.Build.0 = Release|Any CPU
		{A855B58E-ED32-40AE-AE8F-054F448B9F2C}.Debug|Any CPU.ActiveCfg = Debug|Any CPU
		{A855B58E-ED32-40AE-AE8F-054F448B9F2C}.Debug|Any CPU.Build.0 = Debug|Any CPU
		{A855B58E-ED32-40AE-AE8F-054F448B9F2C}.Release|Any CPU.ActiveCfg = Release|Any CPU
		{A855B58E-ED32-40AE-AE8F-054F448B9F2C}.Release|Any CPU.Build.0 = Release|Any CPU
		{A3690F31-F738-4D4E-9798-8D2526B016D7}.Debug|Any CPU.ActiveCfg = Debug|Any CPU
		{A3690F31-F738-4D4E-9798-8D2526B016D7}.Debug|Any CPU.Build.0 = Debug|Any CPU
		{A3690F31-F738-4D4E-9798-8D2526B016D7}.Release|Any CPU.ActiveCfg = Release|Any CPU
		{A3690F31-F738-4D4E-9798-8D2526B016D7}.Release|Any CPU.Build.0 = Release|Any CPU
		{51CAD590-792F-457D-BC2D-D2BE8B118CC3}.Debug|Any CPU.ActiveCfg = Debug|Any CPU
		{51CAD590-792F-457D-BC2D-D2BE8B118CC3}.Debug|Any CPU.Build.0 = Debug|Any CPU
		{51CAD590-792F-457D-BC2D-D2BE8B118CC3}.Release|Any CPU.ActiveCfg = Release|Any CPU
		{51CAD590-792F-457D-BC2D-D2BE8B118CC3}.Release|Any CPU.Build.0 = Release|Any CPU
		{4DEAD1D7-7CD6-43E9-90EE-4E94094C2FD8}.Debug|Any CPU.ActiveCfg = Debug|Any CPU
		{4DEAD1D7-7CD6-43E9-90EE-4E94094C2FD8}.Debug|Any CPU.Build.0 = Debug|Any CPU
		{4DEAD1D7-7CD6-43E9-90EE-4E94094C2FD8}.Release|Any CPU.ActiveCfg = Release|Any CPU
		{4DEAD1D7-7CD6-43E9-90EE-4E94094C2FD8}.Release|Any CPU.Build.0 = Release|Any CPU
		{48FE8006-9CF6-4382-8ED4-9A1D181E4AA7}.Debug|Any CPU.ActiveCfg = Debug|Any CPU
		{48FE8006-9CF6-4382-8ED4-9A1D181E4AA7}.Debug|Any CPU.Build.0 = Debug|Any CPU
		{48FE8006-9CF6-4382-8ED4-9A1D181E4AA7}.Release|Any CPU.ActiveCfg = Release|Any CPU
		{48FE8006-9CF6-4382-8ED4-9A1D181E4AA7}.Release|Any CPU.Build.0 = Release|Any CPU
		{31AC608E-A17A-4EEB-9082-AA4DB6F91DB7}.Debug|Any CPU.ActiveCfg = Debug|Any CPU
		{31AC608E-A17A-4EEB-9082-AA4DB6F91DB7}.Debug|Any CPU.Build.0 = Debug|Any CPU
		{31AC608E-A17A-4EEB-9082-AA4DB6F91DB7}.Release|Any CPU.ActiveCfg = Release|Any CPU
		{31AC608E-A17A-4EEB-9082-AA4DB6F91DB7}.Release|Any CPU.Build.0 = Release|Any CPU
		{7BEE7C44-BE12-43CC-AFB9-B5852A1F43C8}.Debug|Any CPU.ActiveCfg = Debug|Any CPU
		{7BEE7C44-BE12-43CC-AFB9-B5852A1F43C8}.Debug|Any CPU.Build.0 = Debug|Any CPU
		{7BEE7C44-BE12-43CC-AFB9-B5852A1F43C8}.Release|Any CPU.ActiveCfg = Release|Any CPU
		{7BEE7C44-BE12-43CC-AFB9-B5852A1F43C8}.Release|Any CPU.Build.0 = Release|Any CPU
		{A23CE153-A4A3-4D3A-A6DC-0DD1B207118E}.Debug|Any CPU.ActiveCfg = Debug|Any CPU
		{A23CE153-A4A3-4D3A-A6DC-0DD1B207118E}.Debug|Any CPU.Build.0 = Debug|Any CPU
		{A23CE153-A4A3-4D3A-A6DC-0DD1B207118E}.Release|Any CPU.ActiveCfg = Release|Any CPU
		{A23CE153-A4A3-4D3A-A6DC-0DD1B207118E}.Release|Any CPU.Build.0 = Release|Any CPU
		{002B183F-E568-49CD-9D06-CBCFF2C2921F}.Debug|Any CPU.ActiveCfg = Debug|Any CPU
		{002B183F-E568-49CD-9D06-CBCFF2C2921F}.Debug|Any CPU.Build.0 = Debug|Any CPU
		{002B183F-E568-49CD-9D06-CBCFF2C2921F}.Release|Any CPU.ActiveCfg = Release|Any CPU
		{002B183F-E568-49CD-9D06-CBCFF2C2921F}.Release|Any CPU.Build.0 = Release|Any CPU
		{924D2906-70D6-4D77-8603-816648B2CCA6}.Debug|Any CPU.ActiveCfg = Debug|Any CPU
		{924D2906-70D6-4D77-8603-816648B2CCA6}.Debug|Any CPU.Build.0 = Debug|Any CPU
		{924D2906-70D6-4D77-8603-816648B2CCA6}.Release|Any CPU.ActiveCfg = Release|Any CPU
		{924D2906-70D6-4D77-8603-816648B2CCA6}.Release|Any CPU.Build.0 = Release|Any CPU
		{7AB0DA1C-CA0E-4579-BA82-2B41A9DA15C7}.Debug|Any CPU.ActiveCfg = Debug|Any CPU
		{7AB0DA1C-CA0E-4579-BA82-2B41A9DA15C7}.Debug|Any CPU.Build.0 = Debug|Any CPU
		{7AB0DA1C-CA0E-4579-BA82-2B41A9DA15C7}.Release|Any CPU.ActiveCfg = Release|Any CPU
		{7AB0DA1C-CA0E-4579-BA82-2B41A9DA15C7}.Release|Any CPU.Build.0 = Release|Any CPU
		{66F78F86-68D7-4538-8EA5-A669A08E1C19}.Debug|Any CPU.ActiveCfg = Debug|Any CPU
		{66F78F86-68D7-4538-8EA5-A669A08E1C19}.Debug|Any CPU.Build.0 = Debug|Any CPU
		{66F78F86-68D7-4538-8EA5-A669A08E1C19}.Release|Any CPU.ActiveCfg = Release|Any CPU
		{66F78F86-68D7-4538-8EA5-A669A08E1C19}.Release|Any CPU.Build.0 = Release|Any CPU
	EndGlobalSection
	GlobalSection(SolutionProperties) = preSolution
		HideSolutionNode = FALSE
	EndGlobalSection
	GlobalSection(NestedProjects) = preSolution
		{1FACE5D0-97BF-4069-B4F7-0FE28BB160F8} = {9863FCB3-BFA4-4B9C-B8F6-302BA5F660B8}
		{7DE3AFA0-1B2D-41B1-82BD-120B8B210B43} = {9863FCB3-BFA4-4B9C-B8F6-302BA5F660B8}
		{A855B58E-ED32-40AE-AE8F-054F448B9F2C} = {9863FCB3-BFA4-4B9C-B8F6-302BA5F660B8}
		{360AAE66-DF79-279B-D365-F61DAA46AF88} = {939EC5C2-8345-43E2-8F97-72EEEBEEA0AB}
		{A3690F31-F738-4D4E-9798-8D2526B016D7} = {360AAE66-DF79-279B-D365-F61DAA46AF88}
		{51CAD590-792F-457D-BC2D-D2BE8B118CC3} = {360AAE66-DF79-279B-D365-F61DAA46AF88}
		{4DEAD1D7-7CD6-43E9-90EE-4E94094C2FD8} = {360AAE66-DF79-279B-D365-F61DAA46AF88}
		{48FE8006-9CF6-4382-8ED4-9A1D181E4AA7} = {12EC4E4B-7E2C-4B63-8EF9-7B959F82A89B}
		{31AC608E-A17A-4EEB-9082-AA4DB6F91DB7} = {12EC4E4B-7E2C-4B63-8EF9-7B959F82A89B}
		{7BEE7C44-BE12-43CC-AFB9-B5852A1F43C8} = {12EC4E4B-7E2C-4B63-8EF9-7B959F82A89B}
		{A23CE153-A4A3-4D3A-A6DC-0DD1B207118E} = {12EC4E4B-7E2C-4B63-8EF9-7B959F82A89B}
		{002B183F-E568-49CD-9D06-CBCFF2C2921F} = {12EC4E4B-7E2C-4B63-8EF9-7B959F82A89B}
		{924D2906-70D6-4D77-8603-816648B2CCA6} = {12EC4E4B-7E2C-4B63-8EF9-7B959F82A89B}
		{7AB0DA1C-CA0E-4579-BA82-2B41A9DA15C7} = {12EC4E4B-7E2C-4B63-8EF9-7B959F82A89B}
		{66F78F86-68D7-4538-8EA5-A669A08E1C19} = {12EC4E4B-7E2C-4B63-8EF9-7B959F82A89B}
		{7993A34E-AC6B-4580-B03D-546BE7FEA8ED} = {939EC5C2-8345-43E2-8F97-72EEEBEEA0AC}
		{3901A1FD-898E-4D72-B499-3F3912E72D0D} = {939EC5C2-8345-43E2-8F97-72EEEBEEA0AC}
		{8FAF3776-977E-46E4-9218-F0CD70099840} = {939EC5C2-8345-43E2-8F97-72EEEBEEA0AC}
		{42E3CE34-C0CB-417F-B469-E7D5BEC4BBC5} = {939EC5C2-8345-43E2-8F97-72EEEBEEA0AC}
		{15988CB8-5B53-4297-855E-99A00ED2DC09} = {939EC5C2-8345-43E2-8F97-72EEEBEEA0AC}
		{AA4F3F82-907A-49F4-BBFE-2BA79314E755} = {939EC5C2-8345-43E2-8F97-72EEEBEEA0AC}
		{10458847-BE00-434A-A8AD-B22B4B5DF78B} = {939EC5C2-8345-43E2-8F97-72EEEBEEA0AC}
		{4B92D5B1-6E94-4FC0-8C4F-9BA57F291182} = {939EC5C2-8345-43E2-8F97-72EEEBEEA0AC}
	EndGlobalSection
	GlobalSection(ExtensibilityGlobals) = postSolution
		SolutionGuid = {1B738F27-21D4-44DB-9231-094152EA8D44}
	EndGlobalSection
EndGlobal