Microsoft Visual Studio Solution File, Format Version 12.00
# Visual Studio 15
VisualStudioVersion = 15.0.26730.12
MinimumVisualStudioVersion = 10.0.40219.1
Project("{2150E333-8FDC-42A3-9474-1A3956D46DE8}") = "Core", "Core", "{9863FCB3-BFA4-4B9C-B8F6-302BA5F660B8}"
EndProject
Project("{9A19103F-16F7-4668-BE54-9A1E7A4F7556}") = "AWSSDK.Core.NetFramework", "../../Core/AWSSDK.Core.NetFramework.csproj", "{7DE3AFA0-1B2D-41B1-82BD-120B8B210B43}"
EndProject
Project("{9A19103F-16F7-4668-BE54-9A1E7A4F7556}") = "AWSSDK.Core.NetStandard", "../../Core/AWSSDK.Core.NetStandard.csproj", "{A855B58E-ED32-40AE-AE8F-054F448B9F2C}"
EndProject
Project("{2150E333-8FDC-42A3-9474-1A3956D46DE8}") = "Services", "Services", "{939EC5C2-8345-43E2-8F97-72EEEBEEA0AB}"
EndProject
Project("{2150E333-8FDC-42A3-9474-1A3956D46DE8}") = "Lambda", "Lambda", "{AAD060AF-109B-CEFF-121E-9B1F2D405B8F}"
EndProject
Project("{9A19103F-16F7-4668-BE54-9A1E7A4F7556}") = "AWSSDK.Lambda.NetFramework", "AWSSDK.Lambda.NetFramework.csproj", "{61485CAD-D705-40EC-9D97-199637BE69D3}"
EndProject
Project("{9A19103F-16F7-4668-BE54-9A1E7A4F7556}") = "AWSSDK.Lambda.NetStandard", "AWSSDK.Lambda.NetStandard.csproj", "{9D84AA90-1245-4712-A262-BE8969CDCA18}"
EndProject
Project("{2150E333-8FDC-42A3-9474-1A3956D46DE8}") = "Test", "Test", "{12EC4E4B-7E2C-4B63-8EF9-7B959F82A89B}"
EndProject
Project("{9A19103F-16F7-4668-BE54-9A1E7A4F7556}") = "AWSSDK.IntegrationTests.Lambda.NetFramework", "../../../test/Services/Lambda/IntegrationTests/AWSSDK.IntegrationTests.Lambda.NetFramework.csproj", "{7E043DE0-2739-4D06-B8EF-74CDE801E5B4}"
EndProject
Project("{9A19103F-16F7-4668-BE54-9A1E7A4F7556}") = "AWSSDK.UnitTests.Lambda.NetFramework", "../../../test/Services/Lambda/UnitTests/AWSSDK.UnitTests.Lambda.NetFramework.csproj", "{5F72D135-A544-4FED-AD6C-26029F59747F}"
EndProject
Project("{9A19103F-16F7-4668-BE54-9A1E7A4F7556}") = "ServiceClientGeneratorLib", "../../../../generator/ServiceClientGeneratorLib/ServiceClientGeneratorLib.csproj", "{7BEE7C44-BE12-43CC-AFB9-B5852A1F43C8}"
EndProject
Project("{9A19103F-16F7-4668-BE54-9A1E7A4F7556}") = "AWSSDK.UnitTestUtilities.NetFramework", "../../../test/UnitTests/Custom/AWSSDK.UnitTestUtilities.NetFramework.csproj", "{002B183F-E568-49CD-9D06-CBCFF2C2921F}"
EndProject
Project("{9A19103F-16F7-4668-BE54-9A1E7A4F7556}") = "AWSSDK.IntegrationTestUtilities.NetFramework", "../../../test/IntegrationTests/AWSSDK.IntegrationTestUtilities.NetFramework.csproj", "{7AB0DA1C-CA0E-4579-BA82-2B41A9DA15C7}"
EndProject
Project("{9A19103F-16F7-4668-BE54-9A1E7A4F7556}") = "AWSSDK.CommonTest", "../../../test/Common/AWSSDK.CommonTest.csproj", "{66F78F86-68D7-4538-8EA5-A669A08E1C19}"
EndProject
Project("{9A19103F-16F7-4668-BE54-9A1E7A4F7556}") = "AWSSDK.CommonTest.NetStandard", "../../../test/NetStandard/Common/AWSSDK.CommonTest.NetStandard.csproj", "{87FCE8BC-9E24-4D84-B5CF-C1BA7A51423F}"
EndProject
Project("{9A19103F-16F7-4668-BE54-9A1E7A4F7556}") = "UnitTests.NetStandard.CoreOnly", "../../../test/NetStandard/UnitTests/UnitTests.NetStandard.CoreOnly.csproj", "{B969DE99-0634-4989-A318-086AE1699974}"
EndProject
Project("{2150E333-8FDC-42A3-9474-1A3956D46DE8}") = "IntegrationTestDependencies", "IntegrationTestDependencies", "{939EC5C2-8345-43E2-8F97-72EEEBEEA0AC}"
EndProject
Project("{9A19103F-16F7-4668-BE54-9A1E7A4F7556}") = "AWSSDK.Extensions.CrtIntegration.NetFramework", "../../../../extensions/src/AWSSDK.Extensions.CrtIntegration/AWSSDK.Extensions.CrtIntegration.NetFramework.csproj", "{8BA6D81C-2233-48AA-A053-432B8405831A}"
EndProject
Project("{9A19103F-16F7-4668-BE54-9A1E7A4F7556}") = "AWSSDK.IdentityManagement.NetFramework", "../IdentityManagement/AWSSDK.IdentityManagement.NetFramework.csproj", "{63A9C3F8-E9D1-4A29-ACB3-2BB0A6E63AB9}"
EndProject
Project("{9A19103F-16F7-4668-BE54-9A1E7A4F7556}") = "AWSSDK.S3.NetFramework", "../S3/AWSSDK.S3.NetFramework.csproj", "{C18080C3-8D79-4898-8EC5-24B9F66932DD}"
EndProject
Project("{9A19103F-16F7-4668-BE54-9A1E7A4F7556}") = "AWSSDK.SecurityToken.NetFramework", "../SecurityToken/AWSSDK.SecurityToken.NetFramework.csproj", "{8B133D60-7F51-4C68-A33B-E1E1F08C0139}"
EndProject
Project("{9A19103F-16F7-4668-BE54-9A1E7A4F7556}") = "AWSSDK.SimpleNotificationService.NetFramework", "../SimpleNotificationService/AWSSDK.SimpleNotificationService.NetFramework.csproj", "{CA8E6ABB-7A77-49BA-AA72-0CDF41331232}"
EndProject
Global
	GlobalSection(SolutionConfigurationPlatforms) = preSolution
		Debug|Any CPU = Debug|Any CPU
		Release|Any CPU = Release|Any CPU
	EndGlobalSection
	GlobalSection(ProjectConfigurationPlatforms) = postSolution
		{7DE3AFA0-1B2D-41B1-82BD-120B8B210B43}.Debug|Any CPU.ActiveCfg = Debug|Any CPU
		{7DE3AFA0-1B2D-41B1-82BD-120B8B210B43}.Debug|Any CPU.Build.0 = Debug|Any CPU
		{7DE3AFA0-1B2D-41B1-82BD-120B8B210B43}.Release|Any CPU.ActiveCfg = Release|Any CPU
		{7DE3AFA0-1B2D-41B1-82BD-120B8B210B43}.Release|Any CPU.Build.0 = Release|Any CPU
		{A855B58E-ED32-40AE-AE8F-054F448B9F2C}.Debug|Any CPU.ActiveCfg = Debug|Any CPU
		{A855B58E-ED32-40AE-AE8F-054F448B9F2C}.Debug|Any CPU.Build.0 = Debug|Any CPU
		{A855B58E-ED32-40AE-AE8F-054F448B9F2C}.Release|Any CPU.ActiveCfg = Release|Any CPU
		{A855B58E-ED32-40AE-AE8F-054F448B9F2C}.Release|Any CPU.Build.0 = Release|Any CPU
		{61485CAD-D705-40EC-9D97-199637BE69D3}.Debug|Any CPU.ActiveCfg = Debug|Any CPU
		{61485CAD-D705-40EC-9D97-199637BE69D3}.Debug|Any CPU.Build.0 = Debug|Any CPU
		{61485CAD-D705-40EC-9D97-199637BE69D3}.Release|Any CPU.ActiveCfg = Release|Any CPU
		{61485CAD-D705-40EC-9D97-199637BE69D3}.Release|Any CPU.Build.0 = Release|Any CPU
		{9D84AA90-1245-4712-A262-BE8969CDCA18}.Debug|Any CPU.ActiveCfg = Debug|Any CPU
		{9D84AA90-1245-4712-A262-BE8969CDCA18}.Debug|Any CPU.Build.0 = Debug|Any CPU
		{9D84AA90-1245-4712-A262-BE8969CDCA18}.Release|Any CPU.ActiveCfg = Release|Any CPU
		{9D84AA90-1245-4712-A262-BE8969CDCA18}.Release|Any CPU.Build.0 = Release|Any CPU
		{7E043DE0-2739-4D06-B8EF-74CDE801E5B4}.Debug|Any CPU.ActiveCfg = Debug|Any CPU
		{7E043DE0-2739-4D06-B8EF-74CDE801E5B4}.Debug|Any CPU.Build.0 = Debug|Any CPU
		{7E043DE0-2739-4D06-B8EF-74CDE801E5B4}.Release|Any CPU.ActiveCfg = Release|Any CPU
		{7E043DE0-2739-4D06-B8EF-74CDE801E5B4}.Release|Any CPU.Build.0 = Release|Any CPU
		{5F72D135-A544-4FED-AD6C-26029F59747F}.Debug|Any CPU.ActiveCfg = Debug|Any CPU
		{5F72D135-A544-4FED-AD6C-26029F59747F}.Debug|Any CPU.Build.0 = Debug|Any CPU
		{5F72D135-A544-4FED-AD6C-26029F59747F}.Release|Any CPU.ActiveCfg = Release|Any CPU
		{5F72D135-A544-4FED-AD6C-26029F59747F}.Release|Any CPU.Build.0 = Release|Any CPU
		{7BEE7C44-BE12-43CC-AFB9-B5852A1F43C8}.Debug|Any CPU.ActiveCfg = Debug|Any CPU
		{7BEE7C44-BE12-43CC-AFB9-B5852A1F43C8}.Debug|Any CPU.Build.0 = Debug|Any CPU
		{7BEE7C44-BE12-43CC-AFB9-B5852A1F43C8}.Release|Any CPU.ActiveCfg = Release|Any CPU
		{7BEE7C44-BE12-43CC-AFB9-B5852A1F43C8}.Release|Any CPU.Build.0 = Release|Any CPU
		{002B183F-E568-49CD-9D06-CBCFF2C2921F}.Debug|Any CPU.ActiveCfg = Debug|Any CPU
		{002B183F-E568-49CD-9D06-CBCFF2C2921F}.Debug|Any CPU.Build.0 = Debug|Any CPU
		{002B183F-E568-49CD-9D06-CBCFF2C2921F}.Release|Any CPU.ActiveCfg = Release|Any CPU
		{002B183F-E568-49CD-9D06-CBCFF2C2921F}.Release|Any CPU.Build.0 = Release|Any CPU
		{7AB0DA1C-CA0E-4579-BA82-2B41A9DA15C7}.Debug|Any CPU.ActiveCfg = Debug|Any CPU
		{7AB0DA1C-CA0E-4579-BA82-2B41A9DA15C7}.Debug|Any CPU.Build.0 = Debug|Any CPU
		{7AB0DA1C-CA0E-4579-BA82-2B41A9DA15C7}.Release|Any CPU.ActiveCfg = Release|Any CPU
		{7AB0DA1C-CA0E-4579-BA82-2B41A9DA15C7}.Release|Any CPU.Build.0 = Release|Any CPU
		{66F78F86-68D7-4538-8EA5-A669A08E1C19}.Debug|Any CPU.ActiveCfg = Debug|Any CPU
		{66F78F86-68D7-4538-8EA5-A669A08E1C19}.Debug|Any CPU.Build.0 = Debug|Any CPU
		{66F78F86-68D7-4538-8EA5-A669A08E1C19}.Release|Any CPU.ActiveCfg = Release|Any CPU
		{66F78F86-68D7-4538-8EA5-A669A08E1C19}.Release|Any CPU.Build.0 = Release|Any CPU
		{87FCE8BC-9E24-4D84-B5CF-C1BA7A51423F}.Debug|Any CPU.ActiveCfg = Debug|Any CPU
		{87FCE8BC-9E24-4D84-B5CF-C1BA7A51423F}.Debug|Any CPU.Build.0 = Debug|Any CPU
		{87FCE8BC-9E24-4D84-B5CF-C1BA7A51423F}.Release|Any CPU.ActiveCfg = Release|Any CPU
		{87FCE8BC-9E24-4D84-B5CF-C1BA7A51423F}.Release|Any CPU.Build.0 = Release|Any CPU
		{B969DE99-0634-4989-A318-086AE1699974}.Debug|Any CPU.ActiveCfg = Debug|Any CPU
		{B969DE99-0634-4989-A318-086AE1699974}.Debug|Any CPU.Build.0 = Debug|Any CPU
		{B969DE99-0634-4989-A318-086AE1699974}.Release|Any CPU.ActiveCfg = Release|Any CPU
		{B969DE99-0634-4989-A318-086AE1699974}.Release|Any CPU.Build.0 = Release|Any CPU
		{8BA6D81C-2233-48AA-A053-432B8405831A}.Debug|Any CPU.ActiveCfg = Debug|Any CPU
		{8BA6D81C-2233-48AA-A053-432B8405831A}.Debug|Any CPU.Build.0 = Debug|Any CPU
		{8BA6D81C-2233-48AA-A053-432B8405831A}.Release|Any CPU.ActiveCfg = Release|Any CPU
		{8BA6D81C-2233-48AA-A053-432B8405831A}.Release|Any CPU.Build.0 = Release|Any CPU
		{63A9C3F8-E9D1-4A29-ACB3-2BB0A6E63AB9}.Debug|Any CPU.ActiveCfg = Debug|Any CPU
		{63A9C3F8-E9D1-4A29-ACB3-2BB0A6E63AB9}.Debug|Any CPU.Build.0 = Debug|Any CPU
		{63A9C3F8-E9D1-4A29-ACB3-2BB0A6E63AB9}.Release|Any CPU.ActiveCfg = Release|Any CPU
		{63A9C3F8-E9D1-4A29-ACB3-2BB0A6E63AB9}.Release|Any CPU.Build.0 = Release|Any CPU
		{C18080C3-8D79-4898-8EC5-24B9F66932DD}.Debug|Any CPU.ActiveCfg = Debug|Any CPU
		{C18080C3-8D79-4898-8EC5-24B9F66932DD}.Debug|Any CPU.Build.0 = Debug|Any CPU
		{C18080C3-8D79-4898-8EC5-24B9F66932DD}.Release|Any CPU.ActiveCfg = Release|Any CPU
		{C18080C3-8D79-4898-8EC5-24B9F66932DD}.Release|Any CPU.Build.0 = Release|Any CPU
		{8B133D60-7F51-4C68-A33B-E1E1F08C0139}.Debug|Any CPU.ActiveCfg = Debug|Any CPU
		{8B133D60-7F51-4C68-A33B-E1E1F08C0139}.Debug|Any CPU.Build.0 = Debug|Any CPU
		{8B133D60-7F51-4C68-A33B-E1E1F08C0139}.Release|Any CPU.ActiveCfg = Release|Any CPU
		{8B133D60-7F51-4C68-A33B-E1E1F08C0139}.Release|Any CPU.Build.0 = Release|Any CPU
		{CA8E6ABB-7A77-49BA-AA72-0CDF41331232}.Debug|Any CPU.ActiveCfg = Debug|Any CPU
		{CA8E6ABB-7A77-49BA-AA72-0CDF41331232}.Debug|Any CPU.Build.0 = Debug|Any CPU
		{CA8E6ABB-7A77-49BA-AA72-0CDF41331232}.Release|Any CPU.ActiveCfg = Release|Any CPU
		{CA8E6ABB-7A77-49BA-AA72-0CDF41331232}.Release|Any CPU.Build.0 = Release|Any CPU
	EndGlobalSection
	GlobalSection(SolutionProperties) = preSolution
		HideSolutionNode = FALSE
	EndGlobalSection
	GlobalSection(NestedProjects) = preSolution
		{7DE3AFA0-1B2D-41B1-82BD-120B8B210B43} = {9863FCB3-BFA4-4B9C-B8F6-302BA5F660B8}
		{A855B58E-ED32-40AE-AE8F-054F448B9F2C} = {9863FCB3-BFA4-4B9C-B8F6-302BA5F660B8}
		{AAD060AF-109B-CEFF-121E-9B1F2D405B8F} = {939EC5C2-8345-43E2-8F97-72EEEBEEA0AB}
		{61485CAD-D705-40EC-9D97-199637BE69D3} = {AAD060AF-109B-CEFF-121E-9B1F2D405B8F}
		{9D84AA90-1245-4712-A262-BE8969CDCA18} = {AAD060AF-109B-CEFF-121E-9B1F2D405B8F}
		{7E043DE0-2739-4D06-B8EF-74CDE801E5B4} = {12EC4E4B-7E2C-4B63-8EF9-7B959F82A89B}
		{5F72D135-A544-4FED-AD6C-26029F59747F} = {12EC4E4B-7E2C-4B63-8EF9-7B959F82A89B}
		{7BEE7C44-BE12-43CC-AFB9-B5852A1F43C8} = {12EC4E4B-7E2C-4B63-8EF9-7B959F82A89B}
		{002B183F-E568-49CD-9D06-CBCFF2C2921F} = {12EC4E4B-7E2C-4B63-8EF9-7B959F82A89B}
		{7AB0DA1C-CA0E-4579-BA82-2B41A9DA15C7} = {12EC4E4B-7E2C-4B63-8EF9-7B959F82A89B}
		{66F78F86-68D7-4538-8EA5-A669A08E1C19} = {12EC4E4B-7E2C-4B63-8EF9-7B959F82A89B}
		{87FCE8BC-9E24-4D84-B5CF-C1BA7A51423F} = {12EC4E4B-7E2C-4B63-8EF9-7B959F82A89B}
		{B969DE99-0634-4989-A318-086AE1699974} = {12EC4E4B-7E2C-4B63-8EF9-7B959F82A89B}
		{8BA6D81C-2233-48AA-A053-432B8405831A} = {939EC5C2-8345-43E2-8F97-72EEEBEEA0AC}
		{63A9C3F8-E9D1-4A29-ACB3-2BB0A6E63AB9} = {939EC5C2-8345-43E2-8F97-72EEEBEEA0AC}
		{C18080C3-8D79-4898-8EC5-24B9F66932DD} = {939EC5C2-8345-43E2-8F97-72EEEBEEA0AC}
		{8B133D60-7F51-4C68-A33B-E1E1F08C0139} = {939EC5C2-8345-43E2-8F97-72EEEBEEA0AC}
		{CA8E6ABB-7A77-49BA-AA72-0CDF41331232} = {939EC5C2-8345-43E2-8F97-72EEEBEEA0AC}
	EndGlobalSection
	GlobalSection(ExtensibilityGlobals) = postSolution
		SolutionGuid = {CF5AD23D-E332-4B58-B82F-3051126ADD12}
	EndGlobalSection
EndGlobal