
Microsoft Visual Studio Solution File, Format Version 12.00
# Visual Studio 15
VisualStudioVersion = 15.0.26430.16
MinimumVisualStudioVersion = 10.0.40219.1
Project("{9A19103F-16F7-4668-BE54-9A1E7A4F7556}") = "CognitoAuthentication.UnitTests.CoreCLR", "test\CognitoAuthentication.UnitTests\CognitoAuthentication.UnitTests.CoreCLR.csproj", "{3F01DEC4-AFEF-4792-A4ED-F48D91DA1E14}"
EndProject
Project("{9A19103F-16F7-4668-BE54-9A1E7A4F7556}") = "CognitoAuthentication.IntegrationTests.CoreCLR", "test\CognitoAuthentication.IntegrationTests\CognitoAuthentication.IntegrationTests.CoreCLR.csproj", "{27C260D5-440F-47D6-9FEB-4DA71CD98AD1}"
EndProject
Project("{9A19103F-16F7-4668-BE54-9A1E7A4F7556}") = "CognitoAuthentication.CoreCLR", "src\AWSSDK.Extensions.CognitoAuthentication\CognitoAuthentication.CoreCLR.csproj", "{057C6C75-54BC-44BC-AFA3-72980CE638D4}"
EndProject
Project("{FAE04EC0-301F-11D3-BF4B-00C04F79EFBC}") = "CognitoAuthentication.IntegrationTests.Xamarin.Android", "test\CognitoAuthentication.IntegrationTests.Xamarin\CognitoAuthentication.IntegrationTests.Xamarin.Android\CognitoAuthentication.IntegrationTests.Xamarin.Android.csproj", "{E416AA93-E513-4A88-AFAA-E575A51DD849}"
EndProject
Project("{FAE04EC0-301F-11D3-BF4B-00C04F79EFBC}") = "CognitoAuthentication.IntegrationTests.Xamarin.iOS", "test\CognitoAuthentication.IntegrationTests.Xamarin\CognitoAuthentication.IntegrationTests.Xamarin.iOS\CognitoAuthentication.IntegrationTests.Xamarin.iOS.csproj", "{B1E2A197-6FD4-4FD6-ABC5-7BA415CEC1A8}"
EndProject
Project("{FAE04EC0-301F-11D3-BF4B-00C04F79EFBC}") = "CognitoAuthentication.IntegrationTests.Xamarin.UWP", "test\CognitoAuthentication.IntegrationTests.Xamarin\CognitoAuthentication.IntegrationTests.Xamarin.UWP\CognitoAuthentication.IntegrationTests.Xamarin.UWP.csproj", "{2CC52750-CF3B-430D-B8F7-AC6E21C74D32}"
EndProject
Project("{9A19103F-16F7-4668-BE54-9A1E7A4F7556}") = "CognitoAuthentication.IntegrationTests.Xamarin", "test\CognitoAuthentication.IntegrationTests.Xamarin\CognitoAuthentication.IntegrationTests.Xamarin\CognitoAuthentication.IntegrationTests.Xamarin.csproj", "{AD2ADF3A-DA4A-4F27-B950-7934A3BED509}"
EndProject
Global
	GlobalSection(SolutionConfigurationPlatforms) = preSolution
		Ad-Hoc|Any CPU = Ad-Hoc|Any CPU
		Ad-Hoc|ARM = Ad-Hoc|ARM
		Ad-Hoc|iPhone = Ad-Hoc|iPhone
		Ad-Hoc|iPhoneSimulator = Ad-Hoc|iPhoneSimulator
		Ad-Hoc|x64 = Ad-Hoc|x64
		Ad-Hoc|x86 = Ad-Hoc|x86
		AppStore|Any CPU = AppStore|Any CPU
		AppStore|ARM = AppStore|ARM
		AppStore|iPhone = AppStore|iPhone
		AppStore|iPhoneSimulator = AppStore|iPhoneSimulator
		AppStore|x64 = AppStore|x64
		AppStore|x86 = AppStore|x86
		Debug|Any CPU = Debug|Any CPU
		Debug|ARM = Debug|ARM
		Debug|iPhone = Debug|iPhone
		Debug|iPhoneSimulator = Debug|iPhoneSimulator
		Debug|x64 = Debug|x64
		Debug|x86 = Debug|x86
		Release|Any CPU = Release|Any CPU
		Release|ARM = Release|ARM
		Release|iPhone = Release|iPhone
		Release|iPhoneSimulator = Release|iPhoneSimulator
		Release|x64 = Release|x64
		Release|x86 = Release|x86
	EndGlobalSection
	GlobalSection(ProjectConfigurationPlatforms) = postSolution
		{3F01DEC4-AFEF-4792-A4ED-F48D91DA1E14}.Ad-Hoc|Any CPU.ActiveCfg = Release|Any CPU
		{3F01DEC4-AFEF-4792-A4ED-F48D91DA1E14}.Ad-Hoc|Any CPU.Build.0 = Release|Any CPU
		{3F01DEC4-AFEF-4792-A4ED-F48D91DA1E14}.Ad-Hoc|ARM.ActiveCfg = Release|Any CPU
		{3F01DEC4-AFEF-4792-A4ED-F48D91DA1E14}.Ad-Hoc|ARM.Build.0 = Release|Any CPU
		{3F01DEC4-AFEF-4792-A4ED-F48D91DA1E14}.Ad-Hoc|iPhone.ActiveCfg = Release|Any CPU
		{3F01DEC4-AFEF-4792-A4ED-F48D91DA1E14}.Ad-Hoc|iPhone.Build.0 = Release|Any CPU
		{3F01DEC4-AFEF-4792-A4ED-F48D91DA1E14}.Ad-Hoc|iPhoneSimulator.ActiveCfg = Release|Any CPU
		{3F01DEC4-AFEF-4792-A4ED-F48D91DA1E14}.Ad-Hoc|iPhoneSimulator.Build.0 = Release|Any CPU
		{3F01DEC4-AFEF-4792-A4ED-F48D91DA1E14}.Ad-Hoc|x64.ActiveCfg = Release|Any CPU
		{3F01DEC4-AFEF-4792-A4ED-F48D91DA1E14}.Ad-Hoc|x64.Build.0 = Release|Any CPU
		{3F01DEC4-AFEF-4792-A4ED-F48D91DA1E14}.Ad-Hoc|x86.ActiveCfg = Release|Any CPU
		{3F01DEC4-AFEF-4792-A4ED-F48D91DA1E14}.Ad-Hoc|x86.Build.0 = Release|Any CPU
		{3F01DEC4-AFEF-4792-A4ED-F48D91DA1E14}.AppStore|Any CPU.ActiveCfg = Release|Any CPU
		{3F01DEC4-AFEF-4792-A4ED-F48D91DA1E14}.AppStore|Any CPU.Build.0 = Release|Any CPU
		{3F01DEC4-AFEF-4792-A4ED-F48D91DA1E14}.AppStore|ARM.ActiveCfg = Release|Any CPU
		{3F01DEC4-AFEF-4792-A4ED-F48D91DA1E14}.AppStore|ARM.Build.0 = Release|Any CPU
		{3F01DEC4-AFEF-4792-A4ED-F48D91DA1E14}.AppStore|iPhone.ActiveCfg = Release|Any CPU
		{3F01DEC4-AFEF-4792-A4ED-F48D91DA1E14}.AppStore|iPhone.Build.0 = Release|Any CPU
		{3F01DEC4-AFEF-4792-A4ED-F48D91DA1E14}.AppStore|iPhoneSimulator.ActiveCfg = Release|Any CPU
		{3F01DEC4-AFEF-4792-A4ED-F48D91DA1E14}.AppStore|iPhoneSimulator.Build.0 = Release|Any CPU
		{3F01DEC4-AFEF-4792-A4ED-F48D91DA1E14}.AppStore|x64.ActiveCfg = Release|Any CPU
		{3F01DEC4-AFEF-4792-A4ED-F48D91DA1E14}.AppStore|x64.Build.0 = Release|Any CPU
		{3F01DEC4-AFEF-4792-A4ED-F48D91DA1E14}.AppStore|x86.ActiveCfg = Release|Any CPU
		{3F01DEC4-AFEF-4792-A4ED-F48D91DA1E14}.AppStore|x86.Build.0 = Release|Any CPU
		{3F01DEC4-AFEF-4792-A4ED-F48D91DA1E14}.Debug|Any CPU.ActiveCfg = Debug|Any CPU
		{3F01DEC4-AFEF-4792-A4ED-F48D91DA1E14}.Debug|Any CPU.Build.0 = Debug|Any CPU
		{3F01DEC4-AFEF-4792-A4ED-F48D91DA1E14}.Debug|ARM.ActiveCfg = Debug|Any CPU
		{3F01DEC4-AFEF-4792-A4ED-F48D91DA1E14}.Debug|ARM.Build.0 = Debug|Any CPU
		{3F01DEC4-AFEF-4792-A4ED-F48D91DA1E14}.Debug|iPhone.ActiveCfg = Debug|Any CPU
		{3F01DEC4-AFEF-4792-A4ED-F48D91DA1E14}.Debug|iPhone.Build.0 = Debug|Any CPU
		{3F01DEC4-AFEF-4792-A4ED-F48D91DA1E14}.Debug|iPhoneSimulator.ActiveCfg = Debug|Any CPU
		{3F01DEC4-AFEF-4792-A4ED-F48D91DA1E14}.Debug|iPhoneSimulator.Build.0 = Debug|Any CPU
		{3F01DEC4-AFEF-4792-A4ED-F48D91DA1E14}.Debug|x64.ActiveCfg = Debug|Any CPU
		{3F01DEC4-AFEF-4792-A4ED-F48D91DA1E14}.Debug|x64.Build.0 = Debug|Any CPU
		{3F01DEC4-AFEF-4792-A4ED-F48D91DA1E14}.Debug|x86.ActiveCfg = Debug|Any CPU
		{3F01DEC4-AFEF-4792-A4ED-F48D91DA1E14}.Debug|x86.Build.0 = Debug|Any CPU
		{3F01DEC4-AFEF-4792-A4ED-F48D91DA1E14}.Release|Any CPU.ActiveCfg = Release|Any CPU
		{3F01DEC4-AFEF-4792-A4ED-F48D91DA1E14}.Release|Any CPU.Build.0 = Release|Any CPU
		{3F01DEC4-AFEF-4792-A4ED-F48D91DA1E14}.Release|ARM.ActiveCfg = Release|Any CPU
		{3F01DEC4-AFEF-4792-A4ED-F48D91DA1E14}.Release|ARM.Build.0 = Release|Any CPU
		{3F01DEC4-AFEF-4792-A4ED-F48D91DA1E14}.Release|iPhone.ActiveCfg = Release|Any CPU
		{3F01DEC4-AFEF-4792-A4ED-F48D91DA1E14}.Release|iPhone.Build.0 = Release|Any CPU
		{3F01DEC4-AFEF-4792-A4ED-F48D91DA1E14}.Release|iPhoneSimulator.ActiveCfg = Release|Any CPU
		{3F01DEC4-AFEF-4792-A4ED-F48D91DA1E14}.Release|iPhoneSimulator.Build.0 = Release|Any CPU
		{3F01DEC4-AFEF-4792-A4ED-F48D91DA1E14}.Release|x64.ActiveCfg = Release|Any CPU
		{3F01DEC4-AFEF-4792-A4ED-F48D91DA1E14}.Release|x64.Build.0 = Release|Any CPU
		{3F01DEC4-AFEF-4792-A4ED-F48D91DA1E14}.Release|x86.ActiveCfg = Release|Any CPU
		{3F01DEC4-AFEF-4792-A4ED-F48D91DA1E14}.Release|x86.Build.0 = Release|Any CPU
		{27C260D5-440F-47D6-9FEB-4DA71CD98AD1}.Ad-Hoc|Any CPU.ActiveCfg = Release|Any CPU
		{27C260D5-440F-47D6-9FEB-4DA71CD98AD1}.Ad-Hoc|Any CPU.Build.0 = Release|Any CPU
		{27C260D5-440F-47D6-9FEB-4DA71CD98AD1}.Ad-Hoc|ARM.ActiveCfg = Release|Any CPU
		{27C260D5-440F-47D6-9FEB-4DA71CD98AD1}.Ad-Hoc|ARM.Build.0 = Release|Any CPU
		{27C260D5-440F-47D6-9FEB-4DA71CD98AD1}.Ad-Hoc|iPhone.ActiveCfg = Release|Any CPU
		{27C260D5-440F-47D6-9FEB-4DA71CD98AD1}.Ad-Hoc|iPhone.Build.0 = Release|Any CPU
		{27C260D5-440F-47D6-9FEB-4DA71CD98AD1}.Ad-Hoc|iPhoneSimulator.ActiveCfg = Release|Any CPU
		{27C260D5-440F-47D6-9FEB-4DA71CD98AD1}.Ad-Hoc|iPhoneSimulator.Build.0 = Release|Any CPU
		{27C260D5-440F-47D6-9FEB-4DA71CD98AD1}.Ad-Hoc|x64.ActiveCfg = Release|Any CPU
		{27C260D5-440F-47D6-9FEB-4DA71CD98AD1}.Ad-Hoc|x64.Build.0 = Release|Any CPU
		{27C260D5-440F-47D6-9FEB-4DA71CD98AD1}.Ad-Hoc|x86.ActiveCfg = Release|Any CPU
		{27C260D5-440F-47D6-9FEB-4DA71CD98AD1}.Ad-Hoc|x86.Build.0 = Release|Any CPU
		{27C260D5-440F-47D6-9FEB-4DA71CD98AD1}.AppStore|Any CPU.ActiveCfg = Release|Any CPU
		{27C260D5-440F-47D6-9FEB-4DA71CD98AD1}.AppStore|Any CPU.Build.0 = Release|Any CPU
		{27C260D5-440F-47D6-9FEB-4DA71CD98AD1}.AppStore|ARM.ActiveCfg = Release|Any CPU
		{27C260D5-440F-47D6-9FEB-4DA71CD98AD1}.AppStore|ARM.Build.0 = Release|Any CPU
		{27C260D5-440F-47D6-9FEB-4DA71CD98AD1}.AppStore|iPhone.ActiveCfg = Release|Any CPU
		{27C260D5-440F-47D6-9FEB-4DA71CD98AD1}.AppStore|iPhone.Build.0 = Release|Any CPU
		{27C260D5-440F-47D6-9FEB-4DA71CD98AD1}.AppStore|iPhoneSimulator.ActiveCfg = Release|Any CPU
		{27C260D5-440F-47D6-9FEB-4DA71CD98AD1}.AppStore|iPhoneSimulator.Build.0 = Release|Any CPU
		{27C260D5-440F-47D6-9FEB-4DA71CD98AD1}.AppStore|x64.ActiveCfg = Release|Any CPU
		{27C260D5-440F-47D6-9FEB-4DA71CD98AD1}.AppStore|x64.Build.0 = Release|Any CPU
		{27C260D5-440F-47D6-9FEB-4DA71CD98AD1}.AppStore|x86.ActiveCfg = Release|Any CPU
		{27C260D5-440F-47D6-9FEB-4DA71CD98AD1}.AppStore|x86.Build.0 = Release|Any CPU
		{27C260D5-440F-47D6-9FEB-4DA71CD98AD1}.Debug|Any CPU.ActiveCfg = Debug|Any CPU
		{27C260D5-440F-47D6-9FEB-4DA71CD98AD1}.Debug|Any CPU.Build.0 = Debug|Any CPU
		{27C260D5-440F-47D6-9FEB-4DA71CD98AD1}.Debug|ARM.ActiveCfg = Debug|Any CPU
		{27C260D5-440F-47D6-9FEB-4DA71CD98AD1}.Debug|ARM.Build.0 = Debug|Any CPU
		{27C260D5-440F-47D6-9FEB-4DA71CD98AD1}.Debug|iPhone.ActiveCfg = Debug|Any CPU
		{27C260D5-440F-47D6-9FEB-4DA71CD98AD1}.Debug|iPhone.Build.0 = Debug|Any CPU
		{27C260D5-440F-47D6-9FEB-4DA71CD98AD1}.Debug|iPhoneSimulator.ActiveCfg = Debug|Any CPU
		{27C260D5-440F-47D6-9FEB-4DA71CD98AD1}.Debug|iPhoneSimulator.Build.0 = Debug|Any CPU
		{27C260D5-440F-47D6-9FEB-4DA71CD98AD1}.Debug|x64.ActiveCfg = Debug|Any CPU
		{27C260D5-440F-47D6-9FEB-4DA71CD98AD1}.Debug|x64.Build.0 = Debug|Any CPU
		{27C260D5-440F-47D6-9FEB-4DA71CD98AD1}.Debug|x86.ActiveCfg = Debug|Any CPU
		{27C260D5-440F-47D6-9FEB-4DA71CD98AD1}.Debug|x86.Build.0 = Debug|Any CPU
		{27C260D5-440F-47D6-9FEB-4DA71CD98AD1}.Release|Any CPU.ActiveCfg = Release|Any CPU
		{27C260D5-440F-47D6-9FEB-4DA71CD98AD1}.Release|Any CPU.Build.0 = Release|Any CPU
		{27C260D5-440F-47D6-9FEB-4DA71CD98AD1}.Release|ARM.ActiveCfg = Release|Any CPU
		{27C260D5-440F-47D6-9FEB-4DA71CD98AD1}.Release|ARM.Build.0 = Release|Any CPU
		{27C260D5-440F-47D6-9FEB-4DA71CD98AD1}.Release|iPhone.ActiveCfg = Release|Any CPU
		{27C260D5-440F-47D6-9FEB-4DA71CD98AD1}.Release|iPhone.Build.0 = Release|Any CPU
		{27C260D5-440F-47D6-9FEB-4DA71CD98AD1}.Release|iPhoneSimulator.ActiveCfg = Release|Any CPU
		{27C260D5-440F-47D6-9FEB-4DA71CD98AD1}.Release|iPhoneSimulator.Build.0 = Release|Any CPU
		{27C260D5-440F-47D6-9FEB-4DA71CD98AD1}.Release|x64.ActiveCfg = Release|Any CPU
		{27C260D5-440F-47D6-9FEB-4DA71CD98AD1}.Release|x64.Build.0 = Release|Any CPU
		{27C260D5-440F-47D6-9FEB-4DA71CD98AD1}.Release|x86.ActiveCfg = Release|Any CPU
		{27C260D5-440F-47D6-9FEB-4DA71CD98AD1}.Release|x86.Build.0 = Release|Any CPU
		{057C6C75-54BC-44BC-AFA3-72980CE638D4}.Ad-Hoc|Any CPU.ActiveCfg = Release|Any CPU
		{057C6C75-54BC-44BC-AFA3-72980CE638D4}.Ad-Hoc|Any CPU.Build.0 = Release|Any CPU
		{057C6C75-54BC-44BC-AFA3-72980CE638D4}.Ad-Hoc|ARM.ActiveCfg = Release|Any CPU
		{057C6C75-54BC-44BC-AFA3-72980CE638D4}.Ad-Hoc|ARM.Build.0 = Release|Any CPU
		{057C6C75-54BC-44BC-AFA3-72980CE638D4}.Ad-Hoc|iPhone.ActiveCfg = Release|Any CPU
		{057C6C75-54BC-44BC-AFA3-72980CE638D4}.Ad-Hoc|iPhone.Build.0 = Release|Any CPU
		{057C6C75-54BC-44BC-AFA3-72980CE638D4}.Ad-Hoc|iPhoneSimulator.ActiveCfg = Release|Any CPU
		{057C6C75-54BC-44BC-AFA3-72980CE638D4}.Ad-Hoc|iPhoneSimulator.Build.0 = Release|Any CPU
		{057C6C75-54BC-44BC-AFA3-72980CE638D4}.Ad-Hoc|x64.ActiveCfg = Release|Any CPU
		{057C6C75-54BC-44BC-AFA3-72980CE638D4}.Ad-Hoc|x64.Build.0 = Release|Any CPU
		{057C6C75-54BC-44BC-AFA3-72980CE638D4}.Ad-Hoc|x86.ActiveCfg = Release|Any CPU
		{057C6C75-54BC-44BC-AFA3-72980CE638D4}.Ad-Hoc|x86.Build.0 = Release|Any CPU
		{057C6C75-54BC-44BC-AFA3-72980CE638D4}.AppStore|Any CPU.ActiveCfg = Release|Any CPU
		{057C6C75-54BC-44BC-AFA3-72980CE638D4}.AppStore|Any CPU.Build.0 = Release|Any CPU
		{057C6C75-54BC-44BC-AFA3-72980CE638D4}.AppStore|ARM.ActiveCfg = Release|Any CPU
		{057C6C75-54BC-44BC-AFA3-72980CE638D4}.AppStore|ARM.Build.0 = Release|Any CPU
		{057C6C75-54BC-44BC-AFA3-72980CE638D4}.AppStore|iPhone.ActiveCfg = Release|Any CPU
		{057C6C75-54BC-44BC-AFA3-72980CE638D4}.AppStore|iPhone.Build.0 = Release|Any CPU
		{057C6C75-54BC-44BC-AFA3-72980CE638D4}.AppStore|iPhoneSimulator.ActiveCfg = Release|Any CPU
		{057C6C75-54BC-44BC-AFA3-72980CE638D4}.AppStore|iPhoneSimulator.Build.0 = Release|Any CPU
		{057C6C75-54BC-44BC-AFA3-72980CE638D4}.AppStore|x64.ActiveCfg = Release|Any CPU
		{057C6C75-54BC-44BC-AFA3-72980CE638D4}.AppStore|x64.Build.0 = Release|Any CPU
		{057C6C75-54BC-44BC-AFA3-72980CE638D4}.AppStore|x86.ActiveCfg = Release|Any CPU
		{057C6C75-54BC-44BC-AFA3-72980CE638D4}.AppStore|x86.Build.0 = Release|Any CPU
		{057C6C75-54BC-44BC-AFA3-72980CE638D4}.Debug|Any CPU.ActiveCfg = Debug|Any CPU
		{057C6C75-54BC-44BC-AFA3-72980CE638D4}.Debug|Any CPU.Build.0 = Debug|Any CPU
		{057C6C75-54BC-44BC-AFA3-72980CE638D4}.Debug|ARM.ActiveCfg = Debug|Any CPU
		{057C6C75-54BC-44BC-AFA3-72980CE638D4}.Debug|ARM.Build.0 = Debug|Any CPU
		{057C6C75-54BC-44BC-AFA3-72980CE638D4}.Debug|iPhone.ActiveCfg = Debug|Any CPU
		{057C6C75-54BC-44BC-AFA3-72980CE638D4}.Debug|iPhone.Build.0 = Debug|Any CPU
		{057C6C75-54BC-44BC-AFA3-72980CE638D4}.Debug|iPhoneSimulator.ActiveCfg = Debug|Any CPU
		{057C6C75-54BC-44BC-AFA3-72980CE638D4}.Debug|iPhoneSimulator.Build.0 = Debug|Any CPU
		{057C6C75-54BC-44BC-AFA3-72980CE638D4}.Debug|x64.ActiveCfg = Debug|Any CPU
		{057C6C75-54BC-44BC-AFA3-72980CE638D4}.Debug|x64.Build.0 = Debug|Any CPU
		{057C6C75-54BC-44BC-AFA3-72980CE638D4}.Debug|x86.ActiveCfg = Debug|Any CPU
		{057C6C75-54BC-44BC-AFA3-72980CE638D4}.Debug|x86.Build.0 = Debug|Any CPU
		{057C6C75-54BC-44BC-AFA3-72980CE638D4}.Release|Any CPU.ActiveCfg = Release|Any CPU
		{057C6C75-54BC-44BC-AFA3-72980CE638D4}.Release|Any CPU.Build.0 = Release|Any CPU
		{057C6C75-54BC-44BC-AFA3-72980CE638D4}.Release|ARM.ActiveCfg = Release|Any CPU
		{057C6C75-54BC-44BC-AFA3-72980CE638D4}.Release|ARM.Build.0 = Release|Any CPU
		{057C6C75-54BC-44BC-AFA3-72980CE638D4}.Release|iPhone.ActiveCfg = Release|Any CPU
		{057C6C75-54BC-44BC-AFA3-72980CE638D4}.Release|iPhone.Build.0 = Release|Any CPU
		{057C6C75-54BC-44BC-AFA3-72980CE638D4}.Release|iPhoneSimulator.ActiveCfg = Release|Any CPU
		{057C6C75-54BC-44BC-AFA3-72980CE638D4}.Release|iPhoneSimulator.Build.0 = Release|Any CPU
		{057C6C75-54BC-44BC-AFA3-72980CE638D4}.Release|x64.ActiveCfg = Release|Any CPU
		{057C6C75-54BC-44BC-AFA3-72980CE638D4}.Release|x64.Build.0 = Release|Any CPU
		{057C6C75-54BC-44BC-AFA3-72980CE638D4}.Release|x86.ActiveCfg = Release|Any CPU
		{057C6C75-54BC-44BC-AFA3-72980CE638D4}.Release|x86.Build.0 = Release|Any CPU
		{E416AA93-E513-4A88-AFAA-E575A51DD849}.Ad-Hoc|Any CPU.ActiveCfg = Release|Any CPU
		{E416AA93-E513-4A88-AFAA-E575A51DD849}.Ad-Hoc|Any CPU.Build.0 = Release|Any CPU
		{E416AA93-E513-4A88-AFAA-E575A51DD849}.Ad-Hoc|Any CPU.Deploy.0 = Release|Any CPU
		{E416AA93-E513-4A88-AFAA-E575A51DD849}.Ad-Hoc|ARM.ActiveCfg = Release|Any CPU
		{E416AA93-E513-4A88-AFAA-E575A51DD849}.Ad-Hoc|ARM.Build.0 = Release|Any CPU
		{E416AA93-E513-4A88-AFAA-E575A51DD849}.Ad-Hoc|ARM.Deploy.0 = Release|Any CPU
		{E416AA93-E513-4A88-AFAA-E575A51DD849}.Ad-Hoc|iPhone.ActiveCfg = Release|Any CPU
		{E416AA93-E513-4A88-AFAA-E575A51DD849}.Ad-Hoc|iPhone.Build.0 = Release|Any CPU
		{E416AA93-E513-4A88-AFAA-E575A51DD849}.Ad-Hoc|iPhone.Deploy.0 = Release|Any CPU
		{E416AA93-E513-4A88-AFAA-E575A51DD849}.Ad-Hoc|iPhoneSimulator.ActiveCfg = Release|Any CPU
		{E416AA93-E513-4A88-AFAA-E575A51DD849}.Ad-Hoc|iPhoneSimulator.Build.0 = Release|Any CPU
		{E416AA93-E513-4A88-AFAA-E575A51DD849}.Ad-Hoc|iPhoneSimulator.Deploy.0 = Release|Any CPU
		{E416AA93-E513-4A88-AFAA-E575A51DD849}.Ad-Hoc|x64.ActiveCfg = Release|Any CPU
		{E416AA93-E513-4A88-AFAA-E575A51DD849}.Ad-Hoc|x64.Build.0 = Release|Any CPU
		{E416AA93-E513-4A88-AFAA-E575A51DD849}.Ad-Hoc|x64.Deploy.0 = Release|Any CPU
		{E416AA93-E513-4A88-AFAA-E575A51DD849}.Ad-Hoc|x86.ActiveCfg = Release|Any CPU
		{E416AA93-E513-4A88-AFAA-E575A51DD849}.Ad-Hoc|x86.Build.0 = Release|Any CPU
		{E416AA93-E513-4A88-AFAA-E575A51DD849}.Ad-Hoc|x86.Deploy.0 = Release|Any CPU
		{E416AA93-E513-4A88-AFAA-E575A51DD849}.AppStore|Any CPU.ActiveCfg = Release|Any CPU
		{E416AA93-E513-4A88-AFAA-E575A51DD849}.AppStore|Any CPU.Build.0 = Release|Any CPU
		{E416AA93-E513-4A88-AFAA-E575A51DD849}.AppStore|Any CPU.Deploy.0 = Release|Any CPU
		{E416AA93-E513-4A88-AFAA-E575A51DD849}.AppStore|ARM.ActiveCfg = Release|Any CPU
		{E416AA93-E513-4A88-AFAA-E575A51DD849}.AppStore|ARM.Build.0 = Release|Any CPU
		{E416AA93-E513-4A88-AFAA-E575A51DD849}.AppStore|ARM.Deploy.0 = Release|Any CPU
		{E416AA93-E513-4A88-AFAA-E575A51DD849}.AppStore|iPhone.ActiveCfg = Release|Any CPU
		{E416AA93-E513-4A88-AFAA-E575A51DD849}.AppStore|iPhone.Build.0 = Release|Any CPU
		{E416AA93-E513-4A88-AFAA-E575A51DD849}.AppStore|iPhone.Deploy.0 = Release|Any CPU
		{E416AA93-E513-4A88-AFAA-E575A51DD849}.AppStore|iPhoneSimulator.ActiveCfg = Release|Any CPU
		{E416AA93-E513-4A88-AFAA-E575A51DD849}.AppStore|iPhoneSimulator.Build.0 = Release|Any CPU
		{E416AA93-E513-4A88-AFAA-E575A51DD849}.AppStore|iPhoneSimulator.Deploy.0 = Release|Any CPU
		{E416AA93-E513-4A88-AFAA-E575A51DD849}.AppStore|x64.ActiveCfg = Release|Any CPU
		{E416AA93-E513-4A88-AFAA-E575A51DD849}.AppStore|x64.Build.0 = Release|Any CPU
		{E416AA93-E513-4A88-AFAA-E575A51DD849}.AppStore|x64.Deploy.0 = Release|Any CPU
		{E416AA93-E513-4A88-AFAA-E575A51DD849}.AppStore|x86.ActiveCfg = Release|Any CPU
		{E416AA93-E513-4A88-AFAA-E575A51DD849}.AppStore|x86.Build.0 = Release|Any CPU
		{E416AA93-E513-4A88-AFAA-E575A51DD849}.AppStore|x86.Deploy.0 = Release|Any CPU
		{E416AA93-E513-4A88-AFAA-E575A51DD849}.Debug|Any CPU.ActiveCfg = Debug|Any CPU
		{E416AA93-E513-4A88-AFAA-E575A51DD849}.Debug|Any CPU.Build.0 = Debug|Any CPU
		{E416AA93-E513-4A88-AFAA-E575A51DD849}.Debug|Any CPU.Deploy.0 = Debug|Any CPU
		{E416AA93-E513-4A88-AFAA-E575A51DD849}.Debug|ARM.ActiveCfg = Debug|Any CPU
		{E416AA93-E513-4A88-AFAA-E575A51DD849}.Debug|ARM.Build.0 = Debug|Any CPU
		{E416AA93-E513-4A88-AFAA-E575A51DD849}.Debug|ARM.Deploy.0 = Debug|Any CPU
		{E416AA93-E513-4A88-AFAA-E575A51DD849}.Debug|iPhone.ActiveCfg = Debug|Any CPU
		{E416AA93-E513-4A88-AFAA-E575A51DD849}.Debug|iPhone.Build.0 = Debug|Any CPU
		{E416AA93-E513-4A88-AFAA-E575A51DD849}.Debug|iPhone.Deploy.0 = Debug|Any CPU
		{E416AA93-E513-4A88-AFAA-E575A51DD849}.Debug|iPhoneSimulator.ActiveCfg = Debug|Any CPU
		{E416AA93-E513-4A88-AFAA-E575A51DD849}.Debug|iPhoneSimulator.Build.0 = Debug|Any CPU
		{E416AA93-E513-4A88-AFAA-E575A51DD849}.Debug|iPhoneSimulator.Deploy.0 = Debug|Any CPU
		{E416AA93-E513-4A88-AFAA-E575A51DD849}.Debug|x64.ActiveCfg = Debug|Any CPU
		{E416AA93-E513-4A88-AFAA-E575A51DD849}.Debug|x64.Build.0 = Debug|Any CPU
		{E416AA93-E513-4A88-AFAA-E575A51DD849}.Debug|x64.Deploy.0 = Debug|Any CPU
		{E416AA93-E513-4A88-AFAA-E575A51DD849}.Debug|x86.ActiveCfg = Debug|Any CPU
		{E416AA93-E513-4A88-AFAA-E575A51DD849}.Debug|x86.Build.0 = Debug|Any CPU
		{E416AA93-E513-4A88-AFAA-E575A51DD849}.Debug|x86.Deploy.0 = Debug|Any CPU
		{E416AA93-E513-4A88-AFAA-E575A51DD849}.Release|Any CPU.ActiveCfg = Release|Any CPU
		{E416AA93-E513-4A88-AFAA-E575A51DD849}.Release|Any CPU.Build.0 = Release|Any CPU
		{E416AA93-E513-4A88-AFAA-E575A51DD849}.Release|Any CPU.Deploy.0 = Release|Any CPU
		{E416AA93-E513-4A88-AFAA-E575A51DD849}.Release|ARM.ActiveCfg = Release|Any CPU
		{E416AA93-E513-4A88-AFAA-E575A51DD849}.Release|ARM.Build.0 = Release|Any CPU
		{E416AA93-E513-4A88-AFAA-E575A51DD849}.Release|ARM.Deploy.0 = Release|Any CPU
		{E416AA93-E513-4A88-AFAA-E575A51DD849}.Release|iPhone.ActiveCfg = Release|Any CPU
		{E416AA93-E513-4A88-AFAA-E575A51DD849}.Release|iPhone.Build.0 = Release|Any CPU
		{E416AA93-E513-4A88-AFAA-E575A51DD849}.Release|iPhone.Deploy.0 = Release|Any CPU
		{E416AA93-E513-4A88-AFAA-E575A51DD849}.Release|iPhoneSimulator.ActiveCfg = Release|Any CPU
		{E416AA93-E513-4A88-AFAA-E575A51DD849}.Release|iPhoneSimulator.Build.0 = Release|Any CPU
		{E416AA93-E513-4A88-AFAA-E575A51DD849}.Release|iPhoneSimulator.Deploy.0 = Release|Any CPU
		{E416AA93-E513-4A88-AFAA-E575A51DD849}.Release|x64.ActiveCfg = Release|Any CPU
		{E416AA93-E513-4A88-AFAA-E575A51DD849}.Release|x64.Build.0 = Release|Any CPU
		{E416AA93-E513-4A88-AFAA-E575A51DD849}.Release|x64.Deploy.0 = Release|Any CPU
		{E416AA93-E513-4A88-AFAA-E575A51DD849}.Release|x86.ActiveCfg = Release|Any CPU
		{E416AA93-E513-4A88-AFAA-E575A51DD849}.Release|x86.Build.0 = Release|Any CPU
		{E416AA93-E513-4A88-AFAA-E575A51DD849}.Release|x86.Deploy.0 = Release|Any CPU
		{B1E2A197-6FD4-4FD6-ABC5-7BA415CEC1A8}.Ad-Hoc|Any CPU.ActiveCfg = Ad-Hoc|iPhone
		{B1E2A197-6FD4-4FD6-ABC5-7BA415CEC1A8}.Ad-Hoc|ARM.ActiveCfg = Ad-Hoc|iPhone
		{B1E2A197-6FD4-4FD6-ABC5-7BA415CEC1A8}.Ad-Hoc|iPhone.ActiveCfg = Ad-Hoc|iPhone
		{B1E2A197-6FD4-4FD6-ABC5-7BA415CEC1A8}.Ad-Hoc|iPhone.Build.0 = Ad-Hoc|iPhone
		{B1E2A197-6FD4-4FD6-ABC5-7BA415CEC1A8}.Ad-Hoc|iPhoneSimulator.ActiveCfg = Ad-Hoc|iPhoneSimulator
		{B1E2A197-6FD4-4FD6-ABC5-7BA415CEC1A8}.Ad-Hoc|iPhoneSimulator.Build.0 = Ad-Hoc|iPhoneSimulator
		{B1E2A197-6FD4-4FD6-ABC5-7BA415CEC1A8}.Ad-Hoc|x64.ActiveCfg = Ad-Hoc|iPhone
		{B1E2A197-6FD4-4FD6-ABC5-7BA415CEC1A8}.Ad-Hoc|x86.ActiveCfg = Ad-Hoc|iPhone
		{B1E2A197-6FD4-4FD6-ABC5-7BA415CEC1A8}.AppStore|Any CPU.ActiveCfg = AppStore|iPhone
		{B1E2A197-6FD4-4FD6-ABC5-7BA415CEC1A8}.AppStore|ARM.ActiveCfg = AppStore|iPhone
		{B1E2A197-6FD4-4FD6-ABC5-7BA415CEC1A8}.AppStore|iPhone.ActiveCfg = AppStore|iPhone
		{B1E2A197-6FD4-4FD6-ABC5-7BA415CEC1A8}.AppStore|iPhone.Build.0 = AppStore|iPhone
		{B1E2A197-6FD4-4FD6-ABC5-7BA415CEC1A8}.AppStore|iPhoneSimulator.ActiveCfg = AppStore|iPhoneSimulator
		{B1E2A197-6FD4-4FD6-ABC5-7BA415CEC1A8}.AppStore|iPhoneSimulator.Build.0 = AppStore|iPhoneSimulator
		{B1E2A197-6FD4-4FD6-ABC5-7BA415CEC1A8}.AppStore|x64.ActiveCfg = AppStore|iPhone
		{B1E2A197-6FD4-4FD6-ABC5-7BA415CEC1A8}.AppStore|x86.ActiveCfg = AppStore|iPhone
		{B1E2A197-6FD4-4FD6-ABC5-7BA415CEC1A8}.Debug|Any CPU.ActiveCfg = Debug|iPhone
		{B1E2A197-6FD4-4FD6-ABC5-7BA415CEC1A8}.Debug|ARM.ActiveCfg = Debug|iPhone
		{B1E2A197-6FD4-4FD6-ABC5-7BA415CEC1A8}.Debug|iPhone.ActiveCfg = Debug|iPhoneSimulator
		{B1E2A197-6FD4-4FD6-ABC5-7BA415CEC1A8}.Debug|iPhone.Build.0 = Debug|iPhoneSimulator
		{B1E2A197-6FD4-4FD6-ABC5-7BA415CEC1A8}.Debug|iPhoneSimulator.ActiveCfg = Debug|iPhoneSimulator
		{B1E2A197-6FD4-4FD6-ABC5-7BA415CEC1A8}.Debug|iPhoneSimulator.Build.0 = Debug|iPhoneSimulator
		{B1E2A197-6FD4-4FD6-ABC5-7BA415CEC1A8}.Debug|x64.ActiveCfg = Debug|iPhone
		{B1E2A197-6FD4-4FD6-ABC5-7BA415CEC1A8}.Debug|x86.ActiveCfg = Debug|iPhone
		{B1E2A197-6FD4-4FD6-ABC5-7BA415CEC1A8}.Release|Any CPU.ActiveCfg = Release|iPhone
		{B1E2A197-6FD4-4FD6-ABC5-7BA415CEC1A8}.Release|ARM.ActiveCfg = Release|iPhone
		{B1E2A197-6FD4-4FD6-ABC5-7BA415CEC1A8}.Release|iPhone.ActiveCfg = Release|iPhone
		{B1E2A197-6FD4-4FD6-ABC5-7BA415CEC1A8}.Release|iPhone.Build.0 = Release|iPhone
		{B1E2A197-6FD4-4FD6-ABC5-7BA415CEC1A8}.Release|iPhoneSimulator.ActiveCfg = Release|iPhoneSimulator
		{B1E2A197-6FD4-4FD6-ABC5-7BA415CEC1A8}.Release|iPhoneSimulator.Build.0 = Release|iPhoneSimulator
		{B1E2A197-6FD4-4FD6-ABC5-7BA415CEC1A8}.Release|x64.ActiveCfg = Release|iPhone
		{B1E2A197-6FD4-4FD6-ABC5-7BA415CEC1A8}.Release|x86.ActiveCfg = Release|iPhone
		{2CC52750-CF3B-430D-B8F7-AC6E21C74D32}.Ad-Hoc|Any CPU.ActiveCfg = Release|x86
		{2CC52750-CF3B-430D-B8F7-AC6E21C74D32}.Ad-Hoc|Any CPU.Build.0 = Release|x86
		{2CC52750-CF3B-430D-B8F7-AC6E21C74D32}.Ad-Hoc|Any CPU.Deploy.0 = Release|x86
		{2CC52750-CF3B-430D-B8F7-AC6E21C74D32}.Ad-Hoc|ARM.ActiveCfg = Release|ARM
		{2CC52750-CF3B-430D-B8F7-AC6E21C74D32}.Ad-Hoc|ARM.Build.0 = Release|ARM
		{2CC52750-CF3B-430D-B8F7-AC6E21C74D32}.Ad-Hoc|ARM.Deploy.0 = Release|ARM
		{2CC52750-CF3B-430D-B8F7-AC6E21C74D32}.Ad-Hoc|iPhone.ActiveCfg = Release|x86
		{2CC52750-CF3B-430D-B8F7-AC6E21C74D32}.Ad-Hoc|iPhone.Build.0 = Release|x86
		{2CC52750-CF3B-430D-B8F7-AC6E21C74D32}.Ad-Hoc|iPhone.Deploy.0 = Release|x86
		{2CC52750-CF3B-430D-B8F7-AC6E21C74D32}.Ad-Hoc|iPhoneSimulator.ActiveCfg = Release|x86
		{2CC52750-CF3B-430D-B8F7-AC6E21C74D32}.Ad-Hoc|iPhoneSimulator.Build.0 = Release|x86
		{2CC52750-CF3B-430D-B8F7-AC6E21C74D32}.Ad-Hoc|iPhoneSimulator.Deploy.0 = Release|x86
		{2CC52750-CF3B-430D-B8F7-AC6E21C74D32}.Ad-Hoc|x64.ActiveCfg = Release|x64
		{2CC52750-CF3B-430D-B8F7-AC6E21C74D32}.Ad-Hoc|x64.Build.0 = Release|x64
		{2CC52750-CF3B-430D-B8F7-AC6E21C74D32}.Ad-Hoc|x64.Deploy.0 = Release|x64
		{2CC52750-CF3B-430D-B8F7-AC6E21C74D32}.Ad-Hoc|x86.ActiveCfg = Release|x86
		{2CC52750-CF3B-430D-B8F7-AC6E21C74D32}.Ad-Hoc|x86.Build.0 = Release|x86
		{2CC52750-CF3B-430D-B8F7-AC6E21C74D32}.Ad-Hoc|x86.Deploy.0 = Release|x86
		{2CC52750-CF3B-430D-B8F7-AC6E21C74D32}.AppStore|Any CPU.ActiveCfg = Release|x86
		{2CC52750-CF3B-430D-B8F7-AC6E21C74D32}.AppStore|Any CPU.Build.0 = Release|x86
		{2CC52750-CF3B-430D-B8F7-AC6E21C74D32}.AppStore|Any CPU.Deploy.0 = Release|x86
		{2CC52750-CF3B-430D-B8F7-AC6E21C74D32}.AppStore|ARM.ActiveCfg = Release|ARM
		{2CC52750-CF3B-430D-B8F7-AC6E21C74D32}.AppStore|ARM.Build.0 = Release|ARM
		{2CC52750-CF3B-430D-B8F7-AC6E21C74D32}.AppStore|ARM.Deploy.0 = Release|ARM
		{2CC52750-CF3B-430D-B8F7-AC6E21C74D32}.AppStore|iPhone.ActiveCfg = Release|x86
		{2CC52750-CF3B-430D-B8F7-AC6E21C74D32}.AppStore|iPhone.Build.0 = Release|x86
		{2CC52750-CF3B-430D-B8F7-AC6E21C74D32}.AppStore|iPhone.Deploy.0 = Release|x86
		{2CC52750-CF3B-430D-B8F7-AC6E21C74D32}.AppStore|iPhoneSimulator.ActiveCfg = Release|x86
		{2CC52750-CF3B-430D-B8F7-AC6E21C74D32}.AppStore|iPhoneSimulator.Build.0 = Release|x86
		{2CC52750-CF3B-430D-B8F7-AC6E21C74D32}.AppStore|iPhoneSimulator.Deploy.0 = Release|x86
		{2CC52750-CF3B-430D-B8F7-AC6E21C74D32}.AppStore|x64.ActiveCfg = Release|x64
		{2CC52750-CF3B-430D-B8F7-AC6E21C74D32}.AppStore|x64.Build.0 = Release|x64
		{2CC52750-CF3B-430D-B8F7-AC6E21C74D32}.AppStore|x64.Deploy.0 = Release|x64
		{2CC52750-CF3B-430D-B8F7-AC6E21C74D32}.AppStore|x86.ActiveCfg = Release|x86
		{2CC52750-CF3B-430D-B8F7-AC6E21C74D32}.AppStore|x86.Build.0 = Release|x86
		{2CC52750-CF3B-430D-B8F7-AC6E21C74D32}.AppStore|x86.Deploy.0 = Release|x86
		{2CC52750-CF3B-430D-B8F7-AC6E21C74D32}.Debug|Any CPU.ActiveCfg = Debug|x86
		{2CC52750-CF3B-430D-B8F7-AC6E21C74D32}.Debug|ARM.ActiveCfg = Debug|ARM
		{2CC52750-CF3B-430D-B8F7-AC6E21C74D32}.Debug|ARM.Build.0 = Debug|ARM
		{2CC52750-CF3B-430D-B8F7-AC6E21C74D32}.Debug|ARM.Deploy.0 = Debug|ARM
		{2CC52750-CF3B-430D-B8F7-AC6E21C74D32}.Debug|iPhone.ActiveCfg = Debug|x86
		{2CC52750-CF3B-430D-B8F7-AC6E21C74D32}.Debug|iPhoneSimulator.ActiveCfg = Debug|x86
		{2CC52750-CF3B-430D-B8F7-AC6E21C74D32}.Debug|x64.ActiveCfg = Debug|x64
		{2CC52750-CF3B-430D-B8F7-AC6E21C74D32}.Debug|x64.Build.0 = Debug|x64
		{2CC52750-CF3B-430D-B8F7-AC6E21C74D32}.Debug|x64.Deploy.0 = Debug|x64
		{2CC52750-CF3B-430D-B8F7-AC6E21C74D32}.Debug|x86.ActiveCfg = Debug|x86
		{2CC52750-CF3B-430D-B8F7-AC6E21C74D32}.Debug|x86.Build.0 = Debug|x86
		{2CC52750-CF3B-430D-B8F7-AC6E21C74D32}.Debug|x86.Deploy.0 = Debug|x86
		{2CC52750-CF3B-430D-B8F7-AC6E21C74D32}.Release|Any CPU.ActiveCfg = Release|x86
		{2CC52750-CF3B-430D-B8F7-AC6E21C74D32}.Release|ARM.ActiveCfg = Release|ARM
		{2CC52750-CF3B-430D-B8F7-AC6E21C74D32}.Release|ARM.Build.0 = Release|ARM
		{2CC52750-CF3B-430D-B8F7-AC6E21C74D32}.Release|ARM.Deploy.0 = Release|ARM
		{2CC52750-CF3B-430D-B8F7-AC6E21C74D32}.Release|iPhone.ActiveCfg = Release|x86
		{2CC52750-CF3B-430D-B8F7-AC6E21C74D32}.Release|iPhoneSimulator.ActiveCfg = Release|x86
		{2CC52750-CF3B-430D-B8F7-AC6E21C74D32}.Release|x64.ActiveCfg = Release|x64
		{2CC52750-CF3B-430D-B8F7-AC6E21C74D32}.Release|x64.Build.0 = Release|x64
		{2CC52750-CF3B-430D-B8F7-AC6E21C74D32}.Release|x64.Deploy.0 = Release|x64
		{2CC52750-CF3B-430D-B8F7-AC6E21C74D32}.Release|x86.ActiveCfg = Release|x86
		{2CC52750-CF3B-430D-B8F7-AC6E21C74D32}.Release|x86.Build.0 = Release|x86
		{2CC52750-CF3B-430D-B8F7-AC6E21C74D32}.Release|x86.Deploy.0 = Release|x86
		{AD2ADF3A-DA4A-4F27-B950-7934A3BED509}.Ad-Hoc|Any CPU.ActiveCfg = Debug|Any CPU
		{AD2ADF3A-DA4A-4F27-B950-7934A3BED509}.Ad-Hoc|Any CPU.Build.0 = Debug|Any CPU
		{AD2ADF3A-DA4A-4F27-B950-7934A3BED509}.Ad-Hoc|ARM.ActiveCfg = Debug|Any CPU
		{AD2ADF3A-DA4A-4F27-B950-7934A3BED509}.Ad-Hoc|ARM.Build.0 = Debug|Any CPU
		{AD2ADF3A-DA4A-4F27-B950-7934A3BED509}.Ad-Hoc|iPhone.ActiveCfg = Debug|Any CPU
		{AD2ADF3A-DA4A-4F27-B950-7934A3BED509}.Ad-Hoc|iPhone.Build.0 = Debug|Any CPU
		{AD2ADF3A-DA4A-4F27-B950-7934A3BED509}.Ad-Hoc|iPhoneSimulator.ActiveCfg = Debug|Any CPU
		{AD2ADF3A-DA4A-4F27-B950-7934A3BED509}.Ad-Hoc|iPhoneSimulator.Build.0 = Debug|Any CPU
		{AD2ADF3A-DA4A-4F27-B950-7934A3BED509}.Ad-Hoc|x64.ActiveCfg = Debug|Any CPU
		{AD2ADF3A-DA4A-4F27-B950-7934A3BED509}.Ad-Hoc|x64.Build.0 = Debug|Any CPU
		{AD2ADF3A-DA4A-4F27-B950-7934A3BED509}.Ad-Hoc|x86.ActiveCfg = Debug|Any CPU
		{AD2ADF3A-DA4A-4F27-B950-7934A3BED509}.Ad-Hoc|x86.Build.0 = Debug|Any CPU
		{AD2ADF3A-DA4A-4F27-B950-7934A3BED509}.AppStore|Any CPU.ActiveCfg = Debug|Any CPU
		{AD2ADF3A-DA4A-4F27-B950-7934A3BED509}.AppStore|Any CPU.Build.0 = Debug|Any CPU
		{AD2ADF3A-DA4A-4F27-B950-7934A3BED509}.AppStore|ARM.ActiveCfg = Debug|Any CPU
		{AD2ADF3A-DA4A-4F27-B950-7934A3BED509}.AppStore|ARM.Build.0 = Debug|Any CPU
		{AD2ADF3A-DA4A-4F27-B950-7934A3BED509}.AppStore|iPhone.ActiveCfg = Debug|Any CPU
		{AD2ADF3A-DA4A-4F27-B950-7934A3BED509}.AppStore|iPhone.Build.0 = Debug|Any CPU
		{AD2ADF3A-DA4A-4F27-B950-7934A3BED509}.AppStore|iPhoneSimulator.ActiveCfg = Debug|Any CPU
		{AD2ADF3A-DA4A-4F27-B950-7934A3BED509}.AppStore|iPhoneSimulator.Build.0 = Debug|Any CPU
		{AD2ADF3A-DA4A-4F27-B950-7934A3BED509}.AppStore|x64.ActiveCfg = Debug|Any CPU
		{AD2ADF3A-DA4A-4F27-B950-7934A3BED509}.AppStore|x64.Build.0 = Debug|Any CPU
		{AD2ADF3A-DA4A-4F27-B950-7934A3BED509}.AppStore|x86.ActiveCfg = Debug|Any CPU
		{AD2ADF3A-DA4A-4F27-B950-7934A3BED509}.AppStore|x86.Build.0 = Debug|Any CPU
		{AD2ADF3A-DA4A-4F27-B950-7934A3BED509}.Debug|Any CPU.ActiveCfg = Debug|Any CPU
		{AD2ADF3A-DA4A-4F27-B950-7934A3BED509}.Debug|Any CPU.Build.0 = Debug|Any CPU
		{AD2ADF3A-DA4A-4F27-B950-7934A3BED509}.Debug|ARM.ActiveCfg = Debug|Any CPU
		{AD2ADF3A-DA4A-4F27-B950-7934A3BED509}.Debug|ARM.Build.0 = Debug|Any CPU
		{AD2ADF3A-DA4A-4F27-B950-7934A3BED509}.Debug|iPhone.ActiveCfg = Debug|Any CPU
		{AD2ADF3A-DA4A-4F27-B950-7934A3BED509}.Debug|iPhone.Build.0 = Debug|Any CPU
		{AD2ADF3A-DA4A-4F27-B950-7934A3BED509}.Debug|iPhoneSimulator.ActiveCfg = Debug|Any CPU
		{AD2ADF3A-DA4A-4F27-B950-7934A3BED509}.Debug|iPhoneSimulator.Build.0 = Debug|Any CPU
		{AD2ADF3A-DA4A-4F27-B950-7934A3BED509}.Debug|x64.ActiveCfg = Debug|Any CPU
		{AD2ADF3A-DA4A-4F27-B950-7934A3BED509}.Debug|x64.Build.0 = Debug|Any CPU
		{AD2ADF3A-DA4A-4F27-B950-7934A3BED509}.Debug|x86.ActiveCfg = Debug|Any CPU
		{AD2ADF3A-DA4A-4F27-B950-7934A3BED509}.Debug|x86.Build.0 = Debug|Any CPU
		{AD2ADF3A-DA4A-4F27-B950-7934A3BED509}.Release|Any CPU.ActiveCfg = Release|Any CPU
		{AD2ADF3A-DA4A-4F27-B950-7934A3BED509}.Release|Any CPU.Build.0 = Release|Any CPU
		{AD2ADF3A-DA4A-4F27-B950-7934A3BED509}.Release|ARM.ActiveCfg = Release|Any CPU
		{AD2ADF3A-DA4A-4F27-B950-7934A3BED509}.Release|ARM.Build.0 = Release|Any CPU
		{AD2ADF3A-DA4A-4F27-B950-7934A3BED509}.Release|iPhone.ActiveCfg = Release|Any CPU
		{AD2ADF3A-DA4A-4F27-B950-7934A3BED509}.Release|iPhone.Build.0 = Release|Any CPU
		{AD2ADF3A-DA4A-4F27-B950-7934A3BED509}.Release|iPhoneSimulator.ActiveCfg = Release|Any CPU
		{AD2ADF3A-DA4A-4F27-B950-7934A3BED509}.Release|iPhoneSimulator.Build.0 = Release|Any CPU
		{AD2ADF3A-DA4A-4F27-B950-7934A3BED509}.Release|x64.ActiveCfg = Release|Any CPU
		{AD2ADF3A-DA4A-4F27-B950-7934A3BED509}.Release|x64.Build.0 = Release|Any CPU
		{AD2ADF3A-DA4A-4F27-B950-7934A3BED509}.Release|x86.ActiveCfg = Release|Any CPU
		{AD2ADF3A-DA4A-4F27-B950-7934A3BED509}.Release|x86.Build.0 = Release|Any CPU
	EndGlobalSection
	GlobalSection(SolutionProperties) = preSolution
		HideSolutionNode = FALSE
	EndGlobalSection
EndGlobal
