Microsoft Visual Studio Solution File, Format Version 12.00
# Visual Studio 15
VisualStudioVersion = 15.0.26730.12
MinimumVisualStudioVersion = 10.0.40219.1
Project("{2150E333-8FDC-42A3-9474-1A3956D46DE8}") = "Core", "Core", "{9863FCB3-BFA4-4B9C-B8F6-302BA5F660B8}"
EndProject
Project("{9A19103F-16F7-4668-BE54-9A1E7A4F7556}") = "AWSSDK.Core.Net35", "../../Core/AWSSDK.Core.Net35.csproj", "{1FACE5D0-97BF-4069-B4F7-0FE28BB160F8}"
EndProject
Project("{9A19103F-16F7-4668-BE54-9A1E7A4F7556}") = "AWSSDK.Core.Net45", "../../Core/AWSSDK.Core.Net45.csproj", "{7DE3AFA0-1B2D-41B1-82BD-120B8B210B43}"
EndProject
Project("{9A19103F-16F7-4668-BE54-9A1E7A4F7556}") = "AWSSDK.Core.NetStandard", "../../Core/AWSSDK.Core.NetStandard.csproj", "{A855B58E-ED32-40AE-AE8F-054F448B9F2C}"
EndProject
Project("{2150E333-8FDC-42A3-9474-1A3956D46DE8}") = "Services", "Services", "{939EC5C2-8345-43E2-8F97-72EEEBEEA0AB}"
EndProject
Project("{2150E333-8FDC-42A3-9474-1A3956D46DE8}") = "ElasticLoadBalancing", "ElasticLoadBalancing", "{5CB15EF6-CFE9-8892-4B3B-A5A52CC62C0B}"
EndProject
Project("{9A19103F-16F7-4668-BE54-9A1E7A4F7556}") = "AWSSDK.ElasticLoadBalancing.Net35", "AWSSDK.ElasticLoadBalancing.Net35.csproj", "{56779651-88D2-4B79-A1AC-20EB22032A60}"
EndProject
Project("{9A19103F-16F7-4668-BE54-9A1E7A4F7556}") = "AWSSDK.ElasticLoadBalancing.Net45", "AWSSDK.ElasticLoadBalancing.Net45.csproj", "{FCD84B24-021E-45E3-9D05-11851090F45E}"
EndProject
Project("{9A19103F-16F7-4668-BE54-9A1E7A4F7556}") = "AWSSDK.ElasticLoadBalancing.NetStandard", "AWSSDK.ElasticLoadBalancing.NetStandard.csproj", "{B066A4BB-C703-4F99-90D9-E99DF0309FBF}"
EndProject
Project("{2150E333-8FDC-42A3-9474-1A3956D46DE8}") = "Test", "Test", "{12EC4E4B-7E2C-4B63-8EF9-7B959F82A89B}"
EndProject
Project("{9A19103F-16F7-4668-BE54-9A1E7A4F7556}") = "AWSSDK.IntegrationTests.ElasticLoadBalancing.Net35", "../../../test/Services/ElasticLoadBalancing/IntegrationTests/AWSSDK.IntegrationTests.ElasticLoadBalancing.Net35.csproj", "{32D5070D-7CB9-4088-BD84-FDA3A8941464}"
EndProject
Project("{9A19103F-16F7-4668-BE54-9A1E7A4F7556}") = "AWSSDK.IntegrationTests.ElasticLoadBalancing.Net45", "../../../test/Services/ElasticLoadBalancing/IntegrationTests/AWSSDK.IntegrationTests.ElasticLoadBalancing.Net45.csproj", "{9B076298-BBB0-40BF-980E-A11C21DAA51D}"
EndProject
Project("{9A19103F-16F7-4668-BE54-9A1E7A4F7556}") = "AWSSDK.UnitTests.ElasticLoadBalancing.Net35", "../../../test/Services/ElasticLoadBalancing/UnitTests/AWSSDK.UnitTests.ElasticLoadBalancing.Net35.csproj", "{47699C17-D677-4176-B356-5FE7B7B115CB}"
EndProject
Project("{9A19103F-16F7-4668-BE54-9A1E7A4F7556}") = "AWSSDK.UnitTests.ElasticLoadBalancing.Net45", "../../../test/Services/ElasticLoadBalancing/UnitTests/AWSSDK.UnitTests.ElasticLoadBalancing.Net45.csproj", "{D09E8E55-F95C-48E0-9A35-A456ACABAFE0}"
EndProject
Project("{9A19103F-16F7-4668-BE54-9A1E7A4F7556}") = "ServiceClientGeneratorLib", "../../../../generator/ServiceClientGeneratorLib/ServiceClientGeneratorLib.csproj", "{7BEE7C44-BE12-43CC-AFB9-B5852A1F43C8}"
EndProject
Project("{9A19103F-16F7-4668-BE54-9A1E7A4F7556}") = "AWSSDK.UnitTestUtilities.Net35", "../../../test/UnitTests/Custom/AWSSDK.UnitTestUtilities.Net35.csproj", "{A23CE153-A4A3-4D3A-A6DC-0DD1B207118E}"
EndProject
Project("{9A19103F-16F7-4668-BE54-9A1E7A4F7556}") = "AWSSDK.UnitTestUtilities.Net45", "../../../test/UnitTests/Custom/AWSSDK.UnitTestUtilities.Net45.csproj", "{002B183F-E568-49CD-9D06-CBCFF2C2921F}"
EndProject
Project("{9A19103F-16F7-4668-BE54-9A1E7A4F7556}") = "AWSSDK.IntegrationTestUtilities.Net35", "../../../test/IntegrationTests/AWSSDK.IntegrationTestUtilities.Net35.csproj", "{924D2906-70D6-4D77-8603-816648B2CCA6}"
EndProject
Project("{9A19103F-16F7-4668-BE54-9A1E7A4F7556}") = "AWSSDK.IntegrationTestUtilities.Net45", "../../../test/IntegrationTests/AWSSDK.IntegrationTestUtilities.Net45.csproj", "{7AB0DA1C-CA0E-4579-BA82-2B41A9DA15C7}"
EndProject
Project("{9A19103F-16F7-4668-BE54-9A1E7A4F7556}") = "AWSSDK.CommonTest", "../../../test/Common/AWSSDK.CommonTest.csproj", "{66F78F86-68D7-4538-8EA5-A669A08E1C19}"
EndProject
Project("{2150E333-8FDC-42A3-9474-1A3956D46DE8}") = "IntegrationTestDependencies", "IntegrationTestDependencies", "{939EC5C2-8345-43E2-8F97-72EEEBEEA0AC}"
EndProject
Project("{9A19103F-16F7-4668-BE54-9A1E7A4F7556}") = "AWSSDK.Extensions.CrtIntegration.Net35", "../../../../extensions/src/AWSSDK.Extensions.CrtIntegration/AWSSDK.Extensions.CrtIntegration.Net35.csproj", "{93398DBA-895A-48DF-8181-D4BB6BF4C7B0}"
EndProject
Project("{9A19103F-16F7-4668-BE54-9A1E7A4F7556}") = "AWSSDK.Extensions.CrtIntegration.Net45", "../../../../extensions/src/AWSSDK.Extensions.CrtIntegration/AWSSDK.Extensions.CrtIntegration.Net45.csproj", "{4568130D-B968-4A0A-B45D-44DB86036609}"
EndProject
Project("{9A19103F-16F7-4668-BE54-9A1E7A4F7556}") = "AWSSDK.IdentityManagement.Net35", "../IdentityManagement/AWSSDK.IdentityManagement.Net35.csproj", "{2437B81C-B9FD-475D-80D5-74C87AD92E47}"
EndProject
Project("{9A19103F-16F7-4668-BE54-9A1E7A4F7556}") = "AWSSDK.SecurityToken.Net35", "../SecurityToken/AWSSDK.SecurityToken.Net35.csproj", "{345498C7-5BD4-4F49-A4FD-505BC1D2F88F}"
EndProject
Project("{9A19103F-16F7-4668-BE54-9A1E7A4F7556}") = "AWSSDK.SimpleNotificationService.Net35", "../SimpleNotificationService/AWSSDK.SimpleNotificationService.Net35.csproj", "{E7A9245C-F695-4A8C-904D-7B3B473F95B0}"
EndProject
Project("{9A19103F-16F7-4668-BE54-9A1E7A4F7556}") = "AWSSDK.S3.Net35", "../S3/AWSSDK.S3.Net35.csproj", "{ACB2B741-D99E-4109-BBE5-2940A1214AA8}"
EndProject
Project("{9A19103F-16F7-4668-BE54-9A1E7A4F7556}") = "AWSSDK.IdentityManagement.Net45", "../IdentityManagement/AWSSDK.IdentityManagement.Net45.csproj", "{2885BE15-E8EE-48C2-8420-D6088371D201}"
EndProject
Project("{9A19103F-16F7-4668-BE54-9A1E7A4F7556}") = "AWSSDK.S3.Net45", "../S3/AWSSDK.S3.Net45.csproj", "{09BA32B1-5902-4630-A102-DB7617456CC4}"
EndProject
Project("{9A19103F-16F7-4668-BE54-9A1E7A4F7556}") = "AWSSDK.SecurityToken.Net45", "../SecurityToken/AWSSDK.SecurityToken.Net45.csproj", "{55129E56-BAF2-439F-AFF8-3A9A48674254}"
EndProject
Project("{9A19103F-16F7-4668-BE54-9A1E7A4F7556}") = "AWSSDK.SimpleNotificationService.Net45", "../SimpleNotificationService/AWSSDK.SimpleNotificationService.Net45.csproj", "{57E9A58F-005D-48F2-A15F-4501F42F4D35}"
EndProject
Global
	GlobalSection(SolutionConfigurationPlatforms) = preSolution
		Debug|Any CPU = Debug|Any CPU
		Release|Any CPU = Release|Any CPU
	EndGlobalSection
	GlobalSection(ProjectConfigurationPlatforms) = postSolution
		{1FACE5D0-97BF-4069-B4F7-0FE28BB160F8}.Debug|Any CPU.ActiveCfg = Debug|Any CPU
		{1FACE5D0-97BF-4069-B4F7-0FE28BB160F8}.Debug|Any CPU.Build.0 = Debug|Any CPU
		{1FACE5D0-97BF-4069-B4F7-0FE28BB160F8}.Release|Any CPU.ActiveCfg = Release|Any CPU
		{1FACE5D0-97BF-4069-B4F7-0FE28BB160F8}.Release|Any CPU.Build.0 = Release|Any CPU
		{7DE3AFA0-1B2D-41B1-82BD-120B8B210B43}.Debug|Any CPU.ActiveCfg = Debug|Any CPU
		{7DE3AFA0-1B2D-41B1-82BD-120B8B210B43}.Debug|Any CPU.Build.0 = Debug|Any CPU
		{7DE3AFA0-1B2D-41B1-82BD-120B8B210B43}.Release|Any CPU.ActiveCfg = Release|Any CPU
		{7DE3AFA0-1B2D-41B1-82BD-120B8B210B43}.Release|Any CPU.Build.0 = Release|Any CPU
		{A855B58E-ED32-40AE-AE8F-054F448B9F2C}.Debug|Any CPU.ActiveCfg = Debug|Any CPU
		{A855B58E-ED32-40AE-AE8F-054F448B9F2C}.Debug|Any CPU.Build.0 = Debug|Any CPU
		{A855B58E-ED32-40AE-AE8F-054F448B9F2C}.Release|Any CPU.ActiveCfg = Release|Any CPU
		{A855B58E-ED32-40AE-AE8F-054F448B9F2C}.Release|Any CPU.Build.0 = Release|Any CPU
		{56779651-88D2-4B79-A1AC-20EB22032A60}.Debug|Any CPU.ActiveCfg = Debug|Any CPU
		{56779651-88D2-4B79-A1AC-20EB22032A60}.Debug|Any CPU.Build.0 = Debug|Any CPU
		{56779651-88D2-4B79-A1AC-20EB22032A60}.Release|Any CPU.ActiveCfg = Release|Any CPU
		{56779651-88D2-4B79-A1AC-20EB22032A60}.Release|Any CPU.Build.0 = Release|Any CPU
		{FCD84B24-021E-45E3-9D05-11851090F45E}.Debug|Any CPU.ActiveCfg = Debug|Any CPU
		{FCD84B24-021E-45E3-9D05-11851090F45E}.Debug|Any CPU.Build.0 = Debug|Any CPU
		{FCD84B24-021E-45E3-9D05-11851090F45E}.Release|Any CPU.ActiveCfg = Release|Any CPU
		{FCD84B24-021E-45E3-9D05-11851090F45E}.Release|Any CPU.Build.0 = Release|Any CPU
		{B066A4BB-C703-4F99-90D9-E99DF0309FBF}.Debug|Any CPU.ActiveCfg = Debug|Any CPU
		{B066A4BB-C703-4F99-90D9-E99DF0309FBF}.Debug|Any CPU.Build.0 = Debug|Any CPU
		{B066A4BB-C703-4F99-90D9-E99DF0309FBF}.Release|Any CPU.ActiveCfg = Release|Any CPU
		{B066A4BB-C703-4F99-90D9-E99DF0309FBF}.Release|Any CPU.Build.0 = Release|Any CPU
		{32D5070D-7CB9-4088-BD84-FDA3A8941464}.Debug|Any CPU.ActiveCfg = Debug|Any CPU
		{32D5070D-7CB9-4088-BD84-FDA3A8941464}.Debug|Any CPU.Build.0 = Debug|Any CPU
		{32D5070D-7CB9-4088-BD84-FDA3A8941464}.Release|Any CPU.ActiveCfg = Release|Any CPU
		{32D5070D-7CB9-4088-BD84-FDA3A8941464}.Release|Any CPU.Build.0 = Release|Any CPU
		{9B076298-BBB0-40BF-980E-A11C21DAA51D}.Debug|Any CPU.ActiveCfg = Debug|Any CPU
		{9B076298-BBB0-40BF-980E-A11C21DAA51D}.Debug|Any CPU.Build.0 = Debug|Any CPU
		{9B076298-BBB0-40BF-980E-A11C21DAA51D}.Release|Any CPU.ActiveCfg = Release|Any CPU
		{9B076298-BBB0-40BF-980E-A11C21DAA51D}.Release|Any CPU.Build.0 = Release|Any CPU
		{47699C17-D677-4176-B356-5FE7B7B115CB}.Debug|Any CPU.ActiveCfg = Debug|Any CPU
		{47699C17-D677-4176-B356-5FE7B7B115CB}.Debug|Any CPU.Build.0 = Debug|Any CPU
		{47699C17-D677-4176-B356-5FE7B7B115CB}.Release|Any CPU.ActiveCfg = Release|Any CPU
		{47699C17-D677-4176-B356-5FE7B7B115CB}.Release|Any CPU.Build.0 = Release|Any CPU
		{D09E8E55-F95C-48E0-9A35-A456ACABAFE0}.Debug|Any CPU.ActiveCfg = Debug|Any CPU
		{D09E8E55-F95C-48E0-9A35-A456ACABAFE0}.Debug|Any CPU.Build.0 = Debug|Any CPU
		{D09E8E55-F95C-48E0-9A35-A456ACABAFE0}.Release|Any CPU.ActiveCfg = Release|Any CPU
		{D09E8E55-F95C-48E0-9A35-A456ACABAFE0}.Release|Any CPU.Build.0 = Release|Any CPU
		{7BEE7C44-BE12-43CC-AFB9-B5852A1F43C8}.Debug|Any CPU.ActiveCfg = Debug|Any CPU
		{7BEE7C44-BE12-43CC-AFB9-B5852A1F43C8}.Debug|Any CPU.Build.0 = Debug|Any CPU
		{7BEE7C44-BE12-43CC-AFB9-B5852A1F43C8}.Release|Any CPU.ActiveCfg = Release|Any CPU
		{7BEE7C44-BE12-43CC-AFB9-B5852A1F43C8}.Release|Any CPU.Build.0 = Release|Any CPU
		{A23CE153-A4A3-4D3A-A6DC-0DD1B207118E}.Debug|Any CPU.ActiveCfg = Debug|Any CPU
		{A23CE153-A4A3-4D3A-A6DC-0DD1B207118E}.Debug|Any CPU.Build.0 = Debug|Any CPU
		{A23CE153-A4A3-4D3A-A6DC-0DD1B207118E}.Release|Any CPU.ActiveCfg = Release|Any CPU
		{A23CE153-A4A3-4D3A-A6DC-0DD1B207118E}.Release|Any CPU.Build.0 = Release|Any CPU
		{002B183F-E568-49CD-9D06-CBCFF2C2921F}.Debug|Any CPU.ActiveCfg = Debug|Any CPU
		{002B183F-E568-49CD-9D06-CBCFF2C2921F}.Debug|Any CPU.Build.0 = Debug|Any CPU
		{002B183F-E568-49CD-9D06-CBCFF2C2921F}.Release|Any CPU.ActiveCfg = Release|Any CPU
		{002B183F-E568-49CD-9D06-CBCFF2C2921F}.Release|Any CPU.Build.0 = Release|Any CPU
		{924D2906-70D6-4D77-8603-816648B2CCA6}.Debug|Any CPU.ActiveCfg = Debug|Any CPU
		{924D2906-70D6-4D77-8603-816648B2CCA6}.Debug|Any CPU.Build.0 = Debug|Any CPU
		{924D2906-70D6-4D77-8603-816648B2CCA6}.Release|Any CPU.ActiveCfg = Release|Any CPU
		{924D2906-70D6-4D77-8603-816648B2CCA6}.Release|Any CPU.Build.0 = Release|Any CPU
		{7AB0DA1C-CA0E-4579-BA82-2B41A9DA15C7}.Debug|Any CPU.ActiveCfg = Debug|Any CPU
		{7AB0DA1C-CA0E-4579-BA82-2B41A9DA15C7}.Debug|Any CPU.Build.0 = Debug|Any CPU
		{7AB0DA1C-CA0E-4579-BA82-2B41A9DA15C7}.Release|Any CPU.ActiveCfg = Release|Any CPU
		{7AB0DA1C-CA0E-4579-BA82-2B41A9DA15C7}.Release|Any CPU.Build.0 = Release|Any CPU
		{66F78F86-68D7-4538-8EA5-A669A08E1C19}.Debug|Any CPU.ActiveCfg = Debug|Any CPU
		{66F78F86-68D7-4538-8EA5-A669A08E1C19}.Debug|Any CPU.Build.0 = Debug|Any CPU
		{66F78F86-68D7-4538-8EA5-A669A08E1C19}.Release|Any CPU.ActiveCfg = Release|Any CPU
		{66F78F86-68D7-4538-8EA5-A669A08E1C19}.Release|Any CPU.Build.0 = Release|Any CPU
		{93398DBA-895A-48DF-8181-D4BB6BF4C7B0}.Debug|Any CPU.ActiveCfg = Debug|Any CPU
		{93398DBA-895A-48DF-8181-D4BB6BF4C7B0}.Debug|Any CPU.Build.0 = Debug|Any CPU
		{93398DBA-895A-48DF-8181-D4BB6BF4C7B0}.Release|Any CPU.ActiveCfg = Release|Any CPU
		{93398DBA-895A-48DF-8181-D4BB6BF4C7B0}.Release|Any CPU.Build.0 = Release|Any CPU
		{4568130D-B968-4A0A-B45D-44DB86036609}.Debug|Any CPU.ActiveCfg = Debug|Any CPU
		{4568130D-B968-4A0A-B45D-44DB86036609}.Debug|Any CPU.Build.0 = Debug|Any CPU
		{4568130D-B968-4A0A-B45D-44DB86036609}.Release|Any CPU.ActiveCfg = Release|Any CPU
		{4568130D-B968-4A0A-B45D-44DB86036609}.Release|Any CPU.Build.0 = Release|Any CPU
		{2437B81C-B9FD-475D-80D5-74C87AD92E47}.Debug|Any CPU.ActiveCfg = Debug|Any CPU
		{2437B81C-B9FD-475D-80D5-74C87AD92E47}.Debug|Any CPU.Build.0 = Debug|Any CPU
		{2437B81C-B9FD-475D-80D5-74C87AD92E47}.Release|Any CPU.ActiveCfg = Release|Any CPU
		{2437B81C-B9FD-475D-80D5-74C87AD92E47}.Release|Any CPU.Build.0 = Release|Any CPU
		{345498C7-5BD4-4F49-A4FD-505BC1D2F88F}.Debug|Any CPU.ActiveCfg = Debug|Any CPU
		{345498C7-5BD4-4F49-A4FD-505BC1D2F88F}.Debug|Any CPU.Build.0 = Debug|Any CPU
		{345498C7-5BD4-4F49-A4FD-505BC1D2F88F}.Release|Any CPU.ActiveCfg = Release|Any CPU
		{345498C7-5BD4-4F49-A4FD-505BC1D2F88F}.Release|Any CPU.Build.0 = Release|Any CPU
		{E7A9245C-F695-4A8C-904D-7B3B473F95B0}.Debug|Any CPU.ActiveCfg = Debug|Any CPU
		{E7A9245C-F695-4A8C-904D-7B3B473F95B0}.Debug|Any CPU.Build.0 = Debug|Any CPU
		{E7A9245C-F695-4A8C-904D-7B3B473F95B0}.Release|Any CPU.ActiveCfg = Release|Any CPU
		{E7A9245C-F695-4A8C-904D-7B3B473F95B0}.Release|Any CPU.Build.0 = Release|Any CPU
		{ACB2B741-D99E-4109-BBE5-2940A1214AA8}.Debug|Any CPU.ActiveCfg = Debug|Any CPU
		{ACB2B741-D99E-4109-BBE5-2940A1214AA8}.Debug|Any CPU.Build.0 = Debug|Any CPU
		{ACB2B741-D99E-4109-BBE5-2940A1214AA8}.Release|Any CPU.ActiveCfg = Release|Any CPU
		{ACB2B741-D99E-4109-BBE5-2940A1214AA8}.Release|Any CPU.Build.0 = Release|Any CPU
		{2885BE15-E8EE-48C2-8420-D6088371D201}.Debug|Any CPU.ActiveCfg = Debug|Any CPU
		{2885BE15-E8EE-48C2-8420-D6088371D201}.Debug|Any CPU.Build.0 = Debug|Any CPU
		{2885BE15-E8EE-48C2-8420-D6088371D201}.Release|Any CPU.ActiveCfg = Release|Any CPU
		{2885BE15-E8EE-48C2-8420-D6088371D201}.Release|Any CPU.Build.0 = Release|Any CPU
		{09BA32B1-5902-4630-A102-DB7617456CC4}.Debug|Any CPU.ActiveCfg = Debug|Any CPU
		{09BA32B1-5902-4630-A102-DB7617456CC4}.Debug|Any CPU.Build.0 = Debug|Any CPU
		{09BA32B1-5902-4630-A102-DB7617456CC4}.Release|Any CPU.ActiveCfg = Release|Any CPU
		{09BA32B1-5902-4630-A102-DB7617456CC4}.Release|Any CPU.Build.0 = Release|Any CPU
		{55129E56-BAF2-439F-AFF8-3A9A48674254}.Debug|Any CPU.ActiveCfg = Debug|Any CPU
		{55129E56-BAF2-439F-AFF8-3A9A48674254}.Debug|Any CPU.Build.0 = Debug|Any CPU
		{55129E56-BAF2-439F-AFF8-3A9A48674254}.Release|Any CPU.ActiveCfg = Release|Any CPU
		{55129E56-BAF2-439F-AFF8-3A9A48674254}.Release|Any CPU.Build.0 = Release|Any CPU
		{57E9A58F-005D-48F2-A15F-4501F42F4D35}.Debug|Any CPU.ActiveCfg = Debug|Any CPU
		{57E9A58F-005D-48F2-A15F-4501F42F4D35}.Debug|Any CPU.Build.0 = Debug|Any CPU
		{57E9A58F-005D-48F2-A15F-4501F42F4D35}.Release|Any CPU.ActiveCfg = Release|Any CPU
		{57E9A58F-005D-48F2-A15F-4501F42F4D35}.Release|Any CPU.Build.0 = Release|Any CPU
	EndGlobalSection
	GlobalSection(SolutionProperties) = preSolution
		HideSolutionNode = FALSE
	EndGlobalSection
	GlobalSection(NestedProjects) = preSolution
		{1FACE5D0-97BF-4069-B4F7-0FE28BB160F8} = {9863FCB3-BFA4-4B9C-B8F6-302BA5F660B8}
		{7DE3AFA0-1B2D-41B1-82BD-120B8B210B43} = {9863FCB3-BFA4-4B9C-B8F6-302BA5F660B8}
		{A855B58E-ED32-40AE-AE8F-054F448B9F2C} = {9863FCB3-BFA4-4B9C-B8F6-302BA5F660B8}
		{5CB15EF6-CFE9-8892-4B3B-A5A52CC62C0B} = {939EC5C2-8345-43E2-8F97-72EEEBEEA0AB}
		{56779651-88D2-4B79-A1AC-20EB22032A60} = {5CB15EF6-CFE9-8892-4B3B-A5A52CC62C0B}
		{FCD84B24-021E-45E3-9D05-11851090F45E} = {5CB15EF6-CFE9-8892-4B3B-A5A52CC62C0B}
		{B066A4BB-C703-4F99-90D9-E99DF0309FBF} = {5CB15EF6-CFE9-8892-4B3B-A5A52CC62C0B}
		{32D5070D-7CB9-4088-BD84-FDA3A8941464} = {12EC4E4B-7E2C-4B63-8EF9-7B959F82A89B}
		{9B076298-BBB0-40BF-980E-A11C21DAA51D} = {12EC4E4B-7E2C-4B63-8EF9-7B959F82A89B}
		{47699C17-D677-4176-B356-5FE7B7B115CB} = {12EC4E4B-7E2C-4B63-8EF9-7B959F82A89B}
		{D09E8E55-F95C-48E0-9A35-A456ACABAFE0} = {12EC4E4B-7E2C-4B63-8EF9-7B959F82A89B}
		{7BEE7C44-BE12-43CC-AFB9-B5852A1F43C8} = {12EC4E4B-7E2C-4B63-8EF9-7B959F82A89B}
		{A23CE153-A4A3-4D3A-A6DC-0DD1B207118E} = {12EC4E4B-7E2C-4B63-8EF9-7B959F82A89B}
		{002B183F-E568-49CD-9D06-CBCFF2C2921F} = {12EC4E4B-7E2C-4B63-8EF9-7B959F82A89B}
		{924D2906-70D6-4D77-8603-816648B2CCA6} = {12EC4E4B-7E2C-4B63-8EF9-7B959F82A89B}
		{7AB0DA1C-CA0E-4579-BA82-2B41A9DA15C7} = {12EC4E4B-7E2C-4B63-8EF9-7B959F82A89B}
		{66F78F86-68D7-4538-8EA5-A669A08E1C19} = {12EC4E4B-7E2C-4B63-8EF9-7B959F82A89B}
		{93398DBA-895A-48DF-8181-D4BB6BF4C7B0} = {939EC5C2-8345-43E2-8F97-72EEEBEEA0AC}
		{4568130D-B968-4A0A-B45D-44DB86036609} = {939EC5C2-8345-43E2-8F97-72EEEBEEA0AC}
		{2437B81C-B9FD-475D-80D5-74C87AD92E47} = {939EC5C2-8345-43E2-8F97-72EEEBEEA0AC}
		{345498C7-5BD4-4F49-A4FD-505BC1D2F88F} = {939EC5C2-8345-43E2-8F97-72EEEBEEA0AC}
		{E7A9245C-F695-4A8C-904D-7B3B473F95B0} = {939EC5C2-8345-43E2-8F97-72EEEBEEA0AC}
		{ACB2B741-D99E-4109-BBE5-2940A1214AA8} = {939EC5C2-8345-43E2-8F97-72EEEBEEA0AC}
		{2885BE15-E8EE-48C2-8420-D6088371D201} = {939EC5C2-8345-43E2-8F97-72EEEBEEA0AC}
		{09BA32B1-5902-4630-A102-DB7617456CC4} = {939EC5C2-8345-43E2-8F97-72EEEBEEA0AC}
		{55129E56-BAF2-439F-AFF8-3A9A48674254} = {939EC5C2-8345-43E2-8F97-72EEEBEEA0AC}
		{57E9A58F-005D-48F2-A15F-4501F42F4D35} = {939EC5C2-8345-43E2-8F97-72EEEBEEA0AC}
	EndGlobalSection
	GlobalSection(ExtensibilityGlobals) = postSolution
		SolutionGuid = {B6009B23-2F67-479A-8C07-3D5D931B3AC3}
	EndGlobalSection
EndGlobal