Microsoft Visual Studio Solution File, Format Version 12.00
# Visual Studio 15
VisualStudioVersion = 15.0.26730.12
MinimumVisualStudioVersion = 10.0.40219.1
Project("{2150E333-8FDC-42A3-9474-1A3956D46DE8}") = "Core", "Core", "{9863FCB3-BFA4-4B9C-B8F6-302BA5F660B8}"
EndProject
Project("{9A19103F-16F7-4668-BE54-9A1E7A4F7556}") = "AWSSDK.Core.Net35", "..\..\Core\AWSSDK.Core.Net35.csproj", "{1FACE5D0-97BF-4069-B4F7-0FE28BB160F8}"
EndProject
Project("{9A19103F-16F7-4668-BE54-9A1E7A4F7556}") = "AWSSDK.Core.Net45", "..\..\Core\AWSSDK.Core.Net45.csproj", "{7DE3AFA0-1B2D-41B1-82BD-120B8B210B43}"
EndProject
Project("{9A19103F-16F7-4668-BE54-9A1E7A4F7556}") = "AWSSDK.Core.CoreCLR", "..\..\Core\AWSSDK.Core.CoreCLR.csproj", "{A855B58E-ED32-40AE-AE8F-054F448B9F2C}"
EndProject
Project("{2150E333-8FDC-42A3-9474-1A3956D46DE8}") = "Services", "Services", "{939EC5C2-8345-43E2-8F97-72EEEBEEA0AB}"
EndProject
Project("{2150E333-8FDC-42A3-9474-1A3956D46DE8}") = "AutoScaling", "AutoScaling", "{6535AA4C-E2CF-5A06-4659-8860EBDA1C64}"
EndProject
Project("{9A19103F-16F7-4668-BE54-9A1E7A4F7556}") = "AWSSDK.AutoScaling.CoreCLR", "AWSSDK.AutoScaling.CoreCLR.csproj", "{EC13FA45-3A0F-4B71-8BD3-3729010E42BD}"
EndProject
Project("{9A19103F-16F7-4668-BE54-9A1E7A4F7556}") = "AWSSDK.AutoScaling.Net35", "AWSSDK.AutoScaling.Net35.csproj", "{912C7D85-89B3-4FD7-B406-4F9F35246C93}"
EndProject
Project("{9A19103F-16F7-4668-BE54-9A1E7A4F7556}") = "AWSSDK.AutoScaling.Net45", "AWSSDK.AutoScaling.Net45.csproj", "{1BF6F922-E338-4423-9070-3014EB74B965}"
EndProject
Project("{2150E333-8FDC-42A3-9474-1A3956D46DE8}") = "Test", "Test", "{12EC4E4B-7E2C-4B63-8EF9-7B959F82A89B}"
EndProject
Project("{9A19103F-16F7-4668-BE54-9A1E7A4F7556}") = "AWSSDK.IntegrationTests.AutoScaling.Net35", "..\..\..\..\sdk\test\Services\AutoScaling\IntegrationTests\AWSSDK.IntegrationTests.AutoScaling.Net35.csproj", "{8670AA3A-58CD-4853-AA91-E8C7257CEA5E}"
EndProject
Project("{9A19103F-16F7-4668-BE54-9A1E7A4F7556}") = "AWSSDK.IntegrationTests.AutoScaling.Net45", "..\..\..\..\sdk\test\Services\AutoScaling\IntegrationTests\AWSSDK.IntegrationTests.AutoScaling.Net45.csproj", "{2376B8D6-5DE6-4098-A917-FBA72089BB13}"
EndProject
Project("{9A19103F-16F7-4668-BE54-9A1E7A4F7556}") = "AWSSDK.UnitTests.AutoScaling.Net35", "..\..\..\..\sdk\test\Services\AutoScaling\UnitTests\AWSSDK.UnitTests.AutoScaling.Net35.csproj", "{C37C71BF-9FC1-4B2B-867A-3B2133A8F430}"
EndProject
Project("{9A19103F-16F7-4668-BE54-9A1E7A4F7556}") = "AWSSDK.UnitTests.AutoScaling.Net45", "..\..\..\..\sdk\test\Services\AutoScaling\UnitTests\AWSSDK.UnitTests.AutoScaling.Net45.csproj", "{F0DAF149-6AD2-4D18-A73A-5FB1D30B926B}"
EndProject
Project("{9A19103F-16F7-4668-BE54-9A1E7A4F7556}") = "ServiceClientGeneratorLib", "..\..\..\..\generator\ServiceClientGeneratorLib\ServiceClientGeneratorLib.csproj", "{7BEE7C44-BE12-43CC-AFB9-B5852A1F43C8}"
EndProject
Project("{9A19103F-16F7-4668-BE54-9A1E7A4F7556}") = "AWSSDK.UnitTestUtilities", "..\..\..\..\sdk\test\UnitTests\Custom\AWSSDK.UnitTestUtilities.csproj", "{F9D5F226-CE00-4E1A-8C70-4250F5FA954F}"
EndProject
Project("{9A19103F-16F7-4668-BE54-9A1E7A4F7556}") = "AWSSDK.IntegrationTestUtilities.Net35", "..\..\..\..\sdk\test\IntegrationTests\AWSSDK.IntegrationTestUtilities.Net35.csproj", "{924D2906-70D6-4D77-8603-816648B2CCA6}"
EndProject
Project("{9A19103F-16F7-4668-BE54-9A1E7A4F7556}") = "AWSSDK.IntegrationTestUtilities.Net45", "..\..\..\..\sdk\test\IntegrationTests\AWSSDK.IntegrationTestUtilities.Net45.csproj", "{7AB0DA1C-CA0E-4579-BA82-2B41A9DA15C7}"
EndProject
Project("{9A19103F-16F7-4668-BE54-9A1E7A4F7556}") = "AWSSDK.CommonTest", "..\..\..\..\sdk\test\Common\AWSSDK.CommonTest.csproj", "{66F78F86-68D7-4538-8EA5-A669A08E1C19}"
EndProject
Project("{2150E333-8FDC-42A3-9474-1A3956D46DE8}") = "IntegrationTestDependencies", "IntegrationTestDependencies", "{939EC5C2-8345-43E2-8F97-72EEEBEEA0AC}"
EndProject
Project("{9A19103F-16F7-4668-BE54-9A1E7A4F7556}") = "AWSSDK.EC2.Net35", "..\EC2\AWSSDK.EC2.Net35.csproj", "{8A1155CC-78E2-4E90-9414-48287CD94E1A}"
EndProject
Project("{9A19103F-16F7-4668-BE54-9A1E7A4F7556}") = "AWSSDK.EC2.Net45", "..\EC2\AWSSDK.EC2.Net45.csproj", "{09883904-69AF-4861-89C0-15E1BAAAB18E}"
EndProject
Project("{9A19103F-16F7-4668-BE54-9A1E7A4F7556}") = "AWSSDK.IdentityManagement.Net35", "..\IdentityManagement\AWSSDK.IdentityManagement.Net35.csproj", "{19AE4EDC-06C8-4420-BBBD-0DEA9DAFF2AE}"
EndProject
Project("{9A19103F-16F7-4668-BE54-9A1E7A4F7556}") = "AWSSDK.SecurityToken.Net35", "..\SecurityToken\AWSSDK.SecurityToken.Net35.csproj", "{0EBAEF23-F612-439F-BA44-3EF6D5F53F5D}"
EndProject
Project("{9A19103F-16F7-4668-BE54-9A1E7A4F7556}") = "AWSSDK.SimpleNotificationService.Net35", "..\SimpleNotificationService\AWSSDK.SimpleNotificationService.Net35.csproj", "{268FEF7D-D278-4335-9A04-C4EF257B1386}"
EndProject
Project("{9A19103F-16F7-4668-BE54-9A1E7A4F7556}") = "AWSSDK.IdentityManagement.Net45", "..\IdentityManagement\AWSSDK.IdentityManagement.Net45.csproj", "{F2706EBC-5A92-4780-8083-90E301614E96}"
EndProject
Project("{9A19103F-16F7-4668-BE54-9A1E7A4F7556}") = "AWSSDK.S3.Net45", "..\S3\AWSSDK.S3.Net45.csproj", "{F817F780-EAE7-4407-982B-BF4F23157EDF}"
EndProject
Project("{9A19103F-16F7-4668-BE54-9A1E7A4F7556}") = "AWSSDK.SecurityToken.Net45", "..\SecurityToken\AWSSDK.SecurityToken.Net45.csproj", "{23771AE1-7298-4D68-AACF-1D651824BC05}"
EndProject
Project("{9A19103F-16F7-4668-BE54-9A1E7A4F7556}") = "AWSSDK.SimpleNotificationService.Net45", "..\SimpleNotificationService\AWSSDK.SimpleNotificationService.Net45.csproj", "{23F4D859-7A77-4424-987D-90ACDBB1B878}"
EndProject
Global
	GlobalSection(SolutionConfigurationPlatforms) = preSolution
		Debug|Any CPU = Debug|Any CPU
		Release|Any CPU = Release|Any CPU
	EndGlobalSection
	GlobalSection(ProjectConfigurationPlatforms) = postSolution
		{1FACE5D0-97BF-4069-B4F7-0FE28BB160F8}.Debug|Any CPU.ActiveCfg = Debug|Any CPU
		{1FACE5D0-97BF-4069-B4F7-0FE28BB160F8}.Debug|Any CPU.Build.0 = Debug|Any CPU
		{1FACE5D0-97BF-4069-B4F7-0FE28BB160F8}.Release|Any CPU.ActiveCfg = Release|Any CPU
		{1FACE5D0-97BF-4069-B4F7-0FE28BB160F8}.Release|Any CPU.Build.0 = Release|Any CPU
		{7DE3AFA0-1B2D-41B1-82BD-120B8B210B43}.Debug|Any CPU.ActiveCfg = Debug|Any CPU
		{7DE3AFA0-1B2D-41B1-82BD-120B8B210B43}.Debug|Any CPU.Build.0 = Debug|Any CPU
		{7DE3AFA0-1B2D-41B1-82BD-120B8B210B43}.Release|Any CPU.ActiveCfg = Release|Any CPU
		{7DE3AFA0-1B2D-41B1-82BD-120B8B210B43}.Release|Any CPU.Build.0 = Release|Any CPU
		{A855B58E-ED32-40AE-AE8F-054F448B9F2C}.Debug|Any CPU.ActiveCfg = Debug|Any CPU
		{A855B58E-ED32-40AE-AE8F-054F448B9F2C}.Debug|Any CPU.Build.0 = Debug|Any CPU
		{A855B58E-ED32-40AE-AE8F-054F448B9F2C}.Release|Any CPU.ActiveCfg = Release|Any CPU
		{A855B58E-ED32-40AE-AE8F-054F448B9F2C}.Release|Any CPU.Build.0 = Release|Any CPU
		{EC13FA45-3A0F-4B71-8BD3-3729010E42BD}.Debug|Any CPU.ActiveCfg = Debug|Any CPU
		{EC13FA45-3A0F-4B71-8BD3-3729010E42BD}.Debug|Any CPU.Build.0 = Debug|Any CPU
		{EC13FA45-3A0F-4B71-8BD3-3729010E42BD}.Release|Any CPU.ActiveCfg = Release|Any CPU
		{EC13FA45-3A0F-4B71-8BD3-3729010E42BD}.Release|Any CPU.Build.0 = Release|Any CPU
		{912C7D85-89B3-4FD7-B406-4F9F35246C93}.Debug|Any CPU.ActiveCfg = Debug|Any CPU
		{912C7D85-89B3-4FD7-B406-4F9F35246C93}.Debug|Any CPU.Build.0 = Debug|Any CPU
		{912C7D85-89B3-4FD7-B406-4F9F35246C93}.Release|Any CPU.ActiveCfg = Release|Any CPU
		{912C7D85-89B3-4FD7-B406-4F9F35246C93}.Release|Any CPU.Build.0 = Release|Any CPU
		{1BF6F922-E338-4423-9070-3014EB74B965}.Debug|Any CPU.ActiveCfg = Debug|Any CPU
		{1BF6F922-E338-4423-9070-3014EB74B965}.Debug|Any CPU.Build.0 = Debug|Any CPU
		{1BF6F922-E338-4423-9070-3014EB74B965}.Release|Any CPU.ActiveCfg = Release|Any CPU
		{1BF6F922-E338-4423-9070-3014EB74B965}.Release|Any CPU.Build.0 = Release|Any CPU
		{8670AA3A-58CD-4853-AA91-E8C7257CEA5E}.Debug|Any CPU.ActiveCfg = Debug|Any CPU
		{8670AA3A-58CD-4853-AA91-E8C7257CEA5E}.Debug|Any CPU.Build.0 = Debug|Any CPU
		{8670AA3A-58CD-4853-AA91-E8C7257CEA5E}.Release|Any CPU.ActiveCfg = Release|Any CPU
		{8670AA3A-58CD-4853-AA91-E8C7257CEA5E}.Release|Any CPU.Build.0 = Release|Any CPU
		{2376B8D6-5DE6-4098-A917-FBA72089BB13}.Debug|Any CPU.ActiveCfg = Debug|Any CPU
		{2376B8D6-5DE6-4098-A917-FBA72089BB13}.Debug|Any CPU.Build.0 = Debug|Any CPU
		{2376B8D6-5DE6-4098-A917-FBA72089BB13}.Release|Any CPU.ActiveCfg = Release|Any CPU
		{2376B8D6-5DE6-4098-A917-FBA72089BB13}.Release|Any CPU.Build.0 = Release|Any CPU
		{C37C71BF-9FC1-4B2B-867A-3B2133A8F430}.Debug|Any CPU.ActiveCfg = Debug|Any CPU
		{C37C71BF-9FC1-4B2B-867A-3B2133A8F430}.Debug|Any CPU.Build.0 = Debug|Any CPU
		{C37C71BF-9FC1-4B2B-867A-3B2133A8F430}.Release|Any CPU.ActiveCfg = Release|Any CPU
		{C37C71BF-9FC1-4B2B-867A-3B2133A8F430}.Release|Any CPU.Build.0 = Release|Any CPU
		{F0DAF149-6AD2-4D18-A73A-5FB1D30B926B}.Debug|Any CPU.ActiveCfg = Debug|Any CPU
		{F0DAF149-6AD2-4D18-A73A-5FB1D30B926B}.Debug|Any CPU.Build.0 = Debug|Any CPU
		{F0DAF149-6AD2-4D18-A73A-5FB1D30B926B}.Release|Any CPU.ActiveCfg = Release|Any CPU
		{F0DAF149-6AD2-4D18-A73A-5FB1D30B926B}.Release|Any CPU.Build.0 = Release|Any CPU
		{7BEE7C44-BE12-43CC-AFB9-B5852A1F43C8}.Debug|Any CPU.ActiveCfg = Debug|Any CPU
		{7BEE7C44-BE12-43CC-AFB9-B5852A1F43C8}.Debug|Any CPU.Build.0 = Debug|Any CPU
		{7BEE7C44-BE12-43CC-AFB9-B5852A1F43C8}.Release|Any CPU.ActiveCfg = Release|Any CPU
		{7BEE7C44-BE12-43CC-AFB9-B5852A1F43C8}.Release|Any CPU.Build.0 = Release|Any CPU
		{F9D5F226-CE00-4E1A-8C70-4250F5FA954F}.Debug|Any CPU.ActiveCfg = Debug|Any CPU
		{F9D5F226-CE00-4E1A-8C70-4250F5FA954F}.Debug|Any CPU.Build.0 = Debug|Any CPU
		{F9D5F226-CE00-4E1A-8C70-4250F5FA954F}.Release|Any CPU.ActiveCfg = Release|Any CPU
		{F9D5F226-CE00-4E1A-8C70-4250F5FA954F}.Release|Any CPU.Build.0 = Release|Any CPU
		{924D2906-70D6-4D77-8603-816648B2CCA6}.Debug|Any CPU.ActiveCfg = Debug|Any CPU
		{924D2906-70D6-4D77-8603-816648B2CCA6}.Debug|Any CPU.Build.0 = Debug|Any CPU
		{924D2906-70D6-4D77-8603-816648B2CCA6}.Release|Any CPU.ActiveCfg = Release|Any CPU
		{924D2906-70D6-4D77-8603-816648B2CCA6}.Release|Any CPU.Build.0 = Release|Any CPU
		{7AB0DA1C-CA0E-4579-BA82-2B41A9DA15C7}.Debug|Any CPU.ActiveCfg = Debug|Any CPU
		{7AB0DA1C-CA0E-4579-BA82-2B41A9DA15C7}.Debug|Any CPU.Build.0 = Debug|Any CPU
		{7AB0DA1C-CA0E-4579-BA82-2B41A9DA15C7}.Release|Any CPU.ActiveCfg = Release|Any CPU
		{7AB0DA1C-CA0E-4579-BA82-2B41A9DA15C7}.Release|Any CPU.Build.0 = Release|Any CPU
		{66F78F86-68D7-4538-8EA5-A669A08E1C19}.Debug|Any CPU.ActiveCfg = Debug|Any CPU
		{66F78F86-68D7-4538-8EA5-A669A08E1C19}.Debug|Any CPU.Build.0 = Debug|Any CPU
		{66F78F86-68D7-4538-8EA5-A669A08E1C19}.Release|Any CPU.ActiveCfg = Release|Any CPU
		{66F78F86-68D7-4538-8EA5-A669A08E1C19}.Release|Any CPU.Build.0 = Release|Any CPU
	EndGlobalSection
	GlobalSection(SolutionProperties) = preSolution
		HideSolutionNode = FALSE
	EndGlobalSection
	GlobalSection(NestedProjects) = preSolution
		{1FACE5D0-97BF-4069-B4F7-0FE28BB160F8} = {9863FCB3-BFA4-4B9C-B8F6-302BA5F660B8}
		{7DE3AFA0-1B2D-41B1-82BD-120B8B210B43} = {9863FCB3-BFA4-4B9C-B8F6-302BA5F660B8}
		{A855B58E-ED32-40AE-AE8F-054F448B9F2C} = {9863FCB3-BFA4-4B9C-B8F6-302BA5F660B8}
		{6535AA4C-E2CF-5A06-4659-8860EBDA1C64} = {939EC5C2-8345-43E2-8F97-72EEEBEEA0AB}
		{EC13FA45-3A0F-4B71-8BD3-3729010E42BD} = {6535AA4C-E2CF-5A06-4659-8860EBDA1C64}
		{912C7D85-89B3-4FD7-B406-4F9F35246C93} = {6535AA4C-E2CF-5A06-4659-8860EBDA1C64}
		{1BF6F922-E338-4423-9070-3014EB74B965} = {6535AA4C-E2CF-5A06-4659-8860EBDA1C64}
		{8670AA3A-58CD-4853-AA91-E8C7257CEA5E} = {12EC4E4B-7E2C-4B63-8EF9-7B959F82A89B}
		{2376B8D6-5DE6-4098-A917-FBA72089BB13} = {12EC4E4B-7E2C-4B63-8EF9-7B959F82A89B}
		{C37C71BF-9FC1-4B2B-867A-3B2133A8F430} = {12EC4E4B-7E2C-4B63-8EF9-7B959F82A89B}
		{F0DAF149-6AD2-4D18-A73A-5FB1D30B926B} = {12EC4E4B-7E2C-4B63-8EF9-7B959F82A89B}
		{7BEE7C44-BE12-43CC-AFB9-B5852A1F43C8} = {12EC4E4B-7E2C-4B63-8EF9-7B959F82A89B}
		{F9D5F226-CE00-4E1A-8C70-4250F5FA954F} = {12EC4E4B-7E2C-4B63-8EF9-7B959F82A89B}
		{924D2906-70D6-4D77-8603-816648B2CCA6} = {12EC4E4B-7E2C-4B63-8EF9-7B959F82A89B}
		{7AB0DA1C-CA0E-4579-BA82-2B41A9DA15C7} = {12EC4E4B-7E2C-4B63-8EF9-7B959F82A89B}
		{66F78F86-68D7-4538-8EA5-A669A08E1C19} = {12EC4E4B-7E2C-4B63-8EF9-7B959F82A89B}
		{8A1155CC-78E2-4E90-9414-48287CD94E1A} = {939EC5C2-8345-43E2-8F97-72EEEBEEA0AC}
		{09883904-69AF-4861-89C0-15E1BAAAB18E} = {939EC5C2-8345-43E2-8F97-72EEEBEEA0AC}
		{19AE4EDC-06C8-4420-BBBD-0DEA9DAFF2AE} = {939EC5C2-8345-43E2-8F97-72EEEBEEA0AC}
		{0EBAEF23-F612-439F-BA44-3EF6D5F53F5D} = {939EC5C2-8345-43E2-8F97-72EEEBEEA0AC}
		{268FEF7D-D278-4335-9A04-C4EF257B1386} = {939EC5C2-8345-43E2-8F97-72EEEBEEA0AC}
		{F2706EBC-5A92-4780-8083-90E301614E96} = {939EC5C2-8345-43E2-8F97-72EEEBEEA0AC}
		{F817F780-EAE7-4407-982B-BF4F23157EDF} = {939EC5C2-8345-43E2-8F97-72EEEBEEA0AC}
		{23771AE1-7298-4D68-AACF-1D651824BC05} = {939EC5C2-8345-43E2-8F97-72EEEBEEA0AC}
		{23F4D859-7A77-4424-987D-90ACDBB1B878} = {939EC5C2-8345-43E2-8F97-72EEEBEEA0AC}
	EndGlobalSection
	GlobalSection(ExtensibilityGlobals) = postSolution
		SolutionGuid = {D65B91FB-FDAA-412B-A48B-76DFC32C9BC1}
	EndGlobalSection
EndGlobal