Microsoft Visual Studio Solution File, Format Version 12.00
# Visual Studio 15
VisualStudioVersion = 15.0.26730.12
MinimumVisualStudioVersion = 10.0.40219.1
Project("{2150E333-8FDC-42A3-9474-1A3956D46DE8}") = "Core", "Core", "{9863FCB3-BFA4-4B9C-B8F6-302BA5F660B8}"
EndProject
Project("{9A19103F-16F7-4668-BE54-9A1E7A4F7556}") = "AWSSDK.Core.Net35", "../../Core/AWSSDK.Core.Net35.csproj", "{1FACE5D0-97BF-4069-B4F7-0FE28BB160F8}"
EndProject
Project("{9A19103F-16F7-4668-BE54-9A1E7A4F7556}") = "AWSSDK.Core.Net45", "../../Core/AWSSDK.Core.Net45.csproj", "{7DE3AFA0-1B2D-41B1-82BD-120B8B210B43}"
EndProject
Project("{9A19103F-16F7-4668-BE54-9A1E7A4F7556}") = "AWSSDK.Core.NetStandard", "../../Core/AWSSDK.Core.NetStandard.csproj", "{A855B58E-ED32-40AE-AE8F-054F448B9F2C}"
EndProject
Project("{2150E333-8FDC-42A3-9474-1A3956D46DE8}") = "Services", "Services", "{939EC5C2-8345-43E2-8F97-72EEEBEEA0AB}"
EndProject
Project("{2150E333-8FDC-42A3-9474-1A3956D46DE8}") = "MobileAnalytics", "MobileAnalytics", "{17934A08-158F-1F22-0C9F-CA048022DAC2}"
EndProject
Project("{9A19103F-16F7-4668-BE54-9A1E7A4F7556}") = "AWSSDK.MobileAnalytics.Net35", "AWSSDK.MobileAnalytics.Net35.csproj", "{065FAB16-8689-49F3-99C1-55630A728704}"
EndProject
Project("{9A19103F-16F7-4668-BE54-9A1E7A4F7556}") = "AWSSDK.MobileAnalytics.Net45", "AWSSDK.MobileAnalytics.Net45.csproj", "{151C9BE2-2DC3-415E-9088-D718805B3362}"
EndProject
Project("{2150E333-8FDC-42A3-9474-1A3956D46DE8}") = "Test", "Test", "{12EC4E4B-7E2C-4B63-8EF9-7B959F82A89B}"
EndProject
Project("{9A19103F-16F7-4668-BE54-9A1E7A4F7556}") = "AWSSDK.UnitTests.MobileAnalytics.Net35", "../../../test/Services/MobileAnalytics/UnitTests/AWSSDK.UnitTests.MobileAnalytics.Net35.csproj", "{D6567F1B-3E4D-45D5-855A-68DA53BB3970}"
EndProject
Project("{9A19103F-16F7-4668-BE54-9A1E7A4F7556}") = "AWSSDK.UnitTests.MobileAnalytics.Net45", "../../../test/Services/MobileAnalytics/UnitTests/AWSSDK.UnitTests.MobileAnalytics.Net45.csproj", "{14315940-4FC5-481E-AB8D-F079565947DC}"
EndProject
Project("{9A19103F-16F7-4668-BE54-9A1E7A4F7556}") = "ServiceClientGeneratorLib", "../../../../generator/ServiceClientGeneratorLib/ServiceClientGeneratorLib.csproj", "{7BEE7C44-BE12-43CC-AFB9-B5852A1F43C8}"
EndProject
Project("{9A19103F-16F7-4668-BE54-9A1E7A4F7556}") = "AWSSDK.UnitTestUtilities.Net35", "../../../test/UnitTests/Custom/AWSSDK.UnitTestUtilities.Net35.csproj", "{A23CE153-A4A3-4D3A-A6DC-0DD1B207118E}"
EndProject
Project("{9A19103F-16F7-4668-BE54-9A1E7A4F7556}") = "AWSSDK.UnitTestUtilities.Net45", "../../../test/UnitTests/Custom/AWSSDK.UnitTestUtilities.Net45.csproj", "{002B183F-E568-49CD-9D06-CBCFF2C2921F}"
EndProject
Project("{9A19103F-16F7-4668-BE54-9A1E7A4F7556}") = "AWSSDK.IntegrationTestUtilities.Net35", "../../../test/IntegrationTests/AWSSDK.IntegrationTestUtilities.Net35.csproj", "{924D2906-70D6-4D77-8603-816648B2CCA6}"
EndProject
Project("{9A19103F-16F7-4668-BE54-9A1E7A4F7556}") = "AWSSDK.IntegrationTestUtilities.Net45", "../../../test/IntegrationTests/AWSSDK.IntegrationTestUtilities.Net45.csproj", "{7AB0DA1C-CA0E-4579-BA82-2B41A9DA15C7}"
EndProject
Project("{9A19103F-16F7-4668-BE54-9A1E7A4F7556}") = "AWSSDK.CommonTest", "../../../test/Common/AWSSDK.CommonTest.csproj", "{66F78F86-68D7-4538-8EA5-A669A08E1C19}"
EndProject
Project("{2150E333-8FDC-42A3-9474-1A3956D46DE8}") = "IntegrationTestDependencies", "IntegrationTestDependencies", "{939EC5C2-8345-43E2-8F97-72EEEBEEA0AC}"
EndProject
Project("{9A19103F-16F7-4668-BE54-9A1E7A4F7556}") = "AWSSDK.Extensions.CrtIntegration.Net35", "../../../../extensions/src/AWSSDK.Extensions.CrtIntegration/AWSSDK.Extensions.CrtIntegration.Net35.csproj", "{950231BE-6E7A-4607-A189-C3A4CD896C8E}"
EndProject
Project("{9A19103F-16F7-4668-BE54-9A1E7A4F7556}") = "AWSSDK.Extensions.CrtIntegration.Net45", "../../../../extensions/src/AWSSDK.Extensions.CrtIntegration/AWSSDK.Extensions.CrtIntegration.Net45.csproj", "{EE577769-164D-457C-83A5-292F33A66894}"
EndProject
Project("{9A19103F-16F7-4668-BE54-9A1E7A4F7556}") = "AWSSDK.IdentityManagement.Net35", "../IdentityManagement/AWSSDK.IdentityManagement.Net35.csproj", "{FA9FA437-960A-4BDD-A083-1748A8340756}"
EndProject
Project("{9A19103F-16F7-4668-BE54-9A1E7A4F7556}") = "AWSSDK.SecurityToken.Net35", "../SecurityToken/AWSSDK.SecurityToken.Net35.csproj", "{E7CE3025-7655-41FF-889C-3EB816276AE9}"
EndProject
Project("{9A19103F-16F7-4668-BE54-9A1E7A4F7556}") = "AWSSDK.SimpleNotificationService.Net35", "../SimpleNotificationService/AWSSDK.SimpleNotificationService.Net35.csproj", "{854F2B44-3E58-4570-A05D-318A9FE16BC1}"
EndProject
Project("{9A19103F-16F7-4668-BE54-9A1E7A4F7556}") = "AWSSDK.S3.Net35", "../S3/AWSSDK.S3.Net35.csproj", "{74004863-828D-4609-B26C-C871639A10B4}"
EndProject
Project("{9A19103F-16F7-4668-BE54-9A1E7A4F7556}") = "AWSSDK.IdentityManagement.Net45", "../IdentityManagement/AWSSDK.IdentityManagement.Net45.csproj", "{EEA7A61F-5E0C-453B-BBC6-2B51929500C5}"
EndProject
Project("{9A19103F-16F7-4668-BE54-9A1E7A4F7556}") = "AWSSDK.S3.Net45", "../S3/AWSSDK.S3.Net45.csproj", "{E562783B-C84A-4FBF-A428-513CAB29D3F5}"
EndProject
Project("{9A19103F-16F7-4668-BE54-9A1E7A4F7556}") = "AWSSDK.SecurityToken.Net45", "../SecurityToken/AWSSDK.SecurityToken.Net45.csproj", "{ACBEFE09-E63B-42CE-A748-93FE1C809476}"
EndProject
Project("{9A19103F-16F7-4668-BE54-9A1E7A4F7556}") = "AWSSDK.SimpleNotificationService.Net45", "../SimpleNotificationService/AWSSDK.SimpleNotificationService.Net45.csproj", "{D545CE39-61F3-49C7-8C98-87D207B1872F}"
EndProject
Global
	GlobalSection(SolutionConfigurationPlatforms) = preSolution
		Debug|Any CPU = Debug|Any CPU
		Release|Any CPU = Release|Any CPU
	EndGlobalSection
	GlobalSection(ProjectConfigurationPlatforms) = postSolution
		{1FACE5D0-97BF-4069-B4F7-0FE28BB160F8}.Debug|Any CPU.ActiveCfg = Debug|Any CPU
		{1FACE5D0-97BF-4069-B4F7-0FE28BB160F8}.Debug|Any CPU.Build.0 = Debug|Any CPU
		{1FACE5D0-97BF-4069-B4F7-0FE28BB160F8}.Release|Any CPU.ActiveCfg = Release|Any CPU
		{1FACE5D0-97BF-4069-B4F7-0FE28BB160F8}.Release|Any CPU.Build.0 = Release|Any CPU
		{7DE3AFA0-1B2D-41B1-82BD-120B8B210B43}.Debug|Any CPU.ActiveCfg = Debug|Any CPU
		{7DE3AFA0-1B2D-41B1-82BD-120B8B210B43}.Debug|Any CPU.Build.0 = Debug|Any CPU
		{7DE3AFA0-1B2D-41B1-82BD-120B8B210B43}.Release|Any CPU.ActiveCfg = Release|Any CPU
		{7DE3AFA0-1B2D-41B1-82BD-120B8B210B43}.Release|Any CPU.Build.0 = Release|Any CPU
		{A855B58E-ED32-40AE-AE8F-054F448B9F2C}.Debug|Any CPU.ActiveCfg = Debug|Any CPU
		{A855B58E-ED32-40AE-AE8F-054F448B9F2C}.Debug|Any CPU.Build.0 = Debug|Any CPU
		{A855B58E-ED32-40AE-AE8F-054F448B9F2C}.Release|Any CPU.ActiveCfg = Release|Any CPU
		{A855B58E-ED32-40AE-AE8F-054F448B9F2C}.Release|Any CPU.Build.0 = Release|Any CPU
		{065FAB16-8689-49F3-99C1-55630A728704}.Debug|Any CPU.ActiveCfg = Debug|Any CPU
		{065FAB16-8689-49F3-99C1-55630A728704}.Debug|Any CPU.Build.0 = Debug|Any CPU
		{065FAB16-8689-49F3-99C1-55630A728704}.Release|Any CPU.ActiveCfg = Release|Any CPU
		{065FAB16-8689-49F3-99C1-55630A728704}.Release|Any CPU.Build.0 = Release|Any CPU
		{151C9BE2-2DC3-415E-9088-D718805B3362}.Debug|Any CPU.ActiveCfg = Debug|Any CPU
		{151C9BE2-2DC3-415E-9088-D718805B3362}.Debug|Any CPU.Build.0 = Debug|Any CPU
		{151C9BE2-2DC3-415E-9088-D718805B3362}.Release|Any CPU.ActiveCfg = Release|Any CPU
		{151C9BE2-2DC3-415E-9088-D718805B3362}.Release|Any CPU.Build.0 = Release|Any CPU
		{D6567F1B-3E4D-45D5-855A-68DA53BB3970}.Debug|Any CPU.ActiveCfg = Debug|Any CPU
		{D6567F1B-3E4D-45D5-855A-68DA53BB3970}.Debug|Any CPU.Build.0 = Debug|Any CPU
		{D6567F1B-3E4D-45D5-855A-68DA53BB3970}.Release|Any CPU.ActiveCfg = Release|Any CPU
		{D6567F1B-3E4D-45D5-855A-68DA53BB3970}.Release|Any CPU.Build.0 = Release|Any CPU
		{14315940-4FC5-481E-AB8D-F079565947DC}.Debug|Any CPU.ActiveCfg = Debug|Any CPU
		{14315940-4FC5-481E-AB8D-F079565947DC}.Debug|Any CPU.Build.0 = Debug|Any CPU
		{14315940-4FC5-481E-AB8D-F079565947DC}.Release|Any CPU.ActiveCfg = Release|Any CPU
		{14315940-4FC5-481E-AB8D-F079565947DC}.Release|Any CPU.Build.0 = Release|Any CPU
		{7BEE7C44-BE12-43CC-AFB9-B5852A1F43C8}.Debug|Any CPU.ActiveCfg = Debug|Any CPU
		{7BEE7C44-BE12-43CC-AFB9-B5852A1F43C8}.Debug|Any CPU.Build.0 = Debug|Any CPU
		{7BEE7C44-BE12-43CC-AFB9-B5852A1F43C8}.Release|Any CPU.ActiveCfg = Release|Any CPU
		{7BEE7C44-BE12-43CC-AFB9-B5852A1F43C8}.Release|Any CPU.Build.0 = Release|Any CPU
		{A23CE153-A4A3-4D3A-A6DC-0DD1B207118E}.Debug|Any CPU.ActiveCfg = Debug|Any CPU
		{A23CE153-A4A3-4D3A-A6DC-0DD1B207118E}.Debug|Any CPU.Build.0 = Debug|Any CPU
		{A23CE153-A4A3-4D3A-A6DC-0DD1B207118E}.Release|Any CPU.ActiveCfg = Release|Any CPU
		{A23CE153-A4A3-4D3A-A6DC-0DD1B207118E}.Release|Any CPU.Build.0 = Release|Any CPU
		{002B183F-E568-49CD-9D06-CBCFF2C2921F}.Debug|Any CPU.ActiveCfg = Debug|Any CPU
		{002B183F-E568-49CD-9D06-CBCFF2C2921F}.Debug|Any CPU.Build.0 = Debug|Any CPU
		{002B183F-E568-49CD-9D06-CBCFF2C2921F}.Release|Any CPU.ActiveCfg = Release|Any CPU
		{002B183F-E568-49CD-9D06-CBCFF2C2921F}.Release|Any CPU.Build.0 = Release|Any CPU
		{924D2906-70D6-4D77-8603-816648B2CCA6}.Debug|Any CPU.ActiveCfg = Debug|Any CPU
		{924D2906-70D6-4D77-8603-816648B2CCA6}.Debug|Any CPU.Build.0 = Debug|Any CPU
		{924D2906-70D6-4D77-8603-816648B2CCA6}.Release|Any CPU.ActiveCfg = Release|Any CPU
		{924D2906-70D6-4D77-8603-816648B2CCA6}.Release|Any CPU.Build.0 = Release|Any CPU
		{7AB0DA1C-CA0E-4579-BA82-2B41A9DA15C7}.Debug|Any CPU.ActiveCfg = Debug|Any CPU
		{7AB0DA1C-CA0E-4579-BA82-2B41A9DA15C7}.Debug|Any CPU.Build.0 = Debug|Any CPU
		{7AB0DA1C-CA0E-4579-BA82-2B41A9DA15C7}.Release|Any CPU.ActiveCfg = Release|Any CPU
		{7AB0DA1C-CA0E-4579-BA82-2B41A9DA15C7}.Release|Any CPU.Build.0 = Release|Any CPU
		{66F78F86-68D7-4538-8EA5-A669A08E1C19}.Debug|Any CPU.ActiveCfg = Debug|Any CPU
		{66F78F86-68D7-4538-8EA5-A669A08E1C19}.Debug|Any CPU.Build.0 = Debug|Any CPU
		{66F78F86-68D7-4538-8EA5-A669A08E1C19}.Release|Any CPU.ActiveCfg = Release|Any CPU
		{66F78F86-68D7-4538-8EA5-A669A08E1C19}.Release|Any CPU.Build.0 = Release|Any CPU
		{950231BE-6E7A-4607-A189-C3A4CD896C8E}.Debug|Any CPU.ActiveCfg = Debug|Any CPU
		{950231BE-6E7A-4607-A189-C3A4CD896C8E}.Debug|Any CPU.Build.0 = Debug|Any CPU
		{950231BE-6E7A-4607-A189-C3A4CD896C8E}.Release|Any CPU.ActiveCfg = Release|Any CPU
		{950231BE-6E7A-4607-A189-C3A4CD896C8E}.Release|Any CPU.Build.0 = Release|Any CPU
		{EE577769-164D-457C-83A5-292F33A66894}.Debug|Any CPU.ActiveCfg = Debug|Any CPU
		{EE577769-164D-457C-83A5-292F33A66894}.Debug|Any CPU.Build.0 = Debug|Any CPU
		{EE577769-164D-457C-83A5-292F33A66894}.Release|Any CPU.ActiveCfg = Release|Any CPU
		{EE577769-164D-457C-83A5-292F33A66894}.Release|Any CPU.Build.0 = Release|Any CPU
		{FA9FA437-960A-4BDD-A083-1748A8340756}.Debug|Any CPU.ActiveCfg = Debug|Any CPU
		{FA9FA437-960A-4BDD-A083-1748A8340756}.Debug|Any CPU.Build.0 = Debug|Any CPU
		{FA9FA437-960A-4BDD-A083-1748A8340756}.Release|Any CPU.ActiveCfg = Release|Any CPU
		{FA9FA437-960A-4BDD-A083-1748A8340756}.Release|Any CPU.Build.0 = Release|Any CPU
		{E7CE3025-7655-41FF-889C-3EB816276AE9}.Debug|Any CPU.ActiveCfg = Debug|Any CPU
		{E7CE3025-7655-41FF-889C-3EB816276AE9}.Debug|Any CPU.Build.0 = Debug|Any CPU
		{E7CE3025-7655-41FF-889C-3EB816276AE9}.Release|Any CPU.ActiveCfg = Release|Any CPU
		{E7CE3025-7655-41FF-889C-3EB816276AE9}.Release|Any CPU.Build.0 = Release|Any CPU
		{854F2B44-3E58-4570-A05D-318A9FE16BC1}.Debug|Any CPU.ActiveCfg = Debug|Any CPU
		{854F2B44-3E58-4570-A05D-318A9FE16BC1}.Debug|Any CPU.Build.0 = Debug|Any CPU
		{854F2B44-3E58-4570-A05D-318A9FE16BC1}.Release|Any CPU.ActiveCfg = Release|Any CPU
		{854F2B44-3E58-4570-A05D-318A9FE16BC1}.Release|Any CPU.Build.0 = Release|Any CPU
		{74004863-828D-4609-B26C-C871639A10B4}.Debug|Any CPU.ActiveCfg = Debug|Any CPU
		{74004863-828D-4609-B26C-C871639A10B4}.Debug|Any CPU.Build.0 = Debug|Any CPU
		{74004863-828D-4609-B26C-C871639A10B4}.Release|Any CPU.ActiveCfg = Release|Any CPU
		{74004863-828D-4609-B26C-C871639A10B4}.Release|Any CPU.Build.0 = Release|Any CPU
		{EEA7A61F-5E0C-453B-BBC6-2B51929500C5}.Debug|Any CPU.ActiveCfg = Debug|Any CPU
		{EEA7A61F-5E0C-453B-BBC6-2B51929500C5}.Debug|Any CPU.Build.0 = Debug|Any CPU
		{EEA7A61F-5E0C-453B-BBC6-2B51929500C5}.Release|Any CPU.ActiveCfg = Release|Any CPU
		{EEA7A61F-5E0C-453B-BBC6-2B51929500C5}.Release|Any CPU.Build.0 = Release|Any CPU
		{E562783B-C84A-4FBF-A428-513CAB29D3F5}.Debug|Any CPU.ActiveCfg = Debug|Any CPU
		{E562783B-C84A-4FBF-A428-513CAB29D3F5}.Debug|Any CPU.Build.0 = Debug|Any CPU
		{E562783B-C84A-4FBF-A428-513CAB29D3F5}.Release|Any CPU.ActiveCfg = Release|Any CPU
		{E562783B-C84A-4FBF-A428-513CAB29D3F5}.Release|Any CPU.Build.0 = Release|Any CPU
		{ACBEFE09-E63B-42CE-A748-93FE1C809476}.Debug|Any CPU.ActiveCfg = Debug|Any CPU
		{ACBEFE09-E63B-42CE-A748-93FE1C809476}.Debug|Any CPU.Build.0 = Debug|Any CPU
		{ACBEFE09-E63B-42CE-A748-93FE1C809476}.Release|Any CPU.ActiveCfg = Release|Any CPU
		{ACBEFE09-E63B-42CE-A748-93FE1C809476}.Release|Any CPU.Build.0 = Release|Any CPU
		{D545CE39-61F3-49C7-8C98-87D207B1872F}.Debug|Any CPU.ActiveCfg = Debug|Any CPU
		{D545CE39-61F3-49C7-8C98-87D207B1872F}.Debug|Any CPU.Build.0 = Debug|Any CPU
		{D545CE39-61F3-49C7-8C98-87D207B1872F}.Release|Any CPU.ActiveCfg = Release|Any CPU
		{D545CE39-61F3-49C7-8C98-87D207B1872F}.Release|Any CPU.Build.0 = Release|Any CPU
	EndGlobalSection
	GlobalSection(SolutionProperties) = preSolution
		HideSolutionNode = FALSE
	EndGlobalSection
	GlobalSection(NestedProjects) = preSolution
		{1FACE5D0-97BF-4069-B4F7-0FE28BB160F8} = {9863FCB3-BFA4-4B9C-B8F6-302BA5F660B8}
		{7DE3AFA0-1B2D-41B1-82BD-120B8B210B43} = {9863FCB3-BFA4-4B9C-B8F6-302BA5F660B8}
		{A855B58E-ED32-40AE-AE8F-054F448B9F2C} = {9863FCB3-BFA4-4B9C-B8F6-302BA5F660B8}
		{17934A08-158F-1F22-0C9F-CA048022DAC2} = {939EC5C2-8345-43E2-8F97-72EEEBEEA0AB}
		{065FAB16-8689-49F3-99C1-55630A728704} = {17934A08-158F-1F22-0C9F-CA048022DAC2}
		{151C9BE2-2DC3-415E-9088-D718805B3362} = {17934A08-158F-1F22-0C9F-CA048022DAC2}
		{D6567F1B-3E4D-45D5-855A-68DA53BB3970} = {12EC4E4B-7E2C-4B63-8EF9-7B959F82A89B}
		{14315940-4FC5-481E-AB8D-F079565947DC} = {12EC4E4B-7E2C-4B63-8EF9-7B959F82A89B}
		{7BEE7C44-BE12-43CC-AFB9-B5852A1F43C8} = {12EC4E4B-7E2C-4B63-8EF9-7B959F82A89B}
		{A23CE153-A4A3-4D3A-A6DC-0DD1B207118E} = {12EC4E4B-7E2C-4B63-8EF9-7B959F82A89B}
		{002B183F-E568-49CD-9D06-CBCFF2C2921F} = {12EC4E4B-7E2C-4B63-8EF9-7B959F82A89B}
		{924D2906-70D6-4D77-8603-816648B2CCA6} = {12EC4E4B-7E2C-4B63-8EF9-7B959F82A89B}
		{7AB0DA1C-CA0E-4579-BA82-2B41A9DA15C7} = {12EC4E4B-7E2C-4B63-8EF9-7B959F82A89B}
		{66F78F86-68D7-4538-8EA5-A669A08E1C19} = {12EC4E4B-7E2C-4B63-8EF9-7B959F82A89B}
		{950231BE-6E7A-4607-A189-C3A4CD896C8E} = {939EC5C2-8345-43E2-8F97-72EEEBEEA0AC}
		{EE577769-164D-457C-83A5-292F33A66894} = {939EC5C2-8345-43E2-8F97-72EEEBEEA0AC}
		{FA9FA437-960A-4BDD-A083-1748A8340756} = {939EC5C2-8345-43E2-8F97-72EEEBEEA0AC}
		{E7CE3025-7655-41FF-889C-3EB816276AE9} = {939EC5C2-8345-43E2-8F97-72EEEBEEA0AC}
		{854F2B44-3E58-4570-A05D-318A9FE16BC1} = {939EC5C2-8345-43E2-8F97-72EEEBEEA0AC}
		{74004863-828D-4609-B26C-C871639A10B4} = {939EC5C2-8345-43E2-8F97-72EEEBEEA0AC}
		{EEA7A61F-5E0C-453B-BBC6-2B51929500C5} = {939EC5C2-8345-43E2-8F97-72EEEBEEA0AC}
		{E562783B-C84A-4FBF-A428-513CAB29D3F5} = {939EC5C2-8345-43E2-8F97-72EEEBEEA0AC}
		{ACBEFE09-E63B-42CE-A748-93FE1C809476} = {939EC5C2-8345-43E2-8F97-72EEEBEEA0AC}
		{D545CE39-61F3-49C7-8C98-87D207B1872F} = {939EC5C2-8345-43E2-8F97-72EEEBEEA0AC}
	EndGlobalSection
	GlobalSection(ExtensibilityGlobals) = postSolution
		SolutionGuid = {4F852527-9465-41C9-B4D5-B7377087520C}
	EndGlobalSection
EndGlobal