Microsoft Visual Studio Solution File, Format Version 12.00
# Visual Studio 15
VisualStudioVersion = 15.0.26730.12
MinimumVisualStudioVersion = 10.0.40219.1
Project("{2150E333-8FDC-42A3-9474-1A3956D46DE8}") = "Core", "Core", "{9863FCB3-BFA4-4B9C-B8F6-302BA5F660B8}"
EndProject
Project("{9A19103F-16F7-4668-BE54-9A1E7A4F7556}") = "AWSSDK.Core.NetFramework", "../../Core/AWSSDK.Core.NetFramework.csproj", "{7DE3AFA0-1B2D-41B1-82BD-120B8B210B43}"
EndProject
Project("{9A19103F-16F7-4668-BE54-9A1E7A4F7556}") = "AWSSDK.Core.NetStandard", "../../Core/AWSSDK.Core.NetStandard.csproj", "{A855B58E-ED32-40AE-AE8F-054F448B9F2C}"
EndProject
Project("{2150E333-8FDC-42A3-9474-1A3956D46DE8}") = "Services", "Services", "{939EC5C2-8345-43E2-8F97-72EEEBEEA0AB}"
EndProject
Project("{2150E333-8FDC-42A3-9474-1A3956D46DE8}") = "CodeBuild", "CodeBuild", "{45E4F0CB-0AE8-037D-8015-9052E6A7DCB5}"
EndProject
Project("{9A19103F-16F7-4668-BE54-9A1E7A4F7556}") = "AWSSDK.CodeBuild.NetFramework", "AWSSDK.CodeBuild.NetFramework.csproj", "{AF3912EE-A445-4571-8378-CBE63177B3E9}"
EndProject
Project("{9A19103F-16F7-4668-BE54-9A1E7A4F7556}") = "AWSSDK.CodeBuild.NetStandard", "AWSSDK.CodeBuild.NetStandard.csproj", "{EA7D056A-7931-431B-BC44-230695EDCF0D}"
EndProject
Project("{2150E333-8FDC-42A3-9474-1A3956D46DE8}") = "Test", "Test", "{12EC4E4B-7E2C-4B63-8EF9-7B959F82A89B}"
EndProject
Project("{9A19103F-16F7-4668-BE54-9A1E7A4F7556}") = "AWSSDK.UnitTests.CodeBuild.NetFramework", "../../../test/Services/CodeBuild/UnitTests/AWSSDK.UnitTests.CodeBuild.NetFramework.csproj", "{181AB424-651F-4675-9590-6F09B43BD28B}"
EndProject
Project("{9A19103F-16F7-4668-BE54-9A1E7A4F7556}") = "ServiceClientGeneratorLib", "../../../../generator/ServiceClientGeneratorLib/ServiceClientGeneratorLib.csproj", "{7BEE7C44-BE12-43CC-AFB9-B5852A1F43C8}"
EndProject
Project("{9A19103F-16F7-4668-BE54-9A1E7A4F7556}") = "AWSSDK.UnitTestUtilities.NetFramework", "../../../test/UnitTests/Custom/AWSSDK.UnitTestUtilities.NetFramework.csproj", "{002B183F-E568-49CD-9D06-CBCFF2C2921F}"
EndProject
Project("{9A19103F-16F7-4668-BE54-9A1E7A4F7556}") = "AWSSDK.IntegrationTestUtilities.NetFramework", "../../../test/IntegrationTests/AWSSDK.IntegrationTestUtilities.NetFramework.csproj", "{7AB0DA1C-CA0E-4579-BA82-2B41A9DA15C7}"
EndProject
Project("{9A19103F-16F7-4668-BE54-9A1E7A4F7556}") = "AWSSDK.CommonTest", "../../../test/Common/AWSSDK.CommonTest.csproj", "{66F78F86-68D7-4538-8EA5-A669A08E1C19}"
EndProject
Project("{9A19103F-16F7-4668-BE54-9A1E7A4F7556}") = "AWSSDK.CommonTest.NetStandard", "../../../test/NetStandard/Common/AWSSDK.CommonTest.NetStandard.csproj", "{87FCE8BC-9E24-4D84-B5CF-C1BA7A51423F}"
EndProject
Project("{9A19103F-16F7-4668-BE54-9A1E7A4F7556}") = "UnitTests.NetStandard.CoreOnly", "../../../test/NetStandard/UnitTests/UnitTests.NetStandard.CoreOnly.csproj", "{B969DE99-0634-4989-A318-086AE1699974}"
EndProject
Project("{2150E333-8FDC-42A3-9474-1A3956D46DE8}") = "IntegrationTestDependencies", "IntegrationTestDependencies", "{939EC5C2-8345-43E2-8F97-72EEEBEEA0AC}"
EndProject
Project("{9A19103F-16F7-4668-BE54-9A1E7A4F7556}") = "AWSSDK.Extensions.CrtIntegration.NetFramework", "../../../../extensions/src/AWSSDK.Extensions.CrtIntegration/AWSSDK.Extensions.CrtIntegration.NetFramework.csproj", "{7330810C-045E-4E09-A6CD-4B5956F21432}"
EndProject
Project("{9A19103F-16F7-4668-BE54-9A1E7A4F7556}") = "AWSSDK.IdentityManagement.NetFramework", "../IdentityManagement/AWSSDK.IdentityManagement.NetFramework.csproj", "{2FAB12C7-AF3F-405E-84B7-7CA160BE2FDA}"
EndProject
Project("{9A19103F-16F7-4668-BE54-9A1E7A4F7556}") = "AWSSDK.S3.NetFramework", "../S3/AWSSDK.S3.NetFramework.csproj", "{FF376522-D701-4270-87A1-DE3A40BB6E00}"
EndProject
Project("{9A19103F-16F7-4668-BE54-9A1E7A4F7556}") = "AWSSDK.SecurityToken.NetFramework", "../SecurityToken/AWSSDK.SecurityToken.NetFramework.csproj", "{11B4EF00-F5C2-42A5-AB13-563284C949FE}"
EndProject
Project("{9A19103F-16F7-4668-BE54-9A1E7A4F7556}") = "AWSSDK.SimpleNotificationService.NetFramework", "../SimpleNotificationService/AWSSDK.SimpleNotificationService.NetFramework.csproj", "{2E4C2270-71B7-487F-B90D-3697789B7C65}"
EndProject
Global
	GlobalSection(SolutionConfigurationPlatforms) = preSolution
		Debug|Any CPU = Debug|Any CPU
		Release|Any CPU = Release|Any CPU
	EndGlobalSection
	GlobalSection(ProjectConfigurationPlatforms) = postSolution
		{7DE3AFA0-1B2D-41B1-82BD-120B8B210B43}.Debug|Any CPU.ActiveCfg = Debug|Any CPU
		{7DE3AFA0-1B2D-41B1-82BD-120B8B210B43}.Debug|Any CPU.Build.0 = Debug|Any CPU
		{7DE3AFA0-1B2D-41B1-82BD-120B8B210B43}.Release|Any CPU.ActiveCfg = Release|Any CPU
		{7DE3AFA0-1B2D-41B1-82BD-120B8B210B43}.Release|Any CPU.Build.0 = Release|Any CPU
		{A855B58E-ED32-40AE-AE8F-054F448B9F2C}.Debug|Any CPU.ActiveCfg = Debug|Any CPU
		{A855B58E-ED32-40AE-AE8F-054F448B9F2C}.Debug|Any CPU.Build.0 = Debug|Any CPU
		{A855B58E-ED32-40AE-AE8F-054F448B9F2C}.Release|Any CPU.ActiveCfg = Release|Any CPU
		{A855B58E-ED32-40AE-AE8F-054F448B9F2C}.Release|Any CPU.Build.0 = Release|Any CPU
		{AF3912EE-A445-4571-8378-CBE63177B3E9}.Debug|Any CPU.ActiveCfg = Debug|Any CPU
		{AF3912EE-A445-4571-8378-CBE63177B3E9}.Debug|Any CPU.Build.0 = Debug|Any CPU
		{AF3912EE-A445-4571-8378-CBE63177B3E9}.Release|Any CPU.ActiveCfg = Release|Any CPU
		{AF3912EE-A445-4571-8378-CBE63177B3E9}.Release|Any CPU.Build.0 = Release|Any CPU
		{EA7D056A-7931-431B-BC44-230695EDCF0D}.Debug|Any CPU.ActiveCfg = Debug|Any CPU
		{EA7D056A-7931-431B-BC44-230695EDCF0D}.Debug|Any CPU.Build.0 = Debug|Any CPU
		{EA7D056A-7931-431B-BC44-230695EDCF0D}.Release|Any CPU.ActiveCfg = Release|Any CPU
		{EA7D056A-7931-431B-BC44-230695EDCF0D}.Release|Any CPU.Build.0 = Release|Any CPU
		{181AB424-651F-4675-9590-6F09B43BD28B}.Debug|Any CPU.ActiveCfg = Debug|Any CPU
		{181AB424-651F-4675-9590-6F09B43BD28B}.Debug|Any CPU.Build.0 = Debug|Any CPU
		{181AB424-651F-4675-9590-6F09B43BD28B}.Release|Any CPU.ActiveCfg = Release|Any CPU
		{181AB424-651F-4675-9590-6F09B43BD28B}.Release|Any CPU.Build.0 = Release|Any CPU
		{7BEE7C44-BE12-43CC-AFB9-B5852A1F43C8}.Debug|Any CPU.ActiveCfg = Debug|Any CPU
		{7BEE7C44-BE12-43CC-AFB9-B5852A1F43C8}.Debug|Any CPU.Build.0 = Debug|Any CPU
		{7BEE7C44-BE12-43CC-AFB9-B5852A1F43C8}.Release|Any CPU.ActiveCfg = Release|Any CPU
		{7BEE7C44-BE12-43CC-AFB9-B5852A1F43C8}.Release|Any CPU.Build.0 = Release|Any CPU
		{002B183F-E568-49CD-9D06-CBCFF2C2921F}.Debug|Any CPU.ActiveCfg = Debug|Any CPU
		{002B183F-E568-49CD-9D06-CBCFF2C2921F}.Debug|Any CPU.Build.0 = Debug|Any CPU
		{002B183F-E568-49CD-9D06-CBCFF2C2921F}.Release|Any CPU.ActiveCfg = Release|Any CPU
		{002B183F-E568-49CD-9D06-CBCFF2C2921F}.Release|Any CPU.Build.0 = Release|Any CPU
		{7AB0DA1C-CA0E-4579-BA82-2B41A9DA15C7}.Debug|Any CPU.ActiveCfg = Debug|Any CPU
		{7AB0DA1C-CA0E-4579-BA82-2B41A9DA15C7}.Debug|Any CPU.Build.0 = Debug|Any CPU
		{7AB0DA1C-CA0E-4579-BA82-2B41A9DA15C7}.Release|Any CPU.ActiveCfg = Release|Any CPU
		{7AB0DA1C-CA0E-4579-BA82-2B41A9DA15C7}.Release|Any CPU.Build.0 = Release|Any CPU
		{66F78F86-68D7-4538-8EA5-A669A08E1C19}.Debug|Any CPU.ActiveCfg = Debug|Any CPU
		{66F78F86-68D7-4538-8EA5-A669A08E1C19}.Debug|Any CPU.Build.0 = Debug|Any CPU
		{66F78F86-68D7-4538-8EA5-A669A08E1C19}.Release|Any CPU.ActiveCfg = Release|Any CPU
		{66F78F86-68D7-4538-8EA5-A669A08E1C19}.Release|Any CPU.Build.0 = Release|Any CPU
		{87FCE8BC-9E24-4D84-B5CF-C1BA7A51423F}.Debug|Any CPU.ActiveCfg = Debug|Any CPU
		{87FCE8BC-9E24-4D84-B5CF-C1BA7A51423F}.Debug|Any CPU.Build.0 = Debug|Any CPU
		{87FCE8BC-9E24-4D84-B5CF-C1BA7A51423F}.Release|Any CPU.ActiveCfg = Release|Any CPU
		{87FCE8BC-9E24-4D84-B5CF-C1BA7A51423F}.Release|Any CPU.Build.0 = Release|Any CPU
		{B969DE99-0634-4989-A318-086AE1699974}.Debug|Any CPU.ActiveCfg = Debug|Any CPU
		{B969DE99-0634-4989-A318-086AE1699974}.Debug|Any CPU.Build.0 = Debug|Any CPU
		{B969DE99-0634-4989-A318-086AE1699974}.Release|Any CPU.ActiveCfg = Release|Any CPU
		{B969DE99-0634-4989-A318-086AE1699974}.Release|Any CPU.Build.0 = Release|Any CPU
		{7330810C-045E-4E09-A6CD-4B5956F21432}.Debug|Any CPU.ActiveCfg = Debug|Any CPU
		{7330810C-045E-4E09-A6CD-4B5956F21432}.Debug|Any CPU.Build.0 = Debug|Any CPU
		{7330810C-045E-4E09-A6CD-4B5956F21432}.Release|Any CPU.ActiveCfg = Release|Any CPU
		{7330810C-045E-4E09-A6CD-4B5956F21432}.Release|Any CPU.Build.0 = Release|Any CPU
		{2FAB12C7-AF3F-405E-84B7-7CA160BE2FDA}.Debug|Any CPU.ActiveCfg = Debug|Any CPU
		{2FAB12C7-AF3F-405E-84B7-7CA160BE2FDA}.Debug|Any CPU.Build.0 = Debug|Any CPU
		{2FAB12C7-AF3F-405E-84B7-7CA160BE2FDA}.Release|Any CPU.ActiveCfg = Release|Any CPU
		{2FAB12C7-AF3F-405E-84B7-7CA160BE2FDA}.Release|Any CPU.Build.0 = Release|Any CPU
		{FF376522-D701-4270-87A1-DE3A40BB6E00}.Debug|Any CPU.ActiveCfg = Debug|Any CPU
		{FF376522-D701-4270-87A1-DE3A40BB6E00}.Debug|Any CPU.Build.0 = Debug|Any CPU
		{FF376522-D701-4270-87A1-DE3A40BB6E00}.Release|Any CPU.ActiveCfg = Release|Any CPU
		{FF376522-D701-4270-87A1-DE3A40BB6E00}.Release|Any CPU.Build.0 = Release|Any CPU
		{11B4EF00-F5C2-42A5-AB13-563284C949FE}.Debug|Any CPU.ActiveCfg = Debug|Any CPU
		{11B4EF00-F5C2-42A5-AB13-563284C949FE}.Debug|Any CPU.Build.0 = Debug|Any CPU
		{11B4EF00-F5C2-42A5-AB13-563284C949FE}.Release|Any CPU.ActiveCfg = Release|Any CPU
		{11B4EF00-F5C2-42A5-AB13-563284C949FE}.Release|Any CPU.Build.0 = Release|Any CPU
		{2E4C2270-71B7-487F-B90D-3697789B7C65}.Debug|Any CPU.ActiveCfg = Debug|Any CPU
		{2E4C2270-71B7-487F-B90D-3697789B7C65}.Debug|Any CPU.Build.0 = Debug|Any CPU
		{2E4C2270-71B7-487F-B90D-3697789B7C65}.Release|Any CPU.ActiveCfg = Release|Any CPU
		{2E4C2270-71B7-487F-B90D-3697789B7C65}.Release|Any CPU.Build.0 = Release|Any CPU
	EndGlobalSection
	GlobalSection(SolutionProperties) = preSolution
		HideSolutionNode = FALSE
	EndGlobalSection
	GlobalSection(NestedProjects) = preSolution
		{7DE3AFA0-1B2D-41B1-82BD-120B8B210B43} = {9863FCB3-BFA4-4B9C-B8F6-302BA5F660B8}
		{A855B58E-ED32-40AE-AE8F-054F448B9F2C} = {9863FCB3-BFA4-4B9C-B8F6-302BA5F660B8}
		{45E4F0CB-0AE8-037D-8015-9052E6A7DCB5} = {939EC5C2-8345-43E2-8F97-72EEEBEEA0AB}
		{AF3912EE-A445-4571-8378-CBE63177B3E9} = {45E4F0CB-0AE8-037D-8015-9052E6A7DCB5}
		{EA7D056A-7931-431B-BC44-230695EDCF0D} = {45E4F0CB-0AE8-037D-8015-9052E6A7DCB5}
		{181AB424-651F-4675-9590-6F09B43BD28B} = {12EC4E4B-7E2C-4B63-8EF9-7B959F82A89B}
		{7BEE7C44-BE12-43CC-AFB9-B5852A1F43C8} = {12EC4E4B-7E2C-4B63-8EF9-7B959F82A89B}
		{002B183F-E568-49CD-9D06-CBCFF2C2921F} = {12EC4E4B-7E2C-4B63-8EF9-7B959F82A89B}
		{7AB0DA1C-CA0E-4579-BA82-2B41A9DA15C7} = {12EC4E4B-7E2C-4B63-8EF9-7B959F82A89B}
		{66F78F86-68D7-4538-8EA5-A669A08E1C19} = {12EC4E4B-7E2C-4B63-8EF9-7B959F82A89B}
		{87FCE8BC-9E24-4D84-B5CF-C1BA7A51423F} = {12EC4E4B-7E2C-4B63-8EF9-7B959F82A89B}
		{B969DE99-0634-4989-A318-086AE1699974} = {12EC4E4B-7E2C-4B63-8EF9-7B959F82A89B}
		{7330810C-045E-4E09-A6CD-4B5956F21432} = {939EC5C2-8345-43E2-8F97-72EEEBEEA0AC}
		{2FAB12C7-AF3F-405E-84B7-7CA160BE2FDA} = {939EC5C2-8345-43E2-8F97-72EEEBEEA0AC}
		{FF376522-D701-4270-87A1-DE3A40BB6E00} = {939EC5C2-8345-43E2-8F97-72EEEBEEA0AC}
		{11B4EF00-F5C2-42A5-AB13-563284C949FE} = {939EC5C2-8345-43E2-8F97-72EEEBEEA0AC}
		{2E4C2270-71B7-487F-B90D-3697789B7C65} = {939EC5C2-8345-43E2-8F97-72EEEBEEA0AC}
	EndGlobalSection
	GlobalSection(ExtensibilityGlobals) = postSolution
		SolutionGuid = {70BF983A-E2C9-46CF-8265-E2483CA6CFCB}
	EndGlobalSection
EndGlobal