Microsoft Visual Studio Solution File, Format Version 12.00
# Visual Studio 15
VisualStudioVersion = 15.0.26730.12
MinimumVisualStudioVersion = 10.0.40219.1
Project("{2150E333-8FDC-42A3-9474-1A3956D46DE8}") = "Core", "Core", "{9863FCB3-BFA4-4B9C-B8F6-302BA5F660B8}"
EndProject
Project("{9A19103F-16F7-4668-BE54-9A1E7A4F7556}") = "AWSSDK.Core.NetFramework", "../../Core/AWSSDK.Core.NetFramework.csproj", "{7DE3AFA0-1B2D-41B1-82BD-120B8B210B43}"
EndProject
Project("{9A19103F-16F7-4668-BE54-9A1E7A4F7556}") = "AWSSDK.Core.NetStandard", "../../Core/AWSSDK.Core.NetStandard.csproj", "{A855B58E-ED32-40AE-AE8F-054F448B9F2C}"
EndProject
Project("{2150E333-8FDC-42A3-9474-1A3956D46DE8}") = "Services", "Services", "{939EC5C2-8345-43E2-8F97-72EEEBEEA0AB}"
EndProject
Project("{2150E333-8FDC-42A3-9474-1A3956D46DE8}") = "APIGateway", "APIGateway", "{2305F8EB-CF6C-32BD-44CA-9E5DB9DC581B}"
EndProject
Project("{9A19103F-16F7-4668-BE54-9A1E7A4F7556}") = "AWSSDK.APIGateway.NetFramework", "AWSSDK.APIGateway.NetFramework.csproj", "{1342D493-7938-41F5-ADE4-B3579D9D7F6D}"
EndProject
Project("{9A19103F-16F7-4668-BE54-9A1E7A4F7556}") = "AWSSDK.APIGateway.NetStandard", "AWSSDK.APIGateway.NetStandard.csproj", "{89D555E2-7BF2-45D1-84D4-E9DC8BE88A27}"
EndProject
Project("{2150E333-8FDC-42A3-9474-1A3956D46DE8}") = "Test", "Test", "{12EC4E4B-7E2C-4B63-8EF9-7B959F82A89B}"
EndProject
Project("{9A19103F-16F7-4668-BE54-9A1E7A4F7556}") = "AWSSDK.IntegrationTests.APIGateway.NetFramework", "../../../test/Services/APIGateway/IntegrationTests/AWSSDK.IntegrationTests.APIGateway.NetFramework.csproj", "{37D6BC79-7E81-4437-856C-05B6CD6BCC53}"
EndProject
Project("{9A19103F-16F7-4668-BE54-9A1E7A4F7556}") = "AWSSDK.UnitTests.APIGateway.NetFramework", "../../../test/Services/APIGateway/UnitTests/AWSSDK.UnitTests.APIGateway.NetFramework.csproj", "{850182EF-489E-483E-B3ED-3D8399833553}"
EndProject
Project("{9A19103F-16F7-4668-BE54-9A1E7A4F7556}") = "ServiceClientGeneratorLib", "../../../../generator/ServiceClientGeneratorLib/ServiceClientGeneratorLib.csproj", "{7BEE7C44-BE12-43CC-AFB9-B5852A1F43C8}"
EndProject
Project("{9A19103F-16F7-4668-BE54-9A1E7A4F7556}") = "AWSSDK.UnitTestUtilities.NetFramework", "../../../test/UnitTests/Custom/AWSSDK.UnitTestUtilities.NetFramework.csproj", "{002B183F-E568-49CD-9D06-CBCFF2C2921F}"
EndProject
Project("{9A19103F-16F7-4668-BE54-9A1E7A4F7556}") = "AWSSDK.IntegrationTestUtilities.NetFramework", "../../../test/IntegrationTests/AWSSDK.IntegrationTestUtilities.NetFramework.csproj", "{7AB0DA1C-CA0E-4579-BA82-2B41A9DA15C7}"
EndProject
Project("{9A19103F-16F7-4668-BE54-9A1E7A4F7556}") = "AWSSDK.CommonTest", "../../../test/Common/AWSSDK.CommonTest.csproj", "{66F78F86-68D7-4538-8EA5-A669A08E1C19}"
EndProject
Project("{9A19103F-16F7-4668-BE54-9A1E7A4F7556}") = "AWSSDK.CommonTest.NetStandard", "../../../test/NetStandard/Common/AWSSDK.CommonTest.NetStandard.csproj", "{87FCE8BC-9E24-4D84-B5CF-C1BA7A51423F}"
EndProject
Project("{9A19103F-16F7-4668-BE54-9A1E7A4F7556}") = "UnitTests.NetStandard.CoreOnly", "../../../test/NetStandard/UnitTests/UnitTests.NetStandard.CoreOnly.csproj", "{B969DE99-0634-4989-A318-086AE1699974}"
EndProject
Project("{2150E333-8FDC-42A3-9474-1A3956D46DE8}") = "IntegrationTestDependencies", "IntegrationTestDependencies", "{939EC5C2-8345-43E2-8F97-72EEEBEEA0AC}"
EndProject
Project("{9A19103F-16F7-4668-BE54-9A1E7A4F7556}") = "AWSSDK.AWSSupport.NetFramework", "../AWSSupport/AWSSDK.AWSSupport.NetFramework.csproj", "{0ABA2A4F-F88B-4FDD-8F6C-CC8F91E6BEF3}"
EndProject
Project("{9A19103F-16F7-4668-BE54-9A1E7A4F7556}") = "AWSSDK.Extensions.CrtIntegration.NetFramework", "../../../../extensions/src/AWSSDK.Extensions.CrtIntegration/AWSSDK.Extensions.CrtIntegration.NetFramework.csproj", "{4D7A2BFC-0229-449D-B8D0-8F6E87AFE42C}"
EndProject
Project("{9A19103F-16F7-4668-BE54-9A1E7A4F7556}") = "AWSSDK.IdentityManagement.NetFramework", "../IdentityManagement/AWSSDK.IdentityManagement.NetFramework.csproj", "{69926BE2-037C-456E-AB84-362A7655EF10}"
EndProject
Project("{9A19103F-16F7-4668-BE54-9A1E7A4F7556}") = "AWSSDK.S3.NetFramework", "../S3/AWSSDK.S3.NetFramework.csproj", "{96942FF5-2831-4098-9D2A-CC8E3321E2B7}"
EndProject
Project("{9A19103F-16F7-4668-BE54-9A1E7A4F7556}") = "AWSSDK.SecurityToken.NetFramework", "../SecurityToken/AWSSDK.SecurityToken.NetFramework.csproj", "{AE493180-24DD-4F5E-BFE9-722C32DB6D84}"
EndProject
Project("{9A19103F-16F7-4668-BE54-9A1E7A4F7556}") = "AWSSDK.SimpleNotificationService.NetFramework", "../SimpleNotificationService/AWSSDK.SimpleNotificationService.NetFramework.csproj", "{7341D654-9178-4A98-84E6-D4F44A30B52C}"
EndProject
Global
	GlobalSection(SolutionConfigurationPlatforms) = preSolution
		Debug|Any CPU = Debug|Any CPU
		Release|Any CPU = Release|Any CPU
	EndGlobalSection
	GlobalSection(ProjectConfigurationPlatforms) = postSolution
		{7DE3AFA0-1B2D-41B1-82BD-120B8B210B43}.Debug|Any CPU.ActiveCfg = Debug|Any CPU
		{7DE3AFA0-1B2D-41B1-82BD-120B8B210B43}.Debug|Any CPU.Build.0 = Debug|Any CPU
		{7DE3AFA0-1B2D-41B1-82BD-120B8B210B43}.Release|Any CPU.ActiveCfg = Release|Any CPU
		{7DE3AFA0-1B2D-41B1-82BD-120B8B210B43}.Release|Any CPU.Build.0 = Release|Any CPU
		{A855B58E-ED32-40AE-AE8F-054F448B9F2C}.Debug|Any CPU.ActiveCfg = Debug|Any CPU
		{A855B58E-ED32-40AE-AE8F-054F448B9F2C}.Debug|Any CPU.Build.0 = Debug|Any CPU
		{A855B58E-ED32-40AE-AE8F-054F448B9F2C}.Release|Any CPU.ActiveCfg = Release|Any CPU
		{A855B58E-ED32-40AE-AE8F-054F448B9F2C}.Release|Any CPU.Build.0 = Release|Any CPU
		{1342D493-7938-41F5-ADE4-B3579D9D7F6D}.Debug|Any CPU.ActiveCfg = Debug|Any CPU
		{1342D493-7938-41F5-ADE4-B3579D9D7F6D}.Debug|Any CPU.Build.0 = Debug|Any CPU
		{1342D493-7938-41F5-ADE4-B3579D9D7F6D}.Release|Any CPU.ActiveCfg = Release|Any CPU
		{1342D493-7938-41F5-ADE4-B3579D9D7F6D}.Release|Any CPU.Build.0 = Release|Any CPU
		{89D555E2-7BF2-45D1-84D4-E9DC8BE88A27}.Debug|Any CPU.ActiveCfg = Debug|Any CPU
		{89D555E2-7BF2-45D1-84D4-E9DC8BE88A27}.Debug|Any CPU.Build.0 = Debug|Any CPU
		{89D555E2-7BF2-45D1-84D4-E9DC8BE88A27}.Release|Any CPU.ActiveCfg = Release|Any CPU
		{89D555E2-7BF2-45D1-84D4-E9DC8BE88A27}.Release|Any CPU.Build.0 = Release|Any CPU
		{37D6BC79-7E81-4437-856C-05B6CD6BCC53}.Debug|Any CPU.ActiveCfg = Debug|Any CPU
		{37D6BC79-7E81-4437-856C-05B6CD6BCC53}.Debug|Any CPU.Build.0 = Debug|Any CPU
		{37D6BC79-7E81-4437-856C-05B6CD6BCC53}.Release|Any CPU.ActiveCfg = Release|Any CPU
		{37D6BC79-7E81-4437-856C-05B6CD6BCC53}.Release|Any CPU.Build.0 = Release|Any CPU
		{850182EF-489E-483E-B3ED-3D8399833553}.Debug|Any CPU.ActiveCfg = Debug|Any CPU
		{850182EF-489E-483E-B3ED-3D8399833553}.Debug|Any CPU.Build.0 = Debug|Any CPU
		{850182EF-489E-483E-B3ED-3D8399833553}.Release|Any CPU.ActiveCfg = Release|Any CPU
		{850182EF-489E-483E-B3ED-3D8399833553}.Release|Any CPU.Build.0 = Release|Any CPU
		{7BEE7C44-BE12-43CC-AFB9-B5852A1F43C8}.Debug|Any CPU.ActiveCfg = Debug|Any CPU
		{7BEE7C44-BE12-43CC-AFB9-B5852A1F43C8}.Debug|Any CPU.Build.0 = Debug|Any CPU
		{7BEE7C44-BE12-43CC-AFB9-B5852A1F43C8}.Release|Any CPU.ActiveCfg = Release|Any CPU
		{7BEE7C44-BE12-43CC-AFB9-B5852A1F43C8}.Release|Any CPU.Build.0 = Release|Any CPU
		{002B183F-E568-49CD-9D06-CBCFF2C2921F}.Debug|Any CPU.ActiveCfg = Debug|Any CPU
		{002B183F-E568-49CD-9D06-CBCFF2C2921F}.Debug|Any CPU.Build.0 = Debug|Any CPU
		{002B183F-E568-49CD-9D06-CBCFF2C2921F}.Release|Any CPU.ActiveCfg = Release|Any CPU
		{002B183F-E568-49CD-9D06-CBCFF2C2921F}.Release|Any CPU.Build.0 = Release|Any CPU
		{7AB0DA1C-CA0E-4579-BA82-2B41A9DA15C7}.Debug|Any CPU.ActiveCfg = Debug|Any CPU
		{7AB0DA1C-CA0E-4579-BA82-2B41A9DA15C7}.Debug|Any CPU.Build.0 = Debug|Any CPU
		{7AB0DA1C-CA0E-4579-BA82-2B41A9DA15C7}.Release|Any CPU.ActiveCfg = Release|Any CPU
		{7AB0DA1C-CA0E-4579-BA82-2B41A9DA15C7}.Release|Any CPU.Build.0 = Release|Any CPU
		{66F78F86-68D7-4538-8EA5-A669A08E1C19}.Debug|Any CPU.ActiveCfg = Debug|Any CPU
		{66F78F86-68D7-4538-8EA5-A669A08E1C19}.Debug|Any CPU.Build.0 = Debug|Any CPU
		{66F78F86-68D7-4538-8EA5-A669A08E1C19}.Release|Any CPU.ActiveCfg = Release|Any CPU
		{66F78F86-68D7-4538-8EA5-A669A08E1C19}.Release|Any CPU.Build.0 = Release|Any CPU
		{87FCE8BC-9E24-4D84-B5CF-C1BA7A51423F}.Debug|Any CPU.ActiveCfg = Debug|Any CPU
		{87FCE8BC-9E24-4D84-B5CF-C1BA7A51423F}.Debug|Any CPU.Build.0 = Debug|Any CPU
		{87FCE8BC-9E24-4D84-B5CF-C1BA7A51423F}.Release|Any CPU.ActiveCfg = Release|Any CPU
		{87FCE8BC-9E24-4D84-B5CF-C1BA7A51423F}.Release|Any CPU.Build.0 = Release|Any CPU
		{B969DE99-0634-4989-A318-086AE1699974}.Debug|Any CPU.ActiveCfg = Debug|Any CPU
		{B969DE99-0634-4989-A318-086AE1699974}.Debug|Any CPU.Build.0 = Debug|Any CPU
		{B969DE99-0634-4989-A318-086AE1699974}.Release|Any CPU.ActiveCfg = Release|Any CPU
		{B969DE99-0634-4989-A318-086AE1699974}.Release|Any CPU.Build.0 = Release|Any CPU
		{0ABA2A4F-F88B-4FDD-8F6C-CC8F91E6BEF3}.Debug|Any CPU.ActiveCfg = Debug|Any CPU
		{0ABA2A4F-F88B-4FDD-8F6C-CC8F91E6BEF3}.Debug|Any CPU.Build.0 = Debug|Any CPU
		{0ABA2A4F-F88B-4FDD-8F6C-CC8F91E6BEF3}.Release|Any CPU.ActiveCfg = Release|Any CPU
		{0ABA2A4F-F88B-4FDD-8F6C-CC8F91E6BEF3}.Release|Any CPU.Build.0 = Release|Any CPU
		{4D7A2BFC-0229-449D-B8D0-8F6E87AFE42C}.Debug|Any CPU.ActiveCfg = Debug|Any CPU
		{4D7A2BFC-0229-449D-B8D0-8F6E87AFE42C}.Debug|Any CPU.Build.0 = Debug|Any CPU
		{4D7A2BFC-0229-449D-B8D0-8F6E87AFE42C}.Release|Any CPU.ActiveCfg = Release|Any CPU
		{4D7A2BFC-0229-449D-B8D0-8F6E87AFE42C}.Release|Any CPU.Build.0 = Release|Any CPU
		{69926BE2-037C-456E-AB84-362A7655EF10}.Debug|Any CPU.ActiveCfg = Debug|Any CPU
		{69926BE2-037C-456E-AB84-362A7655EF10}.Debug|Any CPU.Build.0 = Debug|Any CPU
		{69926BE2-037C-456E-AB84-362A7655EF10}.Release|Any CPU.ActiveCfg = Release|Any CPU
		{69926BE2-037C-456E-AB84-362A7655EF10}.Release|Any CPU.Build.0 = Release|Any CPU
		{96942FF5-2831-4098-9D2A-CC8E3321E2B7}.Debug|Any CPU.ActiveCfg = Debug|Any CPU
		{96942FF5-2831-4098-9D2A-CC8E3321E2B7}.Debug|Any CPU.Build.0 = Debug|Any CPU
		{96942FF5-2831-4098-9D2A-CC8E3321E2B7}.Release|Any CPU.ActiveCfg = Release|Any CPU
		{96942FF5-2831-4098-9D2A-CC8E3321E2B7}.Release|Any CPU.Build.0 = Release|Any CPU
		{AE493180-24DD-4F5E-BFE9-722C32DB6D84}.Debug|Any CPU.ActiveCfg = Debug|Any CPU
		{AE493180-24DD-4F5E-BFE9-722C32DB6D84}.Debug|Any CPU.Build.0 = Debug|Any CPU
		{AE493180-24DD-4F5E-BFE9-722C32DB6D84}.Release|Any CPU.ActiveCfg = Release|Any CPU
		{AE493180-24DD-4F5E-BFE9-722C32DB6D84}.Release|Any CPU.Build.0 = Release|Any CPU
		{7341D654-9178-4A98-84E6-D4F44A30B52C}.Debug|Any CPU.ActiveCfg = Debug|Any CPU
		{7341D654-9178-4A98-84E6-D4F44A30B52C}.Debug|Any CPU.Build.0 = Debug|Any CPU
		{7341D654-9178-4A98-84E6-D4F44A30B52C}.Release|Any CPU.ActiveCfg = Release|Any CPU
		{7341D654-9178-4A98-84E6-D4F44A30B52C}.Release|Any CPU.Build.0 = Release|Any CPU
	EndGlobalSection
	GlobalSection(SolutionProperties) = preSolution
		HideSolutionNode = FALSE
	EndGlobalSection
	GlobalSection(NestedProjects) = preSolution
		{7DE3AFA0-1B2D-41B1-82BD-120B8B210B43} = {9863FCB3-BFA4-4B9C-B8F6-302BA5F660B8}
		{A855B58E-ED32-40AE-AE8F-054F448B9F2C} = {9863FCB3-BFA4-4B9C-B8F6-302BA5F660B8}
		{2305F8EB-CF6C-32BD-44CA-9E5DB9DC581B} = {939EC5C2-8345-43E2-8F97-72EEEBEEA0AB}
		{1342D493-7938-41F5-ADE4-B3579D9D7F6D} = {2305F8EB-CF6C-32BD-44CA-9E5DB9DC581B}
		{89D555E2-7BF2-45D1-84D4-E9DC8BE88A27} = {2305F8EB-CF6C-32BD-44CA-9E5DB9DC581B}
		{37D6BC79-7E81-4437-856C-05B6CD6BCC53} = {12EC4E4B-7E2C-4B63-8EF9-7B959F82A89B}
		{850182EF-489E-483E-B3ED-3D8399833553} = {12EC4E4B-7E2C-4B63-8EF9-7B959F82A89B}
		{7BEE7C44-BE12-43CC-AFB9-B5852A1F43C8} = {12EC4E4B-7E2C-4B63-8EF9-7B959F82A89B}
		{002B183F-E568-49CD-9D06-CBCFF2C2921F} = {12EC4E4B-7E2C-4B63-8EF9-7B959F82A89B}
		{7AB0DA1C-CA0E-4579-BA82-2B41A9DA15C7} = {12EC4E4B-7E2C-4B63-8EF9-7B959F82A89B}
		{66F78F86-68D7-4538-8EA5-A669A08E1C19} = {12EC4E4B-7E2C-4B63-8EF9-7B959F82A89B}
		{87FCE8BC-9E24-4D84-B5CF-C1BA7A51423F} = {12EC4E4B-7E2C-4B63-8EF9-7B959F82A89B}
		{B969DE99-0634-4989-A318-086AE1699974} = {12EC4E4B-7E2C-4B63-8EF9-7B959F82A89B}
		{0ABA2A4F-F88B-4FDD-8F6C-CC8F91E6BEF3} = {939EC5C2-8345-43E2-8F97-72EEEBEEA0AC}
		{4D7A2BFC-0229-449D-B8D0-8F6E87AFE42C} = {939EC5C2-8345-43E2-8F97-72EEEBEEA0AC}
		{69926BE2-037C-456E-AB84-362A7655EF10} = {939EC5C2-8345-43E2-8F97-72EEEBEEA0AC}
		{96942FF5-2831-4098-9D2A-CC8E3321E2B7} = {939EC5C2-8345-43E2-8F97-72EEEBEEA0AC}
		{AE493180-24DD-4F5E-BFE9-722C32DB6D84} = {939EC5C2-8345-43E2-8F97-72EEEBEEA0AC}
		{7341D654-9178-4A98-84E6-D4F44A30B52C} = {939EC5C2-8345-43E2-8F97-72EEEBEEA0AC}
	EndGlobalSection
	GlobalSection(ExtensibilityGlobals) = postSolution
		SolutionGuid = {CA732376-23C5-42BB-A7A1-1C2E38D05D05}
	EndGlobalSection
EndGlobal