Microsoft Visual Studio Solution File, Format Version 12.00
# Visual Studio 2013
VisualStudioVersion = 12.0.30723.0
MinimumVisualStudioVersion = 10.0.40219.1
Project("{2150E333-8FDC-42A3-9474-1A3956D46DE8}") = "Core", "Core", "{1523203C-CD16-4B4A-8F9D-8ECCA3A327AA}"
EndProject
Project("{2150E333-8FDC-42A3-9474-1A3956D46DE8}") = "Services", "Services", "{03245B8D-0A27-4C11-9AAC-7047A9F6DFB0}"
EndProject
Project("{2150E333-8FDC-42A3-9474-1A3956D46DE8}") = "Tests", "Tests", "{AAB6968E-1FCE-47C8-B34C-4850E27458F1}"
EndProject
Project("{FAE04EC0-301F-11D3-BF4B-00C04F79EFBC}") = "AWSSDK.Core.Portable", "src\Core\AWSSDK.Core.Portable.csproj", "{A73B63F9-3B77-496E-84BF-8EDE50C0F89A}"
EndProject
Project("{2150E333-8FDC-42A3-9474-1A3956D46DE8}") = "AutoScaling", "AutoScaling", "{E6CCB0AB-C78A-4670-8BBC-AF573ED32099}"
EndProject
Project("{FAE04EC0-301F-11D3-BF4B-00C04F79EFBC}") = "AWSSDK.AutoScaling.Portable", "src\Services\AutoScaling\AWSSDK.AutoScaling.Portable.csproj", "{1189FBBA-A94D-46DA-99B3-BDDBF6D9492F}"
EndProject
Project("{2150E333-8FDC-42A3-9474-1A3956D46DE8}") = "AWSSupport", "AWSSupport", "{02FECD4A-1E01-4C3A-8C48-43BAF13678A6}"
EndProject
Project("{FAE04EC0-301F-11D3-BF4B-00C04F79EFBC}") = "AWSSDK.AWSSupport.Portable", "src\Services\AWSSupport\AWSSDK.AWSSupport.Portable.csproj", "{9A01A608-B58A-4034-8B45-C03F5E72EAF3}"
EndProject
Project("{2150E333-8FDC-42A3-9474-1A3956D46DE8}") = "CloudFormation", "CloudFormation", "{150B89B2-90D5-4C98-934D-5940664B1244}"
EndProject
Project("{FAE04EC0-301F-11D3-BF4B-00C04F79EFBC}") = "AWSSDK.CloudFormation.Portable", "src\Services\CloudFormation\AWSSDK.CloudFormation.Portable.csproj", "{DE4AE7DE-5C25-4C01-A796-640E345CE07B}"
EndProject
Project("{2150E333-8FDC-42A3-9474-1A3956D46DE8}") = "CloudFront", "CloudFront", "{4CD90FD1-803F-4C7F-9FB9-0D9DDF27AD23}"
EndProject
Project("{FAE04EC0-301F-11D3-BF4B-00C04F79EFBC}") = "AWSSDK.CloudFront.Portable", "src\Services\CloudFront\AWSSDK.CloudFront.Portable.csproj", "{E34DBCF6-323E-4A12-8015-1D127EC91530}"
EndProject
Project("{2150E333-8FDC-42A3-9474-1A3956D46DE8}") = "CloudHSM", "CloudHSM", "{DE5403A2-61EC-4F38-86F2-7C839DCC3EF1}"
EndProject
Project("{FAE04EC0-301F-11D3-BF4B-00C04F79EFBC}") = "AWSSDK.CloudHSM.Portable", "src\Services\CloudHSM\AWSSDK.CloudHSM.Portable.csproj", "{9905D9A7-3507-4914-AB5B-7C680768DB04}"
EndProject
Project("{2150E333-8FDC-42A3-9474-1A3956D46DE8}") = "CloudSearch", "CloudSearch", "{92D7CA0B-7D38-445C-96CA-453D907F6A45}"
EndProject
Project("{FAE04EC0-301F-11D3-BF4B-00C04F79EFBC}") = "AWSSDK.CloudSearch.Portable", "src\Services\CloudSearch\AWSSDK.CloudSearch.Portable.csproj", "{84475983-5DA9-4F36-986A-B4D92E4818D8}"
EndProject
Project("{2150E333-8FDC-42A3-9474-1A3956D46DE8}") = "CloudSearchDomain", "CloudSearchDomain", "{5FBC17D1-E425-49A0-83E9-C6E91ABCBFE0}"
EndProject
Project("{FAE04EC0-301F-11D3-BF4B-00C04F79EFBC}") = "AWSSDK.CloudSearchDomain.Portable", "src\Services\CloudSearchDomain\AWSSDK.CloudSearchDomain.Portable.csproj", "{1CED9929-BA7F-431A-AA49-E1B6AD664EE4}"
EndProject
Project("{2150E333-8FDC-42A3-9474-1A3956D46DE8}") = "CloudTrail", "CloudTrail", "{A5E69862-1173-451B-9841-0AFD396C64DF}"
EndProject
Project("{FAE04EC0-301F-11D3-BF4B-00C04F79EFBC}") = "AWSSDK.CloudTrail.Portable", "src\Services\CloudTrail\AWSSDK.CloudTrail.Portable.csproj", "{844D4954-4FE2-46B1-BCB9-FFEF3C246CE7}"
EndProject
Project("{2150E333-8FDC-42A3-9474-1A3956D46DE8}") = "CloudWatch", "CloudWatch", "{9AF6FB19-A0F7-4B2E-815D-5BB490E754F4}"
EndProject
Project("{FAE04EC0-301F-11D3-BF4B-00C04F79EFBC}") = "AWSSDK.CloudWatch.Portable", "src\Services\CloudWatch\AWSSDK.CloudWatch.Portable.csproj", "{53376FE0-EAAC-493E-B96B-24D7D5AEEF5D}"
EndProject
Project("{2150E333-8FDC-42A3-9474-1A3956D46DE8}") = "CloudWatchLogs", "CloudWatchLogs", "{622DFEDA-2FAE-499D-A8D2-09BDC177E9FF}"
EndProject
Project("{FAE04EC0-301F-11D3-BF4B-00C04F79EFBC}") = "AWSSDK.CloudWatchLogs.Portable", "src\Services\CloudWatchLogs\AWSSDK.CloudWatchLogs.Portable.csproj", "{A19F8887-2678-4EF7-8F76-29B59A0A771B}"
EndProject
Project("{2150E333-8FDC-42A3-9474-1A3956D46DE8}") = "CodeCommit", "CodeCommit", "{5A8771A0-549F-4808-A321-5BD69C98F112}"
EndProject
Project("{FAE04EC0-301F-11D3-BF4B-00C04F79EFBC}") = "AWSSDK.CodeCommit.Portable", "src\Services\CodeCommit\AWSSDK.CodeCommit.Portable.csproj", "{2911B4EA-4B83-4191-AFEF-568B1D171E9B}"
EndProject
Project("{2150E333-8FDC-42A3-9474-1A3956D46DE8}") = "CodeDeploy", "CodeDeploy", "{BCF5883B-0673-4599-90FC-9D67139A234B}"
EndProject
Project("{FAE04EC0-301F-11D3-BF4B-00C04F79EFBC}") = "AWSSDK.CodeDeploy.Portable", "src\Services\CodeDeploy\AWSSDK.CodeDeploy.Portable.csproj", "{C149C3A6-B6FE-44A3-BA29-97F033BECD17}"
EndProject
Project("{2150E333-8FDC-42A3-9474-1A3956D46DE8}") = "CodePipeline", "CodePipeline", "{06310E45-D0C3-45FC-8F94-F91CD9B38FAC}"
EndProject
Project("{FAE04EC0-301F-11D3-BF4B-00C04F79EFBC}") = "AWSSDK.CodePipeline.Portable", "src\Services\CodePipeline\AWSSDK.CodePipeline.Portable.csproj", "{CE5E21F3-CCC1-4959-9502-288F8F62BF70}"
EndProject
Project("{2150E333-8FDC-42A3-9474-1A3956D46DE8}") = "CognitoIdentity", "CognitoIdentity", "{E8FA1129-FFB0-4363-B7F4-ED8A849D1736}"
EndProject
Project("{FAE04EC0-301F-11D3-BF4B-00C04F79EFBC}") = "AWSSDK.CognitoIdentity.Portable", "src\Services\CognitoIdentity\AWSSDK.CognitoIdentity.Portable.csproj", "{E3A86A1F-0176-4282-A020-7405D7FFF1E1}"
EndProject
Project("{2150E333-8FDC-42A3-9474-1A3956D46DE8}") = "CognitoSync", "CognitoSync", "{E00C39D2-5429-47A5-9A90-538B551D73EE}"
EndProject
Project("{FAE04EC0-301F-11D3-BF4B-00C04F79EFBC}") = "AWSSDK.CognitoSync.Portable", "src\Services\CognitoSync\AWSSDK.CognitoSync.Portable.csproj", "{2DC8BC15-B53A-472F-B764-C686808755D4}"
EndProject
Project("{2150E333-8FDC-42A3-9474-1A3956D46DE8}") = "ConfigService", "ConfigService", "{99529FFD-BF24-40A2-992C-7F6AF874C082}"
EndProject
Project("{FAE04EC0-301F-11D3-BF4B-00C04F79EFBC}") = "AWSSDK.ConfigService.Portable", "src\Services\ConfigService\AWSSDK.ConfigService.Portable.csproj", "{A7099F66-0A1A-47DB-B1EE-9EFF12195777}"
EndProject
Project("{2150E333-8FDC-42A3-9474-1A3956D46DE8}") = "DataPipeline", "DataPipeline", "{E94ADAE5-5B98-40AF-BFA3-3625CA91D6B2}"
EndProject
Project("{FAE04EC0-301F-11D3-BF4B-00C04F79EFBC}") = "AWSSDK.DataPipeline.Portable", "src\Services\DataPipeline\AWSSDK.DataPipeline.Portable.csproj", "{7675F4E3-BC72-49B8-9EE4-C3E9166C15A4}"
EndProject
Project("{2150E333-8FDC-42A3-9474-1A3956D46DE8}") = "DeviceFarm", "DeviceFarm", "{646DDEB7-40B7-4CEC-A9F5-BEF05FE9380A}"
EndProject
Project("{FAE04EC0-301F-11D3-BF4B-00C04F79EFBC}") = "AWSSDK.DeviceFarm.Portable", "src\Services\DeviceFarm\AWSSDK.DeviceFarm.Portable.csproj", "{B1D7764E-B76B-4B42-A490-BA5E374C074F}"
EndProject
Project("{2150E333-8FDC-42A3-9474-1A3956D46DE8}") = "DirectConnect", "DirectConnect", "{33309134-201F-4746-B283-8A96E98533C9}"
EndProject
Project("{FAE04EC0-301F-11D3-BF4B-00C04F79EFBC}") = "AWSSDK.DirectConnect.Portable", "src\Services\DirectConnect\AWSSDK.DirectConnect.Portable.csproj", "{48D01356-52D7-4353-B133-C716D6798417}"
EndProject
Project("{2150E333-8FDC-42A3-9474-1A3956D46DE8}") = "DirectoryService", "DirectoryService", "{ACB84659-DECE-4BFF-8393-E012E0CBF6C8}"
EndProject
Project("{FAE04EC0-301F-11D3-BF4B-00C04F79EFBC}") = "AWSSDK.DirectoryService.Portable", "src\Services\DirectoryService\AWSSDK.DirectoryService.Portable.csproj", "{7258978D-1232-44D1-A81A-C610EC48A46C}"
EndProject
Project("{2150E333-8FDC-42A3-9474-1A3956D46DE8}") = "DynamoDBv2", "DynamoDBv2", "{B5253178-17A4-476D-AFBD-7A7924F50FC8}"
EndProject
Project("{FAE04EC0-301F-11D3-BF4B-00C04F79EFBC}") = "AWSSDK.DynamoDBv2.Portable", "src\Services\DynamoDBv2\AWSSDK.DynamoDBv2.Portable.csproj", "{90F5F723-5F4F-4E9A-8D1B-7F92CBF7444F}"
EndProject
Project("{2150E333-8FDC-42A3-9474-1A3956D46DE8}") = "EC2", "EC2", "{22095035-B137-4507-A06C-4564A806D950}"
EndProject
Project("{FAE04EC0-301F-11D3-BF4B-00C04F79EFBC}") = "AWSSDK.EC2.Portable", "src\Services\EC2\AWSSDK.EC2.Portable.csproj", "{A9EFEFDA-7D7E-498D-8DFB-1A5BC4373E44}"
EndProject
Project("{2150E333-8FDC-42A3-9474-1A3956D46DE8}") = "ECS", "ECS", "{D7503D1E-22D9-4666-AE4F-3336552EA475}"
EndProject
Project("{FAE04EC0-301F-11D3-BF4B-00C04F79EFBC}") = "AWSSDK.ECS.Portable", "src\Services\ECS\AWSSDK.ECS.Portable.csproj", "{228D7580-8713-468C-A485-5DD43405FF3E}"
EndProject
Project("{2150E333-8FDC-42A3-9474-1A3956D46DE8}") = "ElastiCache", "ElastiCache", "{772857B0-56EF-4D2E-BC40-F8F989741A08}"
EndProject
Project("{FAE04EC0-301F-11D3-BF4B-00C04F79EFBC}") = "AWSSDK.ElastiCache.Portable", "src\Services\ElastiCache\AWSSDK.ElastiCache.Portable.csproj", "{FF577BA5-1D0C-459D-B7F1-C02BF53343DB}"
EndProject
Project("{2150E333-8FDC-42A3-9474-1A3956D46DE8}") = "ElasticBeanstalk", "ElasticBeanstalk", "{BC971DE0-C77C-4A8D-9ACA-060AB31FE090}"
EndProject
Project("{FAE04EC0-301F-11D3-BF4B-00C04F79EFBC}") = "AWSSDK.ElasticBeanstalk.Portable", "src\Services\ElasticBeanstalk\AWSSDK.ElasticBeanstalk.Portable.csproj", "{15B84C74-742F-4768-A361-14B4AA1E39B6}"
EndProject
Project("{2150E333-8FDC-42A3-9474-1A3956D46DE8}") = "ElasticFileSystem", "ElasticFileSystem", "{2A6E04DC-30D7-40E5-ABD1-7F6A1444024F}"
EndProject
Project("{FAE04EC0-301F-11D3-BF4B-00C04F79EFBC}") = "AWSSDK.ElasticFileSystem.Portable", "src\Services\ElasticFileSystem\AWSSDK.ElasticFileSystem.Portable.csproj", "{1F91DBBF-BE19-46D6-B49D-ED0B62CCB8F6}"
EndProject
Project("{2150E333-8FDC-42A3-9474-1A3956D46DE8}") = "ElasticLoadBalancing", "ElasticLoadBalancing", "{CCD9EB39-2141-4E17-B8C8-3A11991D9FDC}"
EndProject
Project("{FAE04EC0-301F-11D3-BF4B-00C04F79EFBC}") = "AWSSDK.ElasticLoadBalancing.Portable", "src\Services\ElasticLoadBalancing\AWSSDK.ElasticLoadBalancing.Portable.csproj", "{D7B5D488-BA2F-471B-A4AF-1CA4030E2B07}"
EndProject
Project("{2150E333-8FDC-42A3-9474-1A3956D46DE8}") = "ElasticMapReduce", "ElasticMapReduce", "{FA9C9E04-DCA7-475D-840A-67E230215EBA}"
EndProject
Project("{FAE04EC0-301F-11D3-BF4B-00C04F79EFBC}") = "AWSSDK.ElasticMapReduce.Portable", "src\Services\ElasticMapReduce\AWSSDK.ElasticMapReduce.Portable.csproj", "{3EF85AC3-2344-4615-BC88-922EE1C483A1}"
EndProject
Project("{2150E333-8FDC-42A3-9474-1A3956D46DE8}") = "ElasticTranscoder", "ElasticTranscoder", "{F74A7940-427F-410D-897B-DC18856C084D}"
EndProject
Project("{FAE04EC0-301F-11D3-BF4B-00C04F79EFBC}") = "AWSSDK.ElasticTranscoder.Portable", "src\Services\ElasticTranscoder\AWSSDK.ElasticTranscoder.Portable.csproj", "{9F4786E7-7402-4D88-AB14-022316A0CE0E}"
EndProject
Project("{2150E333-8FDC-42A3-9474-1A3956D46DE8}") = "Glacier", "Glacier", "{8A676AF3-979B-4A97-ADB8-623BFA0AE1F0}"
EndProject
Project("{FAE04EC0-301F-11D3-BF4B-00C04F79EFBC}") = "AWSSDK.Glacier.Portable", "src\Services\Glacier\AWSSDK.Glacier.Portable.csproj", "{BD9BF791-120F-4695-A9F1-E256D33094EA}"
EndProject
Project("{2150E333-8FDC-42A3-9474-1A3956D46DE8}") = "IdentityManagement", "IdentityManagement", "{5C347015-C445-4DE4-9134-61937498F602}"
EndProject
Project("{FAE04EC0-301F-11D3-BF4B-00C04F79EFBC}") = "AWSSDK.IdentityManagement.Portable", "src\Services\IdentityManagement\AWSSDK.IdentityManagement.Portable.csproj", "{944716B4-DF95-4D7B-9AFA-8F8D23F8B840}"
EndProject
Project("{2150E333-8FDC-42A3-9474-1A3956D46DE8}") = "ImportExport", "ImportExport", "{AA5455C3-AADB-4847-B365-BF79FB792FA1}"
EndProject
Project("{FAE04EC0-301F-11D3-BF4B-00C04F79EFBC}") = "AWSSDK.ImportExport.Portable", "src\Services\ImportExport\AWSSDK.ImportExport.Portable.csproj", "{6A6647F8-FFFC-40CB-814E-7E5E672084A1}"
EndProject
Project("{2150E333-8FDC-42A3-9474-1A3956D46DE8}") = "KeyManagementService", "KeyManagementService", "{E927A8BD-22B0-4328-B629-90173E789AC6}"
EndProject
Project("{FAE04EC0-301F-11D3-BF4B-00C04F79EFBC}") = "AWSSDK.KeyManagementService.Portable", "src\Services\KeyManagementService\AWSSDK.KeyManagementService.Portable.csproj", "{38F809F8-5362-4A47-B92E-D2F2999308D5}"
EndProject
Project("{2150E333-8FDC-42A3-9474-1A3956D46DE8}") = "Kinesis", "Kinesis", "{498CADB8-619F-4B02-A954-6ADCD9DB0533}"
EndProject
Project("{FAE04EC0-301F-11D3-BF4B-00C04F79EFBC}") = "AWSSDK.Kinesis.Portable", "src\Services\Kinesis\AWSSDK.Kinesis.Portable.csproj", "{04A77223-332C-4502-A45E-C3FE2E46F352}"
EndProject
Project("{2150E333-8FDC-42A3-9474-1A3956D46DE8}") = "Lambda", "Lambda", "{19CCDF34-78C8-491D-B0D4-DA83A9B1E9CA}"
EndProject
Project("{FAE04EC0-301F-11D3-BF4B-00C04F79EFBC}") = "AWSSDK.Lambda.Portable", "src\Services\Lambda\AWSSDK.Lambda.Portable.csproj", "{9B57CB03-D55A-432C-9CAE-AD3C730F796E}"
EndProject
Project("{2150E333-8FDC-42A3-9474-1A3956D46DE8}") = "MachineLearning", "MachineLearning", "{2AC967D7-B77C-4B9F-B6B6-BF824D7C5CCE}"
EndProject
Project("{FAE04EC0-301F-11D3-BF4B-00C04F79EFBC}") = "AWSSDK.MachineLearning.Portable", "src\Services\MachineLearning\AWSSDK.MachineLearning.Portable.csproj", "{E9714A3C-110B-4360-9354-97F6CCF27C76}"
EndProject
Project("{2150E333-8FDC-42A3-9474-1A3956D46DE8}") = "OpsWorks", "OpsWorks", "{B0E1735B-1B0E-4FC2-BF96-F46564F440C0}"
EndProject
Project("{FAE04EC0-301F-11D3-BF4B-00C04F79EFBC}") = "AWSSDK.OpsWorks.Portable", "src\Services\OpsWorks\AWSSDK.OpsWorks.Portable.csproj", "{49C73690-31F0-4751-81F9-FC1A48C455B7}"
EndProject
Project("{2150E333-8FDC-42A3-9474-1A3956D46DE8}") = "RDS", "RDS", "{FDE5165E-ECCC-4988-8158-F19A19E60489}"
EndProject
Project("{FAE04EC0-301F-11D3-BF4B-00C04F79EFBC}") = "AWSSDK.RDS.Portable", "src\Services\RDS\AWSSDK.RDS.Portable.csproj", "{B98D524C-5B0F-4F4A-BA6A-93C048B64BE5}"
EndProject
Project("{2150E333-8FDC-42A3-9474-1A3956D46DE8}") = "Redshift", "Redshift", "{AAC50ED3-F9C5-4349-B928-E0512FBDF383}"
EndProject
Project("{FAE04EC0-301F-11D3-BF4B-00C04F79EFBC}") = "AWSSDK.Redshift.Portable", "src\Services\Redshift\AWSSDK.Redshift.Portable.csproj", "{90E0ECB4-8116-417B-8155-629A4ADA3956}"
EndProject
Project("{2150E333-8FDC-42A3-9474-1A3956D46DE8}") = "Route53", "Route53", "{B7E7C236-E877-4B7B-9B5B-E8523AF347ED}"
EndProject
Project("{FAE04EC0-301F-11D3-BF4B-00C04F79EFBC}") = "AWSSDK.Route53.Portable", "src\Services\Route53\AWSSDK.Route53.Portable.csproj", "{4575A7B1-5185-42C5-A7AD-88665AE2E3BF}"
EndProject
Project("{2150E333-8FDC-42A3-9474-1A3956D46DE8}") = "Route53Domains", "Route53Domains", "{C573A9A3-2BDD-4218-9914-6DC723E1D316}"
EndProject
Project("{FAE04EC0-301F-11D3-BF4B-00C04F79EFBC}") = "AWSSDK.Route53Domains.Portable", "src\Services\Route53Domains\AWSSDK.Route53Domains.Portable.csproj", "{B33134D3-BFB6-4387-AC19-9ECB4BF1E734}"
EndProject
Project("{2150E333-8FDC-42A3-9474-1A3956D46DE8}") = "S3", "S3", "{39CC59B9-9EE0-4715-B919-BC224CD6488D}"
EndProject
Project("{FAE04EC0-301F-11D3-BF4B-00C04F79EFBC}") = "AWSSDK.S3.Portable", "src\Services\S3\AWSSDK.S3.Portable.csproj", "{66DEF703-6F94-48DA-9452-23BC3AD56A18}"
EndProject
Project("{2150E333-8FDC-42A3-9474-1A3956D46DE8}") = "SecurityToken", "SecurityToken", "{C2CAE996-0779-4804-963A-CCEB0AE36BC3}"
EndProject
Project("{FAE04EC0-301F-11D3-BF4B-00C04F79EFBC}") = "AWSSDK.SecurityToken.Portable", "src\Services\SecurityToken\AWSSDK.SecurityToken.Portable.csproj", "{FF8273D8-A9A0-4623-B799-514431A294C3}"
EndProject
Project("{2150E333-8FDC-42A3-9474-1A3956D46DE8}") = "SimpleDB", "SimpleDB", "{D11A5CEA-B072-4A90-96F1-75796CB9A9C8}"
EndProject
Project("{FAE04EC0-301F-11D3-BF4B-00C04F79EFBC}") = "AWSSDK.SimpleDB.Portable", "src\Services\SimpleDB\AWSSDK.SimpleDB.Portable.csproj", "{56C201B0-6BD3-49BF-9B76-456A58FF1AA6}"
EndProject
Project("{2150E333-8FDC-42A3-9474-1A3956D46DE8}") = "SimpleEmail", "SimpleEmail", "{80CDB811-D488-4217-B83C-9C66FEB26AEF}"
EndProject
Project("{FAE04EC0-301F-11D3-BF4B-00C04F79EFBC}") = "AWSSDK.SimpleEmail.Portable", "src\Services\SimpleEmail\AWSSDK.SimpleEmail.Portable.csproj", "{8A0AEE66-1CC5-43C9-BA1A-8D32D9E00481}"
EndProject
Project("{2150E333-8FDC-42A3-9474-1A3956D46DE8}") = "SimpleNotificationService", "SimpleNotificationService", "{9A68BCF5-57AE-4C2F-8C93-566CBEAF4ECF}"
EndProject
Project("{FAE04EC0-301F-11D3-BF4B-00C04F79EFBC}") = "AWSSDK.SimpleNotificationService.Portable", "src\Services\SimpleNotificationService\AWSSDK.SimpleNotificationService.Portable.csproj", "{8D142242-5162-4DE1-BBE6-7BB9D4567EE7}"
EndProject
Project("{2150E333-8FDC-42A3-9474-1A3956D46DE8}") = "SimpleSystemsManagement", "SimpleSystemsManagement", "{0A4044A1-1557-417F-9E91-A015D45E75B9}"
EndProject
Project("{FAE04EC0-301F-11D3-BF4B-00C04F79EFBC}") = "AWSSDK.SimpleSystemsManagement.Portable", "src\Services\SimpleSystemsManagement\AWSSDK.SimpleSystemsManagement.Portable.csproj", "{0E99B4F6-495F-4BDF-B4C3-F0E6C1941E71}"
EndProject
Project("{2150E333-8FDC-42A3-9474-1A3956D46DE8}") = "SimpleWorkflow", "SimpleWorkflow", "{C4C11971-FF38-4F2F-B1E6-2B6A37DBC627}"
EndProject
Project("{FAE04EC0-301F-11D3-BF4B-00C04F79EFBC}") = "AWSSDK.SimpleWorkflow.Portable", "src\Services\SimpleWorkflow\AWSSDK.SimpleWorkflow.Portable.csproj", "{FE75C4AF-3DCA-4006-8588-6DAA3651E4F7}"
EndProject
Project("{2150E333-8FDC-42A3-9474-1A3956D46DE8}") = "SQS", "SQS", "{15087752-BA19-4EC7-A2E6-2B89D1583F84}"
EndProject
Project("{FAE04EC0-301F-11D3-BF4B-00C04F79EFBC}") = "AWSSDK.SQS.Portable", "src\Services\SQS\AWSSDK.SQS.Portable.csproj", "{834BABCB-0C0A-449C-AFF8-E587E27BC476}"
EndProject
Project("{2150E333-8FDC-42A3-9474-1A3956D46DE8}") = "StorageGateway", "StorageGateway", "{7B10188E-97DE-4D93-A2E3-B3EEDEC2FD11}"
EndProject
Project("{FAE04EC0-301F-11D3-BF4B-00C04F79EFBC}") = "AWSSDK.StorageGateway.Portable", "src\Services\StorageGateway\AWSSDK.StorageGateway.Portable.csproj", "{D3C59088-9818-4009-B6EB-0299019B1C05}"
EndProject
Project("{2150E333-8FDC-42A3-9474-1A3956D46DE8}") = "WorkSpaces", "WorkSpaces", "{0BBBDE76-0EDD-4F01-A30E-640D14AAD2C0}"
EndProject
Project("{FAE04EC0-301F-11D3-BF4B-00C04F79EFBC}") = "AWSSDK.WorkSpaces.Portable", "src\Services\WorkSpaces\AWSSDK.WorkSpaces.Portable.csproj", "{155528FB-E270-4309-B819-B26D0A9C68E5}"
EndProject
Global
	GlobalSection(SolutionConfigurationPlatforms) = preSolution
		Debug|Any CPU = Debug|Any CPU
		Release|Any CPU = Release|Any CPU
	EndGlobalSection
    GlobalSection(ProjectConfigurationPlatforms) = postSolution
		{A73B63F9-3B77-496E-84BF-8EDE50C0F89A}.Debug|Any CPU.ActiveCfg = Debug|Any CPU
		{A73B63F9-3B77-496E-84BF-8EDE50C0F89A}.Debug|Any CPU.Build.0 = Debug|Any CPU
		{A73B63F9-3B77-496E-84BF-8EDE50C0F89A}.Release|Any CPU.ActiveCfg = Release|Any CPU
		{A73B63F9-3B77-496E-84BF-8EDE50C0F89A}.Release|Any CPU.Build.0 = Release|Any CPU
		{1189FBBA-A94D-46DA-99B3-BDDBF6D9492F}.Debug|Any CPU.ActiveCfg = Debug|Any CPU
		{1189FBBA-A94D-46DA-99B3-BDDBF6D9492F}.Debug|Any CPU.Build.0 = Debug|Any CPU
		{1189FBBA-A94D-46DA-99B3-BDDBF6D9492F}.Release|Any CPU.ActiveCfg = Release|Any CPU
		{1189FBBA-A94D-46DA-99B3-BDDBF6D9492F}.Release|Any CPU.Build.0 = Release|Any CPU
		{9A01A608-B58A-4034-8B45-C03F5E72EAF3}.Debug|Any CPU.ActiveCfg = Debug|Any CPU
		{9A01A608-B58A-4034-8B45-C03F5E72EAF3}.Debug|Any CPU.Build.0 = Debug|Any CPU
		{9A01A608-B58A-4034-8B45-C03F5E72EAF3}.Release|Any CPU.ActiveCfg = Release|Any CPU
		{9A01A608-B58A-4034-8B45-C03F5E72EAF3}.Release|Any CPU.Build.0 = Release|Any CPU
		{DE4AE7DE-5C25-4C01-A796-640E345CE07B}.Debug|Any CPU.ActiveCfg = Debug|Any CPU
		{DE4AE7DE-5C25-4C01-A796-640E345CE07B}.Debug|Any CPU.Build.0 = Debug|Any CPU
		{DE4AE7DE-5C25-4C01-A796-640E345CE07B}.Release|Any CPU.ActiveCfg = Release|Any CPU
		{DE4AE7DE-5C25-4C01-A796-640E345CE07B}.Release|Any CPU.Build.0 = Release|Any CPU
		{E34DBCF6-323E-4A12-8015-1D127EC91530}.Debug|Any CPU.ActiveCfg = Debug|Any CPU
		{E34DBCF6-323E-4A12-8015-1D127EC91530}.Debug|Any CPU.Build.0 = Debug|Any CPU
		{E34DBCF6-323E-4A12-8015-1D127EC91530}.Release|Any CPU.ActiveCfg = Release|Any CPU
		{E34DBCF6-323E-4A12-8015-1D127EC91530}.Release|Any CPU.Build.0 = Release|Any CPU
		{9905D9A7-3507-4914-AB5B-7C680768DB04}.Debug|Any CPU.ActiveCfg = Debug|Any CPU
		{9905D9A7-3507-4914-AB5B-7C680768DB04}.Debug|Any CPU.Build.0 = Debug|Any CPU
		{9905D9A7-3507-4914-AB5B-7C680768DB04}.Release|Any CPU.ActiveCfg = Release|Any CPU
		{9905D9A7-3507-4914-AB5B-7C680768DB04}.Release|Any CPU.Build.0 = Release|Any CPU
		{84475983-5DA9-4F36-986A-B4D92E4818D8}.Debug|Any CPU.ActiveCfg = Debug|Any CPU
		{84475983-5DA9-4F36-986A-B4D92E4818D8}.Debug|Any CPU.Build.0 = Debug|Any CPU
		{84475983-5DA9-4F36-986A-B4D92E4818D8}.Release|Any CPU.ActiveCfg = Release|Any CPU
		{84475983-5DA9-4F36-986A-B4D92E4818D8}.Release|Any CPU.Build.0 = Release|Any CPU
		{1CED9929-BA7F-431A-AA49-E1B6AD664EE4}.Debug|Any CPU.ActiveCfg = Debug|Any CPU
		{1CED9929-BA7F-431A-AA49-E1B6AD664EE4}.Debug|Any CPU.Build.0 = Debug|Any CPU
		{1CED9929-BA7F-431A-AA49-E1B6AD664EE4}.Release|Any CPU.ActiveCfg = Release|Any CPU
		{1CED9929-BA7F-431A-AA49-E1B6AD664EE4}.Release|Any CPU.Build.0 = Release|Any CPU
		{844D4954-4FE2-46B1-BCB9-FFEF3C246CE7}.Debug|Any CPU.ActiveCfg = Debug|Any CPU
		{844D4954-4FE2-46B1-BCB9-FFEF3C246CE7}.Debug|Any CPU.Build.0 = Debug|Any CPU
		{844D4954-4FE2-46B1-BCB9-FFEF3C246CE7}.Release|Any CPU.ActiveCfg = Release|Any CPU
		{844D4954-4FE2-46B1-BCB9-FFEF3C246CE7}.Release|Any CPU.Build.0 = Release|Any CPU
		{53376FE0-EAAC-493E-B96B-24D7D5AEEF5D}.Debug|Any CPU.ActiveCfg = Debug|Any CPU
		{53376FE0-EAAC-493E-B96B-24D7D5AEEF5D}.Debug|Any CPU.Build.0 = Debug|Any CPU
		{53376FE0-EAAC-493E-B96B-24D7D5AEEF5D}.Release|Any CPU.ActiveCfg = Release|Any CPU
		{53376FE0-EAAC-493E-B96B-24D7D5AEEF5D}.Release|Any CPU.Build.0 = Release|Any CPU
		{A19F8887-2678-4EF7-8F76-29B59A0A771B}.Debug|Any CPU.ActiveCfg = Debug|Any CPU
		{A19F8887-2678-4EF7-8F76-29B59A0A771B}.Debug|Any CPU.Build.0 = Debug|Any CPU
		{A19F8887-2678-4EF7-8F76-29B59A0A771B}.Release|Any CPU.ActiveCfg = Release|Any CPU
		{A19F8887-2678-4EF7-8F76-29B59A0A771B}.Release|Any CPU.Build.0 = Release|Any CPU
		{2911B4EA-4B83-4191-AFEF-568B1D171E9B}.Debug|Any CPU.ActiveCfg = Debug|Any CPU
		{2911B4EA-4B83-4191-AFEF-568B1D171E9B}.Debug|Any CPU.Build.0 = Debug|Any CPU
		{2911B4EA-4B83-4191-AFEF-568B1D171E9B}.Release|Any CPU.ActiveCfg = Release|Any CPU
		{2911B4EA-4B83-4191-AFEF-568B1D171E9B}.Release|Any CPU.Build.0 = Release|Any CPU
		{C149C3A6-B6FE-44A3-BA29-97F033BECD17}.Debug|Any CPU.ActiveCfg = Debug|Any CPU
		{C149C3A6-B6FE-44A3-BA29-97F033BECD17}.Debug|Any CPU.Build.0 = Debug|Any CPU
		{C149C3A6-B6FE-44A3-BA29-97F033BECD17}.Release|Any CPU.ActiveCfg = Release|Any CPU
		{C149C3A6-B6FE-44A3-BA29-97F033BECD17}.Release|Any CPU.Build.0 = Release|Any CPU
		{CE5E21F3-CCC1-4959-9502-288F8F62BF70}.Debug|Any CPU.ActiveCfg = Debug|Any CPU
		{CE5E21F3-CCC1-4959-9502-288F8F62BF70}.Debug|Any CPU.Build.0 = Debug|Any CPU
		{CE5E21F3-CCC1-4959-9502-288F8F62BF70}.Release|Any CPU.ActiveCfg = Release|Any CPU
		{CE5E21F3-CCC1-4959-9502-288F8F62BF70}.Release|Any CPU.Build.0 = Release|Any CPU
		{E3A86A1F-0176-4282-A020-7405D7FFF1E1}.Debug|Any CPU.ActiveCfg = Debug|Any CPU
		{E3A86A1F-0176-4282-A020-7405D7FFF1E1}.Debug|Any CPU.Build.0 = Debug|Any CPU
		{E3A86A1F-0176-4282-A020-7405D7FFF1E1}.Release|Any CPU.ActiveCfg = Release|Any CPU
		{E3A86A1F-0176-4282-A020-7405D7FFF1E1}.Release|Any CPU.Build.0 = Release|Any CPU
		{2DC8BC15-B53A-472F-B764-C686808755D4}.Debug|Any CPU.ActiveCfg = Debug|Any CPU
		{2DC8BC15-B53A-472F-B764-C686808755D4}.Debug|Any CPU.Build.0 = Debug|Any CPU
		{2DC8BC15-B53A-472F-B764-C686808755D4}.Release|Any CPU.ActiveCfg = Release|Any CPU
		{2DC8BC15-B53A-472F-B764-C686808755D4}.Release|Any CPU.Build.0 = Release|Any CPU
		{A7099F66-0A1A-47DB-B1EE-9EFF12195777}.Debug|Any CPU.ActiveCfg = Debug|Any CPU
		{A7099F66-0A1A-47DB-B1EE-9EFF12195777}.Debug|Any CPU.Build.0 = Debug|Any CPU
		{A7099F66-0A1A-47DB-B1EE-9EFF12195777}.Release|Any CPU.ActiveCfg = Release|Any CPU
		{A7099F66-0A1A-47DB-B1EE-9EFF12195777}.Release|Any CPU.Build.0 = Release|Any CPU
		{7675F4E3-BC72-49B8-9EE4-C3E9166C15A4}.Debug|Any CPU.ActiveCfg = Debug|Any CPU
		{7675F4E3-BC72-49B8-9EE4-C3E9166C15A4}.Debug|Any CPU.Build.0 = Debug|Any CPU
		{7675F4E3-BC72-49B8-9EE4-C3E9166C15A4}.Release|Any CPU.ActiveCfg = Release|Any CPU
		{7675F4E3-BC72-49B8-9EE4-C3E9166C15A4}.Release|Any CPU.Build.0 = Release|Any CPU
		{B1D7764E-B76B-4B42-A490-BA5E374C074F}.Debug|Any CPU.ActiveCfg = Debug|Any CPU
		{B1D7764E-B76B-4B42-A490-BA5E374C074F}.Debug|Any CPU.Build.0 = Debug|Any CPU
		{B1D7764E-B76B-4B42-A490-BA5E374C074F}.Release|Any CPU.ActiveCfg = Release|Any CPU
		{B1D7764E-B76B-4B42-A490-BA5E374C074F}.Release|Any CPU.Build.0 = Release|Any CPU
		{48D01356-52D7-4353-B133-C716D6798417}.Debug|Any CPU.ActiveCfg = Debug|Any CPU
		{48D01356-52D7-4353-B133-C716D6798417}.Debug|Any CPU.Build.0 = Debug|Any CPU
		{48D01356-52D7-4353-B133-C716D6798417}.Release|Any CPU.ActiveCfg = Release|Any CPU
		{48D01356-52D7-4353-B133-C716D6798417}.Release|Any CPU.Build.0 = Release|Any CPU
		{7258978D-1232-44D1-A81A-C610EC48A46C}.Debug|Any CPU.ActiveCfg = Debug|Any CPU
		{7258978D-1232-44D1-A81A-C610EC48A46C}.Debug|Any CPU.Build.0 = Debug|Any CPU
		{7258978D-1232-44D1-A81A-C610EC48A46C}.Release|Any CPU.ActiveCfg = Release|Any CPU
		{7258978D-1232-44D1-A81A-C610EC48A46C}.Release|Any CPU.Build.0 = Release|Any CPU
		{90F5F723-5F4F-4E9A-8D1B-7F92CBF7444F}.Debug|Any CPU.ActiveCfg = Debug|Any CPU
		{90F5F723-5F4F-4E9A-8D1B-7F92CBF7444F}.Debug|Any CPU.Build.0 = Debug|Any CPU
		{90F5F723-5F4F-4E9A-8D1B-7F92CBF7444F}.Release|Any CPU.ActiveCfg = Release|Any CPU
		{90F5F723-5F4F-4E9A-8D1B-7F92CBF7444F}.Release|Any CPU.Build.0 = Release|Any CPU
		{A9EFEFDA-7D7E-498D-8DFB-1A5BC4373E44}.Debug|Any CPU.ActiveCfg = Debug|Any CPU
		{A9EFEFDA-7D7E-498D-8DFB-1A5BC4373E44}.Debug|Any CPU.Build.0 = Debug|Any CPU
		{A9EFEFDA-7D7E-498D-8DFB-1A5BC4373E44}.Release|Any CPU.ActiveCfg = Release|Any CPU
		{A9EFEFDA-7D7E-498D-8DFB-1A5BC4373E44}.Release|Any CPU.Build.0 = Release|Any CPU
		{228D7580-8713-468C-A485-5DD43405FF3E}.Debug|Any CPU.ActiveCfg = Debug|Any CPU
		{228D7580-8713-468C-A485-5DD43405FF3E}.Debug|Any CPU.Build.0 = Debug|Any CPU
		{228D7580-8713-468C-A485-5DD43405FF3E}.Release|Any CPU.ActiveCfg = Release|Any CPU
		{228D7580-8713-468C-A485-5DD43405FF3E}.Release|Any CPU.Build.0 = Release|Any CPU
		{FF577BA5-1D0C-459D-B7F1-C02BF53343DB}.Debug|Any CPU.ActiveCfg = Debug|Any CPU
		{FF577BA5-1D0C-459D-B7F1-C02BF53343DB}.Debug|Any CPU.Build.0 = Debug|Any CPU
		{FF577BA5-1D0C-459D-B7F1-C02BF53343DB}.Release|Any CPU.ActiveCfg = Release|Any CPU
		{FF577BA5-1D0C-459D-B7F1-C02BF53343DB}.Release|Any CPU.Build.0 = Release|Any CPU
		{15B84C74-742F-4768-A361-14B4AA1E39B6}.Debug|Any CPU.ActiveCfg = Debug|Any CPU
		{15B84C74-742F-4768-A361-14B4AA1E39B6}.Debug|Any CPU.Build.0 = Debug|Any CPU
		{15B84C74-742F-4768-A361-14B4AA1E39B6}.Release|Any CPU.ActiveCfg = Release|Any CPU
		{15B84C74-742F-4768-A361-14B4AA1E39B6}.Release|Any CPU.Build.0 = Release|Any CPU
		{1F91DBBF-BE19-46D6-B49D-ED0B62CCB8F6}.Debug|Any CPU.ActiveCfg = Debug|Any CPU
		{1F91DBBF-BE19-46D6-B49D-ED0B62CCB8F6}.Debug|Any CPU.Build.0 = Debug|Any CPU
		{1F91DBBF-BE19-46D6-B49D-ED0B62CCB8F6}.Release|Any CPU.ActiveCfg = Release|Any CPU
		{1F91DBBF-BE19-46D6-B49D-ED0B62CCB8F6}.Release|Any CPU.Build.0 = Release|Any CPU
		{D7B5D488-BA2F-471B-A4AF-1CA4030E2B07}.Debug|Any CPU.ActiveCfg = Debug|Any CPU
		{D7B5D488-BA2F-471B-A4AF-1CA4030E2B07}.Debug|Any CPU.Build.0 = Debug|Any CPU
		{D7B5D488-BA2F-471B-A4AF-1CA4030E2B07}.Release|Any CPU.ActiveCfg = Release|Any CPU
		{D7B5D488-BA2F-471B-A4AF-1CA4030E2B07}.Release|Any CPU.Build.0 = Release|Any CPU
		{3EF85AC3-2344-4615-BC88-922EE1C483A1}.Debug|Any CPU.ActiveCfg = Debug|Any CPU
		{3EF85AC3-2344-4615-BC88-922EE1C483A1}.Debug|Any CPU.Build.0 = Debug|Any CPU
		{3EF85AC3-2344-4615-BC88-922EE1C483A1}.Release|Any CPU.ActiveCfg = Release|Any CPU
		{3EF85AC3-2344-4615-BC88-922EE1C483A1}.Release|Any CPU.Build.0 = Release|Any CPU
		{9F4786E7-7402-4D88-AB14-022316A0CE0E}.Debug|Any CPU.ActiveCfg = Debug|Any CPU
		{9F4786E7-7402-4D88-AB14-022316A0CE0E}.Debug|Any CPU.Build.0 = Debug|Any CPU
		{9F4786E7-7402-4D88-AB14-022316A0CE0E}.Release|Any CPU.ActiveCfg = Release|Any CPU
		{9F4786E7-7402-4D88-AB14-022316A0CE0E}.Release|Any CPU.Build.0 = Release|Any CPU
		{BD9BF791-120F-4695-A9F1-E256D33094EA}.Debug|Any CPU.ActiveCfg = Debug|Any CPU
		{BD9BF791-120F-4695-A9F1-E256D33094EA}.Debug|Any CPU.Build.0 = Debug|Any CPU
		{BD9BF791-120F-4695-A9F1-E256D33094EA}.Release|Any CPU.ActiveCfg = Release|Any CPU
		{BD9BF791-120F-4695-A9F1-E256D33094EA}.Release|Any CPU.Build.0 = Release|Any CPU
		{944716B4-DF95-4D7B-9AFA-8F8D23F8B840}.Debug|Any CPU.ActiveCfg = Debug|Any CPU
		{944716B4-DF95-4D7B-9AFA-8F8D23F8B840}.Debug|Any CPU.Build.0 = Debug|Any CPU
		{944716B4-DF95-4D7B-9AFA-8F8D23F8B840}.Release|Any CPU.ActiveCfg = Release|Any CPU
		{944716B4-DF95-4D7B-9AFA-8F8D23F8B840}.Release|Any CPU.Build.0 = Release|Any CPU
		{6A6647F8-FFFC-40CB-814E-7E5E672084A1}.Debug|Any CPU.ActiveCfg = Debug|Any CPU
		{6A6647F8-FFFC-40CB-814E-7E5E672084A1}.Debug|Any CPU.Build.0 = Debug|Any CPU
		{6A6647F8-FFFC-40CB-814E-7E5E672084A1}.Release|Any CPU.ActiveCfg = Release|Any CPU
		{6A6647F8-FFFC-40CB-814E-7E5E672084A1}.Release|Any CPU.Build.0 = Release|Any CPU
		{38F809F8-5362-4A47-B92E-D2F2999308D5}.Debug|Any CPU.ActiveCfg = Debug|Any CPU
		{38F809F8-5362-4A47-B92E-D2F2999308D5}.Debug|Any CPU.Build.0 = Debug|Any CPU
		{38F809F8-5362-4A47-B92E-D2F2999308D5}.Release|Any CPU.ActiveCfg = Release|Any CPU
		{38F809F8-5362-4A47-B92E-D2F2999308D5}.Release|Any CPU.Build.0 = Release|Any CPU
		{04A77223-332C-4502-A45E-C3FE2E46F352}.Debug|Any CPU.ActiveCfg = Debug|Any CPU
		{04A77223-332C-4502-A45E-C3FE2E46F352}.Debug|Any CPU.Build.0 = Debug|Any CPU
		{04A77223-332C-4502-A45E-C3FE2E46F352}.Release|Any CPU.ActiveCfg = Release|Any CPU
		{04A77223-332C-4502-A45E-C3FE2E46F352}.Release|Any CPU.Build.0 = Release|Any CPU
		{9B57CB03-D55A-432C-9CAE-AD3C730F796E}.Debug|Any CPU.ActiveCfg = Debug|Any CPU
		{9B57CB03-D55A-432C-9CAE-AD3C730F796E}.Debug|Any CPU.Build.0 = Debug|Any CPU
		{9B57CB03-D55A-432C-9CAE-AD3C730F796E}.Release|Any CPU.ActiveCfg = Release|Any CPU
		{9B57CB03-D55A-432C-9CAE-AD3C730F796E}.Release|Any CPU.Build.0 = Release|Any CPU
		{E9714A3C-110B-4360-9354-97F6CCF27C76}.Debug|Any CPU.ActiveCfg = Debug|Any CPU
		{E9714A3C-110B-4360-9354-97F6CCF27C76}.Debug|Any CPU.Build.0 = Debug|Any CPU
		{E9714A3C-110B-4360-9354-97F6CCF27C76}.Release|Any CPU.ActiveCfg = Release|Any CPU
		{E9714A3C-110B-4360-9354-97F6CCF27C76}.Release|Any CPU.Build.0 = Release|Any CPU
		{49C73690-31F0-4751-81F9-FC1A48C455B7}.Debug|Any CPU.ActiveCfg = Debug|Any CPU
		{49C73690-31F0-4751-81F9-FC1A48C455B7}.Debug|Any CPU.Build.0 = Debug|Any CPU
		{49C73690-31F0-4751-81F9-FC1A48C455B7}.Release|Any CPU.ActiveCfg = Release|Any CPU
		{49C73690-31F0-4751-81F9-FC1A48C455B7}.Release|Any CPU.Build.0 = Release|Any CPU
		{B98D524C-5B0F-4F4A-BA6A-93C048B64BE5}.Debug|Any CPU.ActiveCfg = Debug|Any CPU
		{B98D524C-5B0F-4F4A-BA6A-93C048B64BE5}.Debug|Any CPU.Build.0 = Debug|Any CPU
		{B98D524C-5B0F-4F4A-BA6A-93C048B64BE5}.Release|Any CPU.ActiveCfg = Release|Any CPU
		{B98D524C-5B0F-4F4A-BA6A-93C048B64BE5}.Release|Any CPU.Build.0 = Release|Any CPU
		{90E0ECB4-8116-417B-8155-629A4ADA3956}.Debug|Any CPU.ActiveCfg = Debug|Any CPU
		{90E0ECB4-8116-417B-8155-629A4ADA3956}.Debug|Any CPU.Build.0 = Debug|Any CPU
		{90E0ECB4-8116-417B-8155-629A4ADA3956}.Release|Any CPU.ActiveCfg = Release|Any CPU
		{90E0ECB4-8116-417B-8155-629A4ADA3956}.Release|Any CPU.Build.0 = Release|Any CPU
		{4575A7B1-5185-42C5-A7AD-88665AE2E3BF}.Debug|Any CPU.ActiveCfg = Debug|Any CPU
		{4575A7B1-5185-42C5-A7AD-88665AE2E3BF}.Debug|Any CPU.Build.0 = Debug|Any CPU
		{4575A7B1-5185-42C5-A7AD-88665AE2E3BF}.Release|Any CPU.ActiveCfg = Release|Any CPU
		{4575A7B1-5185-42C5-A7AD-88665AE2E3BF}.Release|Any CPU.Build.0 = Release|Any CPU
		{B33134D3-BFB6-4387-AC19-9ECB4BF1E734}.Debug|Any CPU.ActiveCfg = Debug|Any CPU
		{B33134D3-BFB6-4387-AC19-9ECB4BF1E734}.Debug|Any CPU.Build.0 = Debug|Any CPU
		{B33134D3-BFB6-4387-AC19-9ECB4BF1E734}.Release|Any CPU.ActiveCfg = Release|Any CPU
		{B33134D3-BFB6-4387-AC19-9ECB4BF1E734}.Release|Any CPU.Build.0 = Release|Any CPU
		{66DEF703-6F94-48DA-9452-23BC3AD56A18}.Debug|Any CPU.ActiveCfg = Debug|Any CPU
		{66DEF703-6F94-48DA-9452-23BC3AD56A18}.Debug|Any CPU.Build.0 = Debug|Any CPU
		{66DEF703-6F94-48DA-9452-23BC3AD56A18}.Release|Any CPU.ActiveCfg = Release|Any CPU
		{66DEF703-6F94-48DA-9452-23BC3AD56A18}.Release|Any CPU.Build.0 = Release|Any CPU
		{FF8273D8-A9A0-4623-B799-514431A294C3}.Debug|Any CPU.ActiveCfg = Debug|Any CPU
		{FF8273D8-A9A0-4623-B799-514431A294C3}.Debug|Any CPU.Build.0 = Debug|Any CPU
		{FF8273D8-A9A0-4623-B799-514431A294C3}.Release|Any CPU.ActiveCfg = Release|Any CPU
		{FF8273D8-A9A0-4623-B799-514431A294C3}.Release|Any CPU.Build.0 = Release|Any CPU
		{56C201B0-6BD3-49BF-9B76-456A58FF1AA6}.Debug|Any CPU.ActiveCfg = Debug|Any CPU
		{56C201B0-6BD3-49BF-9B76-456A58FF1AA6}.Debug|Any CPU.Build.0 = Debug|Any CPU
		{56C201B0-6BD3-49BF-9B76-456A58FF1AA6}.Release|Any CPU.ActiveCfg = Release|Any CPU
		{56C201B0-6BD3-49BF-9B76-456A58FF1AA6}.Release|Any CPU.Build.0 = Release|Any CPU
		{8A0AEE66-1CC5-43C9-BA1A-8D32D9E00481}.Debug|Any CPU.ActiveCfg = Debug|Any CPU
		{8A0AEE66-1CC5-43C9-BA1A-8D32D9E00481}.Debug|Any CPU.Build.0 = Debug|Any CPU
		{8A0AEE66-1CC5-43C9-BA1A-8D32D9E00481}.Release|Any CPU.ActiveCfg = Release|Any CPU
		{8A0AEE66-1CC5-43C9-BA1A-8D32D9E00481}.Release|Any CPU.Build.0 = Release|Any CPU
		{8D142242-5162-4DE1-BBE6-7BB9D4567EE7}.Debug|Any CPU.ActiveCfg = Debug|Any CPU
		{8D142242-5162-4DE1-BBE6-7BB9D4567EE7}.Debug|Any CPU.Build.0 = Debug|Any CPU
		{8D142242-5162-4DE1-BBE6-7BB9D4567EE7}.Release|Any CPU.ActiveCfg = Release|Any CPU
		{8D142242-5162-4DE1-BBE6-7BB9D4567EE7}.Release|Any CPU.Build.0 = Release|Any CPU
		{0E99B4F6-495F-4BDF-B4C3-F0E6C1941E71}.Debug|Any CPU.ActiveCfg = Debug|Any CPU
		{0E99B4F6-495F-4BDF-B4C3-F0E6C1941E71}.Debug|Any CPU.Build.0 = Debug|Any CPU
		{0E99B4F6-495F-4BDF-B4C3-F0E6C1941E71}.Release|Any CPU.ActiveCfg = Release|Any CPU
		{0E99B4F6-495F-4BDF-B4C3-F0E6C1941E71}.Release|Any CPU.Build.0 = Release|Any CPU
		{FE75C4AF-3DCA-4006-8588-6DAA3651E4F7}.Debug|Any CPU.ActiveCfg = Debug|Any CPU
		{FE75C4AF-3DCA-4006-8588-6DAA3651E4F7}.Debug|Any CPU.Build.0 = Debug|Any CPU
		{FE75C4AF-3DCA-4006-8588-6DAA3651E4F7}.Release|Any CPU.ActiveCfg = Release|Any CPU
		{FE75C4AF-3DCA-4006-8588-6DAA3651E4F7}.Release|Any CPU.Build.0 = Release|Any CPU
		{834BABCB-0C0A-449C-AFF8-E587E27BC476}.Debug|Any CPU.ActiveCfg = Debug|Any CPU
		{834BABCB-0C0A-449C-AFF8-E587E27BC476}.Debug|Any CPU.Build.0 = Debug|Any CPU
		{834BABCB-0C0A-449C-AFF8-E587E27BC476}.Release|Any CPU.ActiveCfg = Release|Any CPU
		{834BABCB-0C0A-449C-AFF8-E587E27BC476}.Release|Any CPU.Build.0 = Release|Any CPU
		{D3C59088-9818-4009-B6EB-0299019B1C05}.Debug|Any CPU.ActiveCfg = Debug|Any CPU
		{D3C59088-9818-4009-B6EB-0299019B1C05}.Debug|Any CPU.Build.0 = Debug|Any CPU
		{D3C59088-9818-4009-B6EB-0299019B1C05}.Release|Any CPU.ActiveCfg = Release|Any CPU
		{D3C59088-9818-4009-B6EB-0299019B1C05}.Release|Any CPU.Build.0 = Release|Any CPU
		{155528FB-E270-4309-B819-B26D0A9C68E5}.Debug|Any CPU.ActiveCfg = Debug|Any CPU
		{155528FB-E270-4309-B819-B26D0A9C68E5}.Debug|Any CPU.Build.0 = Debug|Any CPU
		{155528FB-E270-4309-B819-B26D0A9C68E5}.Release|Any CPU.ActiveCfg = Release|Any CPU
		{155528FB-E270-4309-B819-B26D0A9C68E5}.Release|Any CPU.Build.0 = Release|Any CPU
    EndGlobalSection
	GlobalSection(SolutionProperties) = preSolution
		HideSolutionNode = FALSE
	EndGlobalSection
	GlobalSection(NestedProjects) = preSolution
		{A73B63F9-3B77-496E-84BF-8EDE50C0F89A} = {1523203C-CD16-4B4A-8F9D-8ECCA3A327AA}
		{E6CCB0AB-C78A-4670-8BBC-AF573ED32099} = {03245B8D-0A27-4C11-9AAC-7047A9F6DFB0}
		{1189FBBA-A94D-46DA-99B3-BDDBF6D9492F} = {E6CCB0AB-C78A-4670-8BBC-AF573ED32099}
		{02FECD4A-1E01-4C3A-8C48-43BAF13678A6} = {03245B8D-0A27-4C11-9AAC-7047A9F6DFB0}
		{9A01A608-B58A-4034-8B45-C03F5E72EAF3} = {02FECD4A-1E01-4C3A-8C48-43BAF13678A6}
		{150B89B2-90D5-4C98-934D-5940664B1244} = {03245B8D-0A27-4C11-9AAC-7047A9F6DFB0}
		{DE4AE7DE-5C25-4C01-A796-640E345CE07B} = {150B89B2-90D5-4C98-934D-5940664B1244}
		{4CD90FD1-803F-4C7F-9FB9-0D9DDF27AD23} = {03245B8D-0A27-4C11-9AAC-7047A9F6DFB0}
		{E34DBCF6-323E-4A12-8015-1D127EC91530} = {4CD90FD1-803F-4C7F-9FB9-0D9DDF27AD23}
		{DE5403A2-61EC-4F38-86F2-7C839DCC3EF1} = {03245B8D-0A27-4C11-9AAC-7047A9F6DFB0}
		{9905D9A7-3507-4914-AB5B-7C680768DB04} = {DE5403A2-61EC-4F38-86F2-7C839DCC3EF1}
		{92D7CA0B-7D38-445C-96CA-453D907F6A45} = {03245B8D-0A27-4C11-9AAC-7047A9F6DFB0}
		{84475983-5DA9-4F36-986A-B4D92E4818D8} = {92D7CA0B-7D38-445C-96CA-453D907F6A45}
		{5FBC17D1-E425-49A0-83E9-C6E91ABCBFE0} = {03245B8D-0A27-4C11-9AAC-7047A9F6DFB0}
		{1CED9929-BA7F-431A-AA49-E1B6AD664EE4} = {5FBC17D1-E425-49A0-83E9-C6E91ABCBFE0}
		{A5E69862-1173-451B-9841-0AFD396C64DF} = {03245B8D-0A27-4C11-9AAC-7047A9F6DFB0}
		{844D4954-4FE2-46B1-BCB9-FFEF3C246CE7} = {A5E69862-1173-451B-9841-0AFD396C64DF}
		{9AF6FB19-A0F7-4B2E-815D-5BB490E754F4} = {03245B8D-0A27-4C11-9AAC-7047A9F6DFB0}
		{53376FE0-EAAC-493E-B96B-24D7D5AEEF5D} = {9AF6FB19-A0F7-4B2E-815D-5BB490E754F4}
		{622DFEDA-2FAE-499D-A8D2-09BDC177E9FF} = {03245B8D-0A27-4C11-9AAC-7047A9F6DFB0}
		{A19F8887-2678-4EF7-8F76-29B59A0A771B} = {622DFEDA-2FAE-499D-A8D2-09BDC177E9FF}
		{5A8771A0-549F-4808-A321-5BD69C98F112} = {03245B8D-0A27-4C11-9AAC-7047A9F6DFB0}
		{2911B4EA-4B83-4191-AFEF-568B1D171E9B} = {5A8771A0-549F-4808-A321-5BD69C98F112}
		{BCF5883B-0673-4599-90FC-9D67139A234B} = {03245B8D-0A27-4C11-9AAC-7047A9F6DFB0}
		{C149C3A6-B6FE-44A3-BA29-97F033BECD17} = {BCF5883B-0673-4599-90FC-9D67139A234B}
		{06310E45-D0C3-45FC-8F94-F91CD9B38FAC} = {03245B8D-0A27-4C11-9AAC-7047A9F6DFB0}
		{CE5E21F3-CCC1-4959-9502-288F8F62BF70} = {06310E45-D0C3-45FC-8F94-F91CD9B38FAC}
		{E8FA1129-FFB0-4363-B7F4-ED8A849D1736} = {03245B8D-0A27-4C11-9AAC-7047A9F6DFB0}
		{E3A86A1F-0176-4282-A020-7405D7FFF1E1} = {E8FA1129-FFB0-4363-B7F4-ED8A849D1736}
		{E00C39D2-5429-47A5-9A90-538B551D73EE} = {03245B8D-0A27-4C11-9AAC-7047A9F6DFB0}
		{2DC8BC15-B53A-472F-B764-C686808755D4} = {E00C39D2-5429-47A5-9A90-538B551D73EE}
		{99529FFD-BF24-40A2-992C-7F6AF874C082} = {03245B8D-0A27-4C11-9AAC-7047A9F6DFB0}
		{A7099F66-0A1A-47DB-B1EE-9EFF12195777} = {99529FFD-BF24-40A2-992C-7F6AF874C082}
		{E94ADAE5-5B98-40AF-BFA3-3625CA91D6B2} = {03245B8D-0A27-4C11-9AAC-7047A9F6DFB0}
		{7675F4E3-BC72-49B8-9EE4-C3E9166C15A4} = {E94ADAE5-5B98-40AF-BFA3-3625CA91D6B2}
		{646DDEB7-40B7-4CEC-A9F5-BEF05FE9380A} = {03245B8D-0A27-4C11-9AAC-7047A9F6DFB0}
		{B1D7764E-B76B-4B42-A490-BA5E374C074F} = {646DDEB7-40B7-4CEC-A9F5-BEF05FE9380A}
		{33309134-201F-4746-B283-8A96E98533C9} = {03245B8D-0A27-4C11-9AAC-7047A9F6DFB0}
		{48D01356-52D7-4353-B133-C716D6798417} = {33309134-201F-4746-B283-8A96E98533C9}
		{ACB84659-DECE-4BFF-8393-E012E0CBF6C8} = {03245B8D-0A27-4C11-9AAC-7047A9F6DFB0}
		{7258978D-1232-44D1-A81A-C610EC48A46C} = {ACB84659-DECE-4BFF-8393-E012E0CBF6C8}
		{B5253178-17A4-476D-AFBD-7A7924F50FC8} = {03245B8D-0A27-4C11-9AAC-7047A9F6DFB0}
		{90F5F723-5F4F-4E9A-8D1B-7F92CBF7444F} = {B5253178-17A4-476D-AFBD-7A7924F50FC8}
		{22095035-B137-4507-A06C-4564A806D950} = {03245B8D-0A27-4C11-9AAC-7047A9F6DFB0}
		{A9EFEFDA-7D7E-498D-8DFB-1A5BC4373E44} = {22095035-B137-4507-A06C-4564A806D950}
		{D7503D1E-22D9-4666-AE4F-3336552EA475} = {03245B8D-0A27-4C11-9AAC-7047A9F6DFB0}
		{228D7580-8713-468C-A485-5DD43405FF3E} = {D7503D1E-22D9-4666-AE4F-3336552EA475}
		{772857B0-56EF-4D2E-BC40-F8F989741A08} = {03245B8D-0A27-4C11-9AAC-7047A9F6DFB0}
		{FF577BA5-1D0C-459D-B7F1-C02BF53343DB} = {772857B0-56EF-4D2E-BC40-F8F989741A08}
		{BC971DE0-C77C-4A8D-9ACA-060AB31FE090} = {03245B8D-0A27-4C11-9AAC-7047A9F6DFB0}
		{15B84C74-742F-4768-A361-14B4AA1E39B6} = {BC971DE0-C77C-4A8D-9ACA-060AB31FE090}
		{2A6E04DC-30D7-40E5-ABD1-7F6A1444024F} = {03245B8D-0A27-4C11-9AAC-7047A9F6DFB0}
		{1F91DBBF-BE19-46D6-B49D-ED0B62CCB8F6} = {2A6E04DC-30D7-40E5-ABD1-7F6A1444024F}
		{CCD9EB39-2141-4E17-B8C8-3A11991D9FDC} = {03245B8D-0A27-4C11-9AAC-7047A9F6DFB0}
		{D7B5D488-BA2F-471B-A4AF-1CA4030E2B07} = {CCD9EB39-2141-4E17-B8C8-3A11991D9FDC}
		{FA9C9E04-DCA7-475D-840A-67E230215EBA} = {03245B8D-0A27-4C11-9AAC-7047A9F6DFB0}
		{3EF85AC3-2344-4615-BC88-922EE1C483A1} = {FA9C9E04-DCA7-475D-840A-67E230215EBA}
		{F74A7940-427F-410D-897B-DC18856C084D} = {03245B8D-0A27-4C11-9AAC-7047A9F6DFB0}
		{9F4786E7-7402-4D88-AB14-022316A0CE0E} = {F74A7940-427F-410D-897B-DC18856C084D}
		{8A676AF3-979B-4A97-ADB8-623BFA0AE1F0} = {03245B8D-0A27-4C11-9AAC-7047A9F6DFB0}
		{BD9BF791-120F-4695-A9F1-E256D33094EA} = {8A676AF3-979B-4A97-ADB8-623BFA0AE1F0}
		{5C347015-C445-4DE4-9134-61937498F602} = {03245B8D-0A27-4C11-9AAC-7047A9F6DFB0}
		{944716B4-DF95-4D7B-9AFA-8F8D23F8B840} = {5C347015-C445-4DE4-9134-61937498F602}
		{AA5455C3-AADB-4847-B365-BF79FB792FA1} = {03245B8D-0A27-4C11-9AAC-7047A9F6DFB0}
		{6A6647F8-FFFC-40CB-814E-7E5E672084A1} = {AA5455C3-AADB-4847-B365-BF79FB792FA1}
		{E927A8BD-22B0-4328-B629-90173E789AC6} = {03245B8D-0A27-4C11-9AAC-7047A9F6DFB0}
		{38F809F8-5362-4A47-B92E-D2F2999308D5} = {E927A8BD-22B0-4328-B629-90173E789AC6}
		{498CADB8-619F-4B02-A954-6ADCD9DB0533} = {03245B8D-0A27-4C11-9AAC-7047A9F6DFB0}
		{04A77223-332C-4502-A45E-C3FE2E46F352} = {498CADB8-619F-4B02-A954-6ADCD9DB0533}
		{19CCDF34-78C8-491D-B0D4-DA83A9B1E9CA} = {03245B8D-0A27-4C11-9AAC-7047A9F6DFB0}
		{9B57CB03-D55A-432C-9CAE-AD3C730F796E} = {19CCDF34-78C8-491D-B0D4-DA83A9B1E9CA}
		{2AC967D7-B77C-4B9F-B6B6-BF824D7C5CCE} = {03245B8D-0A27-4C11-9AAC-7047A9F6DFB0}
		{E9714A3C-110B-4360-9354-97F6CCF27C76} = {2AC967D7-B77C-4B9F-B6B6-BF824D7C5CCE}
		{B0E1735B-1B0E-4FC2-BF96-F46564F440C0} = {03245B8D-0A27-4C11-9AAC-7047A9F6DFB0}
		{49C73690-31F0-4751-81F9-FC1A48C455B7} = {B0E1735B-1B0E-4FC2-BF96-F46564F440C0}
		{FDE5165E-ECCC-4988-8158-F19A19E60489} = {03245B8D-0A27-4C11-9AAC-7047A9F6DFB0}
		{B98D524C-5B0F-4F4A-BA6A-93C048B64BE5} = {FDE5165E-ECCC-4988-8158-F19A19E60489}
		{AAC50ED3-F9C5-4349-B928-E0512FBDF383} = {03245B8D-0A27-4C11-9AAC-7047A9F6DFB0}
		{90E0ECB4-8116-417B-8155-629A4ADA3956} = {AAC50ED3-F9C5-4349-B928-E0512FBDF383}
		{B7E7C236-E877-4B7B-9B5B-E8523AF347ED} = {03245B8D-0A27-4C11-9AAC-7047A9F6DFB0}
		{4575A7B1-5185-42C5-A7AD-88665AE2E3BF} = {B7E7C236-E877-4B7B-9B5B-E8523AF347ED}
		{C573A9A3-2BDD-4218-9914-6DC723E1D316} = {03245B8D-0A27-4C11-9AAC-7047A9F6DFB0}
		{B33134D3-BFB6-4387-AC19-9ECB4BF1E734} = {C573A9A3-2BDD-4218-9914-6DC723E1D316}
		{39CC59B9-9EE0-4715-B919-BC224CD6488D} = {03245B8D-0A27-4C11-9AAC-7047A9F6DFB0}
		{66DEF703-6F94-48DA-9452-23BC3AD56A18} = {39CC59B9-9EE0-4715-B919-BC224CD6488D}
		{C2CAE996-0779-4804-963A-CCEB0AE36BC3} = {03245B8D-0A27-4C11-9AAC-7047A9F6DFB0}
		{FF8273D8-A9A0-4623-B799-514431A294C3} = {C2CAE996-0779-4804-963A-CCEB0AE36BC3}
		{D11A5CEA-B072-4A90-96F1-75796CB9A9C8} = {03245B8D-0A27-4C11-9AAC-7047A9F6DFB0}
		{56C201B0-6BD3-49BF-9B76-456A58FF1AA6} = {D11A5CEA-B072-4A90-96F1-75796CB9A9C8}
		{80CDB811-D488-4217-B83C-9C66FEB26AEF} = {03245B8D-0A27-4C11-9AAC-7047A9F6DFB0}
		{8A0AEE66-1CC5-43C9-BA1A-8D32D9E00481} = {80CDB811-D488-4217-B83C-9C66FEB26AEF}
		{9A68BCF5-57AE-4C2F-8C93-566CBEAF4ECF} = {03245B8D-0A27-4C11-9AAC-7047A9F6DFB0}
		{8D142242-5162-4DE1-BBE6-7BB9D4567EE7} = {9A68BCF5-57AE-4C2F-8C93-566CBEAF4ECF}
		{0A4044A1-1557-417F-9E91-A015D45E75B9} = {03245B8D-0A27-4C11-9AAC-7047A9F6DFB0}
		{0E99B4F6-495F-4BDF-B4C3-F0E6C1941E71} = {0A4044A1-1557-417F-9E91-A015D45E75B9}
		{C4C11971-FF38-4F2F-B1E6-2B6A37DBC627} = {03245B8D-0A27-4C11-9AAC-7047A9F6DFB0}
		{FE75C4AF-3DCA-4006-8588-6DAA3651E4F7} = {C4C11971-FF38-4F2F-B1E6-2B6A37DBC627}
		{15087752-BA19-4EC7-A2E6-2B89D1583F84} = {03245B8D-0A27-4C11-9AAC-7047A9F6DFB0}
		{834BABCB-0C0A-449C-AFF8-E587E27BC476} = {15087752-BA19-4EC7-A2E6-2B89D1583F84}
		{7B10188E-97DE-4D93-A2E3-B3EEDEC2FD11} = {03245B8D-0A27-4C11-9AAC-7047A9F6DFB0}
		{D3C59088-9818-4009-B6EB-0299019B1C05} = {7B10188E-97DE-4D93-A2E3-B3EEDEC2FD11}
		{0BBBDE76-0EDD-4F01-A30E-640D14AAD2C0} = {03245B8D-0A27-4C11-9AAC-7047A9F6DFB0}
		{155528FB-E270-4309-B819-B26D0A9C68E5} = {0BBBDE76-0EDD-4F01-A30E-640D14AAD2C0}
	EndGlobalSection
EndGlobal