Microsoft Visual Studio Solution File, Format Version 12.00
# Visual Studio 2013
VisualStudioVersion = 12.0.30723.0
MinimumVisualStudioVersion = 10.0.40219.1
Project("{2150E333-8FDC-42A3-9474-1A3956D46DE8}") = "Core", "Core", "{1523203C-CD16-4B4A-8F9D-8ECCA3A327AA}"
EndProject
Project("{2150E333-8FDC-42A3-9474-1A3956D46DE8}") = "Services", "Services", "{03245B8D-0A27-4C11-9AAC-7047A9F6DFB0}"
EndProject
Project("{2150E333-8FDC-42A3-9474-1A3956D46DE8}") = "Tests", "Tests", "{AAB6968E-1FCE-47C8-B34C-4850E27458F1}"
EndProject
Project("{FAE04EC0-301F-11D3-BF4B-00C04F79EFBC}") = "AWSSDK.Core.Net45", "src\Core\AWSSDK.Core.Net45.csproj", "{25ED6BD4-A32A-4EAA-ACBF-AB4FCD343E8E}"
EndProject
Project("{2150E333-8FDC-42A3-9474-1A3956D46DE8}") = "AutoScaling", "AutoScaling", "{CE8DAB01-9427-4D32-A12A-017D0D2863D3}"
EndProject
Project("{FAE04EC0-301F-11D3-BF4B-00C04F79EFBC}") = "AWSSDK.AutoScaling.Net45", "src\Services\AutoScaling\AWSSDK.AutoScaling.Net45.csproj", "{47B1F84B-C7FD-4F38-A0F5-FF4383752AF4}"
EndProject
Project("{2150E333-8FDC-42A3-9474-1A3956D46DE8}") = "AWSSupport", "AWSSupport", "{813AE079-97C0-46AE-9CF7-123751EDA5D5}"
EndProject
Project("{FAE04EC0-301F-11D3-BF4B-00C04F79EFBC}") = "AWSSDK.AWSSupport.Net45", "src\Services\AWSSupport\AWSSDK.AWSSupport.Net45.csproj", "{7AFB6468-FE81-4A38-8446-3DFF539B2CFC}"
EndProject
Project("{2150E333-8FDC-42A3-9474-1A3956D46DE8}") = "CloudFormation", "CloudFormation", "{2E3696FF-2ABD-4963-B7FD-1D5F82E97480}"
EndProject
Project("{FAE04EC0-301F-11D3-BF4B-00C04F79EFBC}") = "AWSSDK.CloudFormation.Net45", "src\Services\CloudFormation\AWSSDK.CloudFormation.Net45.csproj", "{98223582-5CC1-4645-88FA-486C91E14DAC}"
EndProject
Project("{2150E333-8FDC-42A3-9474-1A3956D46DE8}") = "CloudFront", "CloudFront", "{C0159F69-3CAA-49D5-95A7-550F1942931D}"
EndProject
Project("{FAE04EC0-301F-11D3-BF4B-00C04F79EFBC}") = "AWSSDK.CloudFront.Net45", "src\Services\CloudFront\AWSSDK.CloudFront.Net45.csproj", "{F7340323-42CF-47D1-AB3D-502AB772C141}"
EndProject
Project("{2150E333-8FDC-42A3-9474-1A3956D46DE8}") = "CloudHSM", "CloudHSM", "{6EC0B56E-2568-446F-A13B-49EA9784AAE4}"
EndProject
Project("{FAE04EC0-301F-11D3-BF4B-00C04F79EFBC}") = "AWSSDK.CloudHSM.Net45", "src\Services\CloudHSM\AWSSDK.CloudHSM.Net45.csproj", "{1A6756E2-64B9-4445-BF56-E1CE650AF417}"
EndProject
Project("{2150E333-8FDC-42A3-9474-1A3956D46DE8}") = "CloudSearch", "CloudSearch", "{0DE4EBB2-AFED-4AE2-9380-4FF4A0668A4C}"
EndProject
Project("{FAE04EC0-301F-11D3-BF4B-00C04F79EFBC}") = "AWSSDK.CloudSearch.Net45", "src\Services\CloudSearch\AWSSDK.CloudSearch.Net45.csproj", "{02B4D0DD-AABD-4AAC-A08E-9577C3D09971}"
EndProject
Project("{2150E333-8FDC-42A3-9474-1A3956D46DE8}") = "CloudSearchDomain", "CloudSearchDomain", "{F8B1D6AF-DCAD-4D24-AD8A-49072CC5D2C9}"
EndProject
Project("{FAE04EC0-301F-11D3-BF4B-00C04F79EFBC}") = "AWSSDK.CloudSearchDomain.Net45", "src\Services\CloudSearchDomain\AWSSDK.CloudSearchDomain.Net45.csproj", "{431402E6-30D5-4FDE-8CB3-5EEB885ED0A4}"
EndProject
Project("{2150E333-8FDC-42A3-9474-1A3956D46DE8}") = "CloudTrail", "CloudTrail", "{8544B12E-D9B6-4039-AF5B-7ED17FBC9D30}"
EndProject
Project("{FAE04EC0-301F-11D3-BF4B-00C04F79EFBC}") = "AWSSDK.CloudTrail.Net45", "src\Services\CloudTrail\AWSSDK.CloudTrail.Net45.csproj", "{C330247E-010B-45E7-87F7-AF4AEA8402CF}"
EndProject
Project("{2150E333-8FDC-42A3-9474-1A3956D46DE8}") = "CloudWatch", "CloudWatch", "{99FCF897-CAE4-49FA-8990-9C412903A65A}"
EndProject
Project("{FAE04EC0-301F-11D3-BF4B-00C04F79EFBC}") = "AWSSDK.CloudWatch.Net45", "src\Services\CloudWatch\AWSSDK.CloudWatch.Net45.csproj", "{8C4E574E-7466-4B4B-81BD-A5C0F66ABD77}"
EndProject
Project("{2150E333-8FDC-42A3-9474-1A3956D46DE8}") = "CloudWatchLogs", "CloudWatchLogs", "{E30048A5-B1C7-4F4C-A48A-B1B21D749E45}"
EndProject
Project("{FAE04EC0-301F-11D3-BF4B-00C04F79EFBC}") = "AWSSDK.CloudWatchLogs.Net45", "src\Services\CloudWatchLogs\AWSSDK.CloudWatchLogs.Net45.csproj", "{48B6C28A-93CE-437F-AABC-8CF0439CC44D}"
EndProject
Project("{2150E333-8FDC-42A3-9474-1A3956D46DE8}") = "CodeDeploy", "CodeDeploy", "{2BBE7499-39F2-4698-8861-EC038C273AA4}"
EndProject
Project("{FAE04EC0-301F-11D3-BF4B-00C04F79EFBC}") = "AWSSDK.CodeDeploy.Net45", "src\Services\CodeDeploy\AWSSDK.CodeDeploy.Net45.csproj", "{6BC89409-44E1-4393-9C92-0D68975EFAD1}"
EndProject
Project("{2150E333-8FDC-42A3-9474-1A3956D46DE8}") = "CognitoIdentity", "CognitoIdentity", "{F77C5F54-803E-49D2-99D9-4BDD3E5F3BF1}"
EndProject
Project("{FAE04EC0-301F-11D3-BF4B-00C04F79EFBC}") = "AWSSDK.CognitoIdentity.Net45", "src\Services\CognitoIdentity\AWSSDK.CognitoIdentity.Net45.csproj", "{C58BC670-0ACB-42BF-B141-4A949EF71099}"
EndProject
Project("{2150E333-8FDC-42A3-9474-1A3956D46DE8}") = "CognitoSync", "CognitoSync", "{3E5B19A8-E516-40D4-85C2-16F5DA563CCA}"
EndProject
Project("{FAE04EC0-301F-11D3-BF4B-00C04F79EFBC}") = "AWSSDK.CognitoSync.Net45", "src\Services\CognitoSync\AWSSDK.CognitoSync.Net45.csproj", "{75252F5A-D3F2-4A4E-ADDC-560E1E3C2066}"
EndProject
Project("{2150E333-8FDC-42A3-9474-1A3956D46DE8}") = "ConfigService", "ConfigService", "{C2F01022-706A-41D9-8D68-3C4D897C13EB}"
EndProject
Project("{FAE04EC0-301F-11D3-BF4B-00C04F79EFBC}") = "AWSSDK.ConfigService.Net45", "src\Services\ConfigService\AWSSDK.ConfigService.Net45.csproj", "{844769FF-BA07-49FB-94A2-08EEA8AC2DC3}"
EndProject
Project("{2150E333-8FDC-42A3-9474-1A3956D46DE8}") = "DataPipeline", "DataPipeline", "{D19EDC2D-8D5C-42EB-8058-3FB52632511B}"
EndProject
Project("{FAE04EC0-301F-11D3-BF4B-00C04F79EFBC}") = "AWSSDK.DataPipeline.Net45", "src\Services\DataPipeline\AWSSDK.DataPipeline.Net45.csproj", "{BACF5518-E9DC-4BE7-BD59-965E9EA51BB7}"
EndProject
Project("{2150E333-8FDC-42A3-9474-1A3956D46DE8}") = "DirectConnect", "DirectConnect", "{5CCA0491-BE1C-4201-8F6A-26206F07378F}"
EndProject
Project("{FAE04EC0-301F-11D3-BF4B-00C04F79EFBC}") = "AWSSDK.DirectConnect.Net45", "src\Services\DirectConnect\AWSSDK.DirectConnect.Net45.csproj", "{D96D3583-EBEB-403E-96A8-B9069E65C9B6}"
EndProject
Project("{2150E333-8FDC-42A3-9474-1A3956D46DE8}") = "DynamoDBv2", "DynamoDBv2", "{B568017E-E7A7-48A2-9588-A1C7BFF77B9D}"
EndProject
Project("{FAE04EC0-301F-11D3-BF4B-00C04F79EFBC}") = "AWSSDK.DynamoDBv2.Net45", "src\Services\DynamoDBv2\AWSSDK.DynamoDBv2.Net45.csproj", "{093F2DED-1B19-450C-B9FC-C012C40473C3}"
EndProject
Project("{2150E333-8FDC-42A3-9474-1A3956D46DE8}") = "EC2", "EC2", "{096A78A7-3790-42EE-AFD3-049AC446ADF5}"
EndProject
Project("{FAE04EC0-301F-11D3-BF4B-00C04F79EFBC}") = "AWSSDK.EC2.Net45", "src\Services\EC2\AWSSDK.EC2.Net45.csproj", "{22819F48-B00A-411A-A558-4E77B890A99F}"
EndProject
Project("{2150E333-8FDC-42A3-9474-1A3956D46DE8}") = "ECS", "ECS", "{5218F806-82C3-4342-A9EC-039CD9DEC9E0}"
EndProject
Project("{FAE04EC0-301F-11D3-BF4B-00C04F79EFBC}") = "AWSSDK.ECS.Net45", "src\Services\ECS\AWSSDK.ECS.Net45.csproj", "{8A3D5F46-C927-417F-AAF0-8D057B4CAA60}"
EndProject
Project("{2150E333-8FDC-42A3-9474-1A3956D46DE8}") = "ElastiCache", "ElastiCache", "{F3311D5B-6A57-4C27-8931-C9A1E3C62FA6}"
EndProject
Project("{FAE04EC0-301F-11D3-BF4B-00C04F79EFBC}") = "AWSSDK.ElastiCache.Net45", "src\Services\ElastiCache\AWSSDK.ElastiCache.Net45.csproj", "{6E4CD5B4-366E-40EB-BAC3-04E033A904AD}"
EndProject
Project("{2150E333-8FDC-42A3-9474-1A3956D46DE8}") = "ElasticBeanstalk", "ElasticBeanstalk", "{7BC6DBED-C3C3-4162-A391-A0020AC0AF96}"
EndProject
Project("{FAE04EC0-301F-11D3-BF4B-00C04F79EFBC}") = "AWSSDK.ElasticBeanstalk.Net45", "src\Services\ElasticBeanstalk\AWSSDK.ElasticBeanstalk.Net45.csproj", "{156D9313-7650-4141-8DCD-D3C8DBBF7642}"
EndProject
Project("{2150E333-8FDC-42A3-9474-1A3956D46DE8}") = "ElasticLoadBalancing", "ElasticLoadBalancing", "{3A6F9BBB-F8C4-4CEC-8F45-2570F20FA7B5}"
EndProject
Project("{FAE04EC0-301F-11D3-BF4B-00C04F79EFBC}") = "AWSSDK.ElasticLoadBalancing.Net45", "src\Services\ElasticLoadBalancing\AWSSDK.ElasticLoadBalancing.Net45.csproj", "{AB715742-9EE8-4D2A-AD38-F0E75723A9AB}"
EndProject
Project("{2150E333-8FDC-42A3-9474-1A3956D46DE8}") = "ElasticMapReduce", "ElasticMapReduce", "{DE1FEDF3-F379-4042-9E18-C92F871A4EE3}"
EndProject
Project("{FAE04EC0-301F-11D3-BF4B-00C04F79EFBC}") = "AWSSDK.ElasticMapReduce.Net45", "src\Services\ElasticMapReduce\AWSSDK.ElasticMapReduce.Net45.csproj", "{2B2A9558-058E-4C26-8637-628846329B9A}"
EndProject
Project("{2150E333-8FDC-42A3-9474-1A3956D46DE8}") = "ElasticTranscoder", "ElasticTranscoder", "{C7C1FC18-71D0-4814-9E79-78A22B8E6EFE}"
EndProject
Project("{FAE04EC0-301F-11D3-BF4B-00C04F79EFBC}") = "AWSSDK.ElasticTranscoder.Net45", "src\Services\ElasticTranscoder\AWSSDK.ElasticTranscoder.Net45.csproj", "{FCF20E51-E8E5-46A3-8D7A-BB0E68C8BF4A}"
EndProject
Project("{2150E333-8FDC-42A3-9474-1A3956D46DE8}") = "Glacier", "Glacier", "{BCDF742D-B35F-489A-BCDD-153A5A5F9302}"
EndProject
Project("{FAE04EC0-301F-11D3-BF4B-00C04F79EFBC}") = "AWSSDK.Glacier.Net45", "src\Services\Glacier\AWSSDK.Glacier.Net45.csproj", "{CC49CFB0-F27C-4D16-AAF8-21097F468129}"
EndProject
Project("{2150E333-8FDC-42A3-9474-1A3956D46DE8}") = "IdentityManagement", "IdentityManagement", "{9EEAE0C8-96B3-4743-8AFF-50FCB55CE772}"
EndProject
Project("{FAE04EC0-301F-11D3-BF4B-00C04F79EFBC}") = "AWSSDK.IdentityManagement.Net45", "src\Services\IdentityManagement\AWSSDK.IdentityManagement.Net45.csproj", "{02374DF3-D0F8-43DD-A638-8130A604A683}"
EndProject
Project("{2150E333-8FDC-42A3-9474-1A3956D46DE8}") = "ImportExport", "ImportExport", "{A9A8A935-BAF0-49FF-B472-0EC91EA3B9F5}"
EndProject
Project("{FAE04EC0-301F-11D3-BF4B-00C04F79EFBC}") = "AWSSDK.ImportExport.Net45", "src\Services\ImportExport\AWSSDK.ImportExport.Net45.csproj", "{91A3791F-AC18-48FB-B27C-05389B988B75}"
EndProject
Project("{2150E333-8FDC-42A3-9474-1A3956D46DE8}") = "KeyManagementService", "KeyManagementService", "{A276D405-993C-40A7-B523-43BE3802F57C}"
EndProject
Project("{FAE04EC0-301F-11D3-BF4B-00C04F79EFBC}") = "AWSSDK.KeyManagementService.Net45", "src\Services\KeyManagementService\AWSSDK.KeyManagementService.Net45.csproj", "{38C583D8-26EB-4BA0-AEEF-338468E4D8DC}"
EndProject
Project("{2150E333-8FDC-42A3-9474-1A3956D46DE8}") = "Kinesis", "Kinesis", "{5B1667CA-E4C3-45EE-975E-C5D8A54DA7BB}"
EndProject
Project("{FAE04EC0-301F-11D3-BF4B-00C04F79EFBC}") = "AWSSDK.Kinesis.Net45", "src\Services\Kinesis\AWSSDK.Kinesis.Net45.csproj", "{6698BD46-B68A-4C53-9560-DD21A91E910D}"
EndProject
Project("{2150E333-8FDC-42A3-9474-1A3956D46DE8}") = "Lambda", "Lambda", "{6A1353A7-2513-489A-8EE6-6AAA6669496C}"
EndProject
Project("{FAE04EC0-301F-11D3-BF4B-00C04F79EFBC}") = "AWSSDK.Lambda.Net45", "src\Services\Lambda\AWSSDK.Lambda.Net45.csproj", "{2BAD7146-8A64-4536-83CA-D4DDABD2E3B1}"
EndProject
Project("{2150E333-8FDC-42A3-9474-1A3956D46DE8}") = "MachineLearning", "MachineLearning", "{8073410B-B77E-4758-A65E-EF6B17367881}"
EndProject
Project("{FAE04EC0-301F-11D3-BF4B-00C04F79EFBC}") = "AWSSDK.MachineLearning.Net45", "src\Services\MachineLearning\AWSSDK.MachineLearning.Net45.csproj", "{39BC41FA-A4ED-4C24-AEA1-A3CD3556F21A}"
EndProject
Project("{2150E333-8FDC-42A3-9474-1A3956D46DE8}") = "OpsWorks", "OpsWorks", "{4E2CB88F-B3B4-44EC-9BEE-A6C360EF1319}"
EndProject
Project("{FAE04EC0-301F-11D3-BF4B-00C04F79EFBC}") = "AWSSDK.OpsWorks.Net45", "src\Services\OpsWorks\AWSSDK.OpsWorks.Net45.csproj", "{9123E499-47D5-4B7C-BAB4-155A96CA5E9C}"
EndProject
Project("{2150E333-8FDC-42A3-9474-1A3956D46DE8}") = "RDS", "RDS", "{1C77EE5F-FAB1-4649-8DEC-87F57C1D6CC6}"
EndProject
Project("{FAE04EC0-301F-11D3-BF4B-00C04F79EFBC}") = "AWSSDK.RDS.Net45", "src\Services\RDS\AWSSDK.RDS.Net45.csproj", "{18F3ECAE-0CD6-4A59-8CB2-80533F276AA3}"
EndProject
Project("{2150E333-8FDC-42A3-9474-1A3956D46DE8}") = "Redshift", "Redshift", "{9859C1BF-3968-4008-8C42-34F6196F6A37}"
EndProject
Project("{FAE04EC0-301F-11D3-BF4B-00C04F79EFBC}") = "AWSSDK.Redshift.Net45", "src\Services\Redshift\AWSSDK.Redshift.Net45.csproj", "{70CA134F-2307-49F7-BD2A-B30371B88FF1}"
EndProject
Project("{2150E333-8FDC-42A3-9474-1A3956D46DE8}") = "Route53", "Route53", "{93F907A2-1930-48D9-997E-7B2D706F499E}"
EndProject
Project("{FAE04EC0-301F-11D3-BF4B-00C04F79EFBC}") = "AWSSDK.Route53.Net45", "src\Services\Route53\AWSSDK.Route53.Net45.csproj", "{297FC084-5027-44B3-BE25-2E16D16E85D2}"
EndProject
Project("{2150E333-8FDC-42A3-9474-1A3956D46DE8}") = "Route53Domains", "Route53Domains", "{F3D0CA93-2F41-482A-A976-5B318B76CAC4}"
EndProject
Project("{FAE04EC0-301F-11D3-BF4B-00C04F79EFBC}") = "AWSSDK.Route53Domains.Net45", "src\Services\Route53Domains\AWSSDK.Route53Domains.Net45.csproj", "{53E678C2-4132-42EE-99F1-0FE88293C874}"
EndProject
Project("{2150E333-8FDC-42A3-9474-1A3956D46DE8}") = "S3", "S3", "{9BEC6B18-DD09-48B8-B76E-3589F5152F3C}"
EndProject
Project("{FAE04EC0-301F-11D3-BF4B-00C04F79EFBC}") = "AWSSDK.S3.Net45", "src\Services\S3\AWSSDK.S3.Net45.csproj", "{F9FAF246-06D9-48C8-88F0-0F716CCAC013}"
EndProject
Project("{2150E333-8FDC-42A3-9474-1A3956D46DE8}") = "SecurityToken", "SecurityToken", "{97624C23-4CD7-49A8-8B8B-AFE0923CFFE0}"
EndProject
Project("{FAE04EC0-301F-11D3-BF4B-00C04F79EFBC}") = "AWSSDK.SecurityToken.Net45", "src\Services\SecurityToken\AWSSDK.SecurityToken.Net45.csproj", "{BB266953-D765-4BC6-9315-D206548CB8A6}"
EndProject
Project("{2150E333-8FDC-42A3-9474-1A3956D46DE8}") = "SimpleDB", "SimpleDB", "{7B1CA031-CB96-4063-B38B-8A8C187A74B0}"
EndProject
Project("{FAE04EC0-301F-11D3-BF4B-00C04F79EFBC}") = "AWSSDK.SimpleDB.Net45", "src\Services\SimpleDB\AWSSDK.SimpleDB.Net45.csproj", "{781F0A71-6561-4A11-9AED-1D16163938CE}"
EndProject
Project("{2150E333-8FDC-42A3-9474-1A3956D46DE8}") = "SimpleEmail", "SimpleEmail", "{E9F865E0-25B7-46B6-9B1E-675CE79B7842}"
EndProject
Project("{FAE04EC0-301F-11D3-BF4B-00C04F79EFBC}") = "AWSSDK.SimpleEmail.Net45", "src\Services\SimpleEmail\AWSSDK.SimpleEmail.Net45.csproj", "{03EFBEDB-7A18-4637-9109-252F4D99A636}"
EndProject
Project("{2150E333-8FDC-42A3-9474-1A3956D46DE8}") = "SimpleNotificationService", "SimpleNotificationService", "{4A231B7C-E770-40DD-8BAA-CED1DEB85129}"
EndProject
Project("{FAE04EC0-301F-11D3-BF4B-00C04F79EFBC}") = "AWSSDK.SimpleNotificationService.Net45", "src\Services\SimpleNotificationService\AWSSDK.SimpleNotificationService.Net45.csproj", "{BE7CC84A-AC78-4A1C-9411-4A0349F22571}"
EndProject
Project("{2150E333-8FDC-42A3-9474-1A3956D46DE8}") = "SimpleSystemsManagement", "SimpleSystemsManagement", "{0CE57924-7117-4E09-A7EB-E45DD620B8CD}"
EndProject
Project("{FAE04EC0-301F-11D3-BF4B-00C04F79EFBC}") = "AWSSDK.SimpleSystemsManagement.Net45", "src\Services\SimpleSystemsManagement\AWSSDK.SimpleSystemsManagement.Net45.csproj", "{C5C99E82-BE0A-45EB-AEEC-513F79B7E60E}"
EndProject
Project("{2150E333-8FDC-42A3-9474-1A3956D46DE8}") = "SimpleWorkflow", "SimpleWorkflow", "{A962CCA7-3256-42BA-9DDB-197DFE223EDB}"
EndProject
Project("{FAE04EC0-301F-11D3-BF4B-00C04F79EFBC}") = "AWSSDK.SimpleWorkflow.Net45", "src\Services\SimpleWorkflow\AWSSDK.SimpleWorkflow.Net45.csproj", "{E8FF4CE2-1557-428B-97CE-859C8DCBA2D2}"
EndProject
Project("{2150E333-8FDC-42A3-9474-1A3956D46DE8}") = "SQS", "SQS", "{531D78DD-F79A-40F3-84E6-5079EC02E69A}"
EndProject
Project("{FAE04EC0-301F-11D3-BF4B-00C04F79EFBC}") = "AWSSDK.SQS.Net45", "src\Services\SQS\AWSSDK.SQS.Net45.csproj", "{3E6F35CA-693B-45D6-8AC0-BAE9BE94F2BB}"
EndProject
Project("{2150E333-8FDC-42A3-9474-1A3956D46DE8}") = "StorageGateway", "StorageGateway", "{CD5AE66F-C4E1-4585-AB25-F6335BFDA8C8}"
EndProject
Project("{FAE04EC0-301F-11D3-BF4B-00C04F79EFBC}") = "AWSSDK.StorageGateway.Net45", "src\Services\StorageGateway\AWSSDK.StorageGateway.Net45.csproj", "{1B549AEC-1E3F-4D4A-8404-98A43CAF2FD9}"
EndProject
Project("{2150E333-8FDC-42A3-9474-1A3956D46DE8}") = "WorkSpaces", "WorkSpaces", "{48CE1592-0DC2-44FD-94D9-CE290D62B9D0}"
EndProject
Project("{FAE04EC0-301F-11D3-BF4B-00C04F79EFBC}") = "AWSSDK.WorkSpaces.Net45", "src\Services\WorkSpaces\AWSSDK.WorkSpaces.Net45.csproj", "{60819F67-5CD7-41A4-9E02-BB27E5A3F715}"
EndProject
Project("{FAE04EC0-301F-11D3-BF4B-00C04F79EFBC}") = "AWSSDK.UnitTests.Net45", "test\UnitTests\AWSSDK.UnitTests.Net45.csproj", "{12D065E5-0745-4C75-AF9D-34794913346F}"
EndProject
Project("{FAE04EC0-301F-11D3-BF4B-00C04F79EFBC}") = "AWSSDK.IntegrationTests.Net45", "test\IntegrationTests\AWSSDK.IntegrationTests.Net45.csproj", "{79A4A4B5-94D5-4424-8F47-53E0F100A239}"
EndProject
Project("{FAE04EC0-301F-11D3-BF4B-00C04F79EFBC}") = "ServiceClientGeneratorLib", "..\generator\ServiceClientGeneratorLib\ServiceClientGeneratorLib.csproj", "{7BEE7C44-BE12-43CC-AFB9-B5852A1F43C8}"
EndProject
Global
	GlobalSection(SolutionConfigurationPlatforms) = preSolution
		Debug|Any CPU = Debug|Any CPU
		Release|Any CPU = Release|Any CPU
	EndGlobalSection
    GlobalSection(ProjectConfigurationPlatforms) = postSolution
		{25ED6BD4-A32A-4EAA-ACBF-AB4FCD343E8E}.Debug|Any CPU.ActiveCfg = Debug|Any CPU
		{25ED6BD4-A32A-4EAA-ACBF-AB4FCD343E8E}.Debug|Any CPU.Build.0 = Debug|Any CPU
		{25ED6BD4-A32A-4EAA-ACBF-AB4FCD343E8E}.Release|Any CPU.ActiveCfg = Release|Any CPU
		{25ED6BD4-A32A-4EAA-ACBF-AB4FCD343E8E}.Release|Any CPU.Build.0 = Release|Any CPU
		{47B1F84B-C7FD-4F38-A0F5-FF4383752AF4}.Debug|Any CPU.ActiveCfg = Debug|Any CPU
		{47B1F84B-C7FD-4F38-A0F5-FF4383752AF4}.Debug|Any CPU.Build.0 = Debug|Any CPU
		{47B1F84B-C7FD-4F38-A0F5-FF4383752AF4}.Release|Any CPU.ActiveCfg = Release|Any CPU
		{47B1F84B-C7FD-4F38-A0F5-FF4383752AF4}.Release|Any CPU.Build.0 = Release|Any CPU
		{7AFB6468-FE81-4A38-8446-3DFF539B2CFC}.Debug|Any CPU.ActiveCfg = Debug|Any CPU
		{7AFB6468-FE81-4A38-8446-3DFF539B2CFC}.Debug|Any CPU.Build.0 = Debug|Any CPU
		{7AFB6468-FE81-4A38-8446-3DFF539B2CFC}.Release|Any CPU.ActiveCfg = Release|Any CPU
		{7AFB6468-FE81-4A38-8446-3DFF539B2CFC}.Release|Any CPU.Build.0 = Release|Any CPU
		{98223582-5CC1-4645-88FA-486C91E14DAC}.Debug|Any CPU.ActiveCfg = Debug|Any CPU
		{98223582-5CC1-4645-88FA-486C91E14DAC}.Debug|Any CPU.Build.0 = Debug|Any CPU
		{98223582-5CC1-4645-88FA-486C91E14DAC}.Release|Any CPU.ActiveCfg = Release|Any CPU
		{98223582-5CC1-4645-88FA-486C91E14DAC}.Release|Any CPU.Build.0 = Release|Any CPU
		{F7340323-42CF-47D1-AB3D-502AB772C141}.Debug|Any CPU.ActiveCfg = Debug|Any CPU
		{F7340323-42CF-47D1-AB3D-502AB772C141}.Debug|Any CPU.Build.0 = Debug|Any CPU
		{F7340323-42CF-47D1-AB3D-502AB772C141}.Release|Any CPU.ActiveCfg = Release|Any CPU
		{F7340323-42CF-47D1-AB3D-502AB772C141}.Release|Any CPU.Build.0 = Release|Any CPU
		{1A6756E2-64B9-4445-BF56-E1CE650AF417}.Debug|Any CPU.ActiveCfg = Debug|Any CPU
		{1A6756E2-64B9-4445-BF56-E1CE650AF417}.Debug|Any CPU.Build.0 = Debug|Any CPU
		{1A6756E2-64B9-4445-BF56-E1CE650AF417}.Release|Any CPU.ActiveCfg = Release|Any CPU
		{1A6756E2-64B9-4445-BF56-E1CE650AF417}.Release|Any CPU.Build.0 = Release|Any CPU
		{02B4D0DD-AABD-4AAC-A08E-9577C3D09971}.Debug|Any CPU.ActiveCfg = Debug|Any CPU
		{02B4D0DD-AABD-4AAC-A08E-9577C3D09971}.Debug|Any CPU.Build.0 = Debug|Any CPU
		{02B4D0DD-AABD-4AAC-A08E-9577C3D09971}.Release|Any CPU.ActiveCfg = Release|Any CPU
		{02B4D0DD-AABD-4AAC-A08E-9577C3D09971}.Release|Any CPU.Build.0 = Release|Any CPU
		{431402E6-30D5-4FDE-8CB3-5EEB885ED0A4}.Debug|Any CPU.ActiveCfg = Debug|Any CPU
		{431402E6-30D5-4FDE-8CB3-5EEB885ED0A4}.Debug|Any CPU.Build.0 = Debug|Any CPU
		{431402E6-30D5-4FDE-8CB3-5EEB885ED0A4}.Release|Any CPU.ActiveCfg = Release|Any CPU
		{431402E6-30D5-4FDE-8CB3-5EEB885ED0A4}.Release|Any CPU.Build.0 = Release|Any CPU
		{C330247E-010B-45E7-87F7-AF4AEA8402CF}.Debug|Any CPU.ActiveCfg = Debug|Any CPU
		{C330247E-010B-45E7-87F7-AF4AEA8402CF}.Debug|Any CPU.Build.0 = Debug|Any CPU
		{C330247E-010B-45E7-87F7-AF4AEA8402CF}.Release|Any CPU.ActiveCfg = Release|Any CPU
		{C330247E-010B-45E7-87F7-AF4AEA8402CF}.Release|Any CPU.Build.0 = Release|Any CPU
		{8C4E574E-7466-4B4B-81BD-A5C0F66ABD77}.Debug|Any CPU.ActiveCfg = Debug|Any CPU
		{8C4E574E-7466-4B4B-81BD-A5C0F66ABD77}.Debug|Any CPU.Build.0 = Debug|Any CPU
		{8C4E574E-7466-4B4B-81BD-A5C0F66ABD77}.Release|Any CPU.ActiveCfg = Release|Any CPU
		{8C4E574E-7466-4B4B-81BD-A5C0F66ABD77}.Release|Any CPU.Build.0 = Release|Any CPU
		{48B6C28A-93CE-437F-AABC-8CF0439CC44D}.Debug|Any CPU.ActiveCfg = Debug|Any CPU
		{48B6C28A-93CE-437F-AABC-8CF0439CC44D}.Debug|Any CPU.Build.0 = Debug|Any CPU
		{48B6C28A-93CE-437F-AABC-8CF0439CC44D}.Release|Any CPU.ActiveCfg = Release|Any CPU
		{48B6C28A-93CE-437F-AABC-8CF0439CC44D}.Release|Any CPU.Build.0 = Release|Any CPU
		{6BC89409-44E1-4393-9C92-0D68975EFAD1}.Debug|Any CPU.ActiveCfg = Debug|Any CPU
		{6BC89409-44E1-4393-9C92-0D68975EFAD1}.Debug|Any CPU.Build.0 = Debug|Any CPU
		{6BC89409-44E1-4393-9C92-0D68975EFAD1}.Release|Any CPU.ActiveCfg = Release|Any CPU
		{6BC89409-44E1-4393-9C92-0D68975EFAD1}.Release|Any CPU.Build.0 = Release|Any CPU
		{C58BC670-0ACB-42BF-B141-4A949EF71099}.Debug|Any CPU.ActiveCfg = Debug|Any CPU
		{C58BC670-0ACB-42BF-B141-4A949EF71099}.Debug|Any CPU.Build.0 = Debug|Any CPU
		{C58BC670-0ACB-42BF-B141-4A949EF71099}.Release|Any CPU.ActiveCfg = Release|Any CPU
		{C58BC670-0ACB-42BF-B141-4A949EF71099}.Release|Any CPU.Build.0 = Release|Any CPU
		{75252F5A-D3F2-4A4E-ADDC-560E1E3C2066}.Debug|Any CPU.ActiveCfg = Debug|Any CPU
		{75252F5A-D3F2-4A4E-ADDC-560E1E3C2066}.Debug|Any CPU.Build.0 = Debug|Any CPU
		{75252F5A-D3F2-4A4E-ADDC-560E1E3C2066}.Release|Any CPU.ActiveCfg = Release|Any CPU
		{75252F5A-D3F2-4A4E-ADDC-560E1E3C2066}.Release|Any CPU.Build.0 = Release|Any CPU
		{844769FF-BA07-49FB-94A2-08EEA8AC2DC3}.Debug|Any CPU.ActiveCfg = Debug|Any CPU
		{844769FF-BA07-49FB-94A2-08EEA8AC2DC3}.Debug|Any CPU.Build.0 = Debug|Any CPU
		{844769FF-BA07-49FB-94A2-08EEA8AC2DC3}.Release|Any CPU.ActiveCfg = Release|Any CPU
		{844769FF-BA07-49FB-94A2-08EEA8AC2DC3}.Release|Any CPU.Build.0 = Release|Any CPU
		{BACF5518-E9DC-4BE7-BD59-965E9EA51BB7}.Debug|Any CPU.ActiveCfg = Debug|Any CPU
		{BACF5518-E9DC-4BE7-BD59-965E9EA51BB7}.Debug|Any CPU.Build.0 = Debug|Any CPU
		{BACF5518-E9DC-4BE7-BD59-965E9EA51BB7}.Release|Any CPU.ActiveCfg = Release|Any CPU
		{BACF5518-E9DC-4BE7-BD59-965E9EA51BB7}.Release|Any CPU.Build.0 = Release|Any CPU
		{D96D3583-EBEB-403E-96A8-B9069E65C9B6}.Debug|Any CPU.ActiveCfg = Debug|Any CPU
		{D96D3583-EBEB-403E-96A8-B9069E65C9B6}.Debug|Any CPU.Build.0 = Debug|Any CPU
		{D96D3583-EBEB-403E-96A8-B9069E65C9B6}.Release|Any CPU.ActiveCfg = Release|Any CPU
		{D96D3583-EBEB-403E-96A8-B9069E65C9B6}.Release|Any CPU.Build.0 = Release|Any CPU
		{093F2DED-1B19-450C-B9FC-C012C40473C3}.Debug|Any CPU.ActiveCfg = Debug|Any CPU
		{093F2DED-1B19-450C-B9FC-C012C40473C3}.Debug|Any CPU.Build.0 = Debug|Any CPU
		{093F2DED-1B19-450C-B9FC-C012C40473C3}.Release|Any CPU.ActiveCfg = Release|Any CPU
		{093F2DED-1B19-450C-B9FC-C012C40473C3}.Release|Any CPU.Build.0 = Release|Any CPU
		{22819F48-B00A-411A-A558-4E77B890A99F}.Debug|Any CPU.ActiveCfg = Debug|Any CPU
		{22819F48-B00A-411A-A558-4E77B890A99F}.Debug|Any CPU.Build.0 = Debug|Any CPU
		{22819F48-B00A-411A-A558-4E77B890A99F}.Release|Any CPU.ActiveCfg = Release|Any CPU
		{22819F48-B00A-411A-A558-4E77B890A99F}.Release|Any CPU.Build.0 = Release|Any CPU
		{8A3D5F46-C927-417F-AAF0-8D057B4CAA60}.Debug|Any CPU.ActiveCfg = Debug|Any CPU
		{8A3D5F46-C927-417F-AAF0-8D057B4CAA60}.Debug|Any CPU.Build.0 = Debug|Any CPU
		{8A3D5F46-C927-417F-AAF0-8D057B4CAA60}.Release|Any CPU.ActiveCfg = Release|Any CPU
		{8A3D5F46-C927-417F-AAF0-8D057B4CAA60}.Release|Any CPU.Build.0 = Release|Any CPU
		{6E4CD5B4-366E-40EB-BAC3-04E033A904AD}.Debug|Any CPU.ActiveCfg = Debug|Any CPU
		{6E4CD5B4-366E-40EB-BAC3-04E033A904AD}.Debug|Any CPU.Build.0 = Debug|Any CPU
		{6E4CD5B4-366E-40EB-BAC3-04E033A904AD}.Release|Any CPU.ActiveCfg = Release|Any CPU
		{6E4CD5B4-366E-40EB-BAC3-04E033A904AD}.Release|Any CPU.Build.0 = Release|Any CPU
		{156D9313-7650-4141-8DCD-D3C8DBBF7642}.Debug|Any CPU.ActiveCfg = Debug|Any CPU
		{156D9313-7650-4141-8DCD-D3C8DBBF7642}.Debug|Any CPU.Build.0 = Debug|Any CPU
		{156D9313-7650-4141-8DCD-D3C8DBBF7642}.Release|Any CPU.ActiveCfg = Release|Any CPU
		{156D9313-7650-4141-8DCD-D3C8DBBF7642}.Release|Any CPU.Build.0 = Release|Any CPU
		{AB715742-9EE8-4D2A-AD38-F0E75723A9AB}.Debug|Any CPU.ActiveCfg = Debug|Any CPU
		{AB715742-9EE8-4D2A-AD38-F0E75723A9AB}.Debug|Any CPU.Build.0 = Debug|Any CPU
		{AB715742-9EE8-4D2A-AD38-F0E75723A9AB}.Release|Any CPU.ActiveCfg = Release|Any CPU
		{AB715742-9EE8-4D2A-AD38-F0E75723A9AB}.Release|Any CPU.Build.0 = Release|Any CPU
		{2B2A9558-058E-4C26-8637-628846329B9A}.Debug|Any CPU.ActiveCfg = Debug|Any CPU
		{2B2A9558-058E-4C26-8637-628846329B9A}.Debug|Any CPU.Build.0 = Debug|Any CPU
		{2B2A9558-058E-4C26-8637-628846329B9A}.Release|Any CPU.ActiveCfg = Release|Any CPU
		{2B2A9558-058E-4C26-8637-628846329B9A}.Release|Any CPU.Build.0 = Release|Any CPU
		{FCF20E51-E8E5-46A3-8D7A-BB0E68C8BF4A}.Debug|Any CPU.ActiveCfg = Debug|Any CPU
		{FCF20E51-E8E5-46A3-8D7A-BB0E68C8BF4A}.Debug|Any CPU.Build.0 = Debug|Any CPU
		{FCF20E51-E8E5-46A3-8D7A-BB0E68C8BF4A}.Release|Any CPU.ActiveCfg = Release|Any CPU
		{FCF20E51-E8E5-46A3-8D7A-BB0E68C8BF4A}.Release|Any CPU.Build.0 = Release|Any CPU
		{CC49CFB0-F27C-4D16-AAF8-21097F468129}.Debug|Any CPU.ActiveCfg = Debug|Any CPU
		{CC49CFB0-F27C-4D16-AAF8-21097F468129}.Debug|Any CPU.Build.0 = Debug|Any CPU
		{CC49CFB0-F27C-4D16-AAF8-21097F468129}.Release|Any CPU.ActiveCfg = Release|Any CPU
		{CC49CFB0-F27C-4D16-AAF8-21097F468129}.Release|Any CPU.Build.0 = Release|Any CPU
		{02374DF3-D0F8-43DD-A638-8130A604A683}.Debug|Any CPU.ActiveCfg = Debug|Any CPU
		{02374DF3-D0F8-43DD-A638-8130A604A683}.Debug|Any CPU.Build.0 = Debug|Any CPU
		{02374DF3-D0F8-43DD-A638-8130A604A683}.Release|Any CPU.ActiveCfg = Release|Any CPU
		{02374DF3-D0F8-43DD-A638-8130A604A683}.Release|Any CPU.Build.0 = Release|Any CPU
		{91A3791F-AC18-48FB-B27C-05389B988B75}.Debug|Any CPU.ActiveCfg = Debug|Any CPU
		{91A3791F-AC18-48FB-B27C-05389B988B75}.Debug|Any CPU.Build.0 = Debug|Any CPU
		{91A3791F-AC18-48FB-B27C-05389B988B75}.Release|Any CPU.ActiveCfg = Release|Any CPU
		{91A3791F-AC18-48FB-B27C-05389B988B75}.Release|Any CPU.Build.0 = Release|Any CPU
		{38C583D8-26EB-4BA0-AEEF-338468E4D8DC}.Debug|Any CPU.ActiveCfg = Debug|Any CPU
		{38C583D8-26EB-4BA0-AEEF-338468E4D8DC}.Debug|Any CPU.Build.0 = Debug|Any CPU
		{38C583D8-26EB-4BA0-AEEF-338468E4D8DC}.Release|Any CPU.ActiveCfg = Release|Any CPU
		{38C583D8-26EB-4BA0-AEEF-338468E4D8DC}.Release|Any CPU.Build.0 = Release|Any CPU
		{6698BD46-B68A-4C53-9560-DD21A91E910D}.Debug|Any CPU.ActiveCfg = Debug|Any CPU
		{6698BD46-B68A-4C53-9560-DD21A91E910D}.Debug|Any CPU.Build.0 = Debug|Any CPU
		{6698BD46-B68A-4C53-9560-DD21A91E910D}.Release|Any CPU.ActiveCfg = Release|Any CPU
		{6698BD46-B68A-4C53-9560-DD21A91E910D}.Release|Any CPU.Build.0 = Release|Any CPU
		{2BAD7146-8A64-4536-83CA-D4DDABD2E3B1}.Debug|Any CPU.ActiveCfg = Debug|Any CPU
		{2BAD7146-8A64-4536-83CA-D4DDABD2E3B1}.Debug|Any CPU.Build.0 = Debug|Any CPU
		{2BAD7146-8A64-4536-83CA-D4DDABD2E3B1}.Release|Any CPU.ActiveCfg = Release|Any CPU
		{2BAD7146-8A64-4536-83CA-D4DDABD2E3B1}.Release|Any CPU.Build.0 = Release|Any CPU
		{39BC41FA-A4ED-4C24-AEA1-A3CD3556F21A}.Debug|Any CPU.ActiveCfg = Debug|Any CPU
		{39BC41FA-A4ED-4C24-AEA1-A3CD3556F21A}.Debug|Any CPU.Build.0 = Debug|Any CPU
		{39BC41FA-A4ED-4C24-AEA1-A3CD3556F21A}.Release|Any CPU.ActiveCfg = Release|Any CPU
		{39BC41FA-A4ED-4C24-AEA1-A3CD3556F21A}.Release|Any CPU.Build.0 = Release|Any CPU
		{9123E499-47D5-4B7C-BAB4-155A96CA5E9C}.Debug|Any CPU.ActiveCfg = Debug|Any CPU
		{9123E499-47D5-4B7C-BAB4-155A96CA5E9C}.Debug|Any CPU.Build.0 = Debug|Any CPU
		{9123E499-47D5-4B7C-BAB4-155A96CA5E9C}.Release|Any CPU.ActiveCfg = Release|Any CPU
		{9123E499-47D5-4B7C-BAB4-155A96CA5E9C}.Release|Any CPU.Build.0 = Release|Any CPU
		{18F3ECAE-0CD6-4A59-8CB2-80533F276AA3}.Debug|Any CPU.ActiveCfg = Debug|Any CPU
		{18F3ECAE-0CD6-4A59-8CB2-80533F276AA3}.Debug|Any CPU.Build.0 = Debug|Any CPU
		{18F3ECAE-0CD6-4A59-8CB2-80533F276AA3}.Release|Any CPU.ActiveCfg = Release|Any CPU
		{18F3ECAE-0CD6-4A59-8CB2-80533F276AA3}.Release|Any CPU.Build.0 = Release|Any CPU
		{70CA134F-2307-49F7-BD2A-B30371B88FF1}.Debug|Any CPU.ActiveCfg = Debug|Any CPU
		{70CA134F-2307-49F7-BD2A-B30371B88FF1}.Debug|Any CPU.Build.0 = Debug|Any CPU
		{70CA134F-2307-49F7-BD2A-B30371B88FF1}.Release|Any CPU.ActiveCfg = Release|Any CPU
		{70CA134F-2307-49F7-BD2A-B30371B88FF1}.Release|Any CPU.Build.0 = Release|Any CPU
		{297FC084-5027-44B3-BE25-2E16D16E85D2}.Debug|Any CPU.ActiveCfg = Debug|Any CPU
		{297FC084-5027-44B3-BE25-2E16D16E85D2}.Debug|Any CPU.Build.0 = Debug|Any CPU
		{297FC084-5027-44B3-BE25-2E16D16E85D2}.Release|Any CPU.ActiveCfg = Release|Any CPU
		{297FC084-5027-44B3-BE25-2E16D16E85D2}.Release|Any CPU.Build.0 = Release|Any CPU
		{53E678C2-4132-42EE-99F1-0FE88293C874}.Debug|Any CPU.ActiveCfg = Debug|Any CPU
		{53E678C2-4132-42EE-99F1-0FE88293C874}.Debug|Any CPU.Build.0 = Debug|Any CPU
		{53E678C2-4132-42EE-99F1-0FE88293C874}.Release|Any CPU.ActiveCfg = Release|Any CPU
		{53E678C2-4132-42EE-99F1-0FE88293C874}.Release|Any CPU.Build.0 = Release|Any CPU
		{F9FAF246-06D9-48C8-88F0-0F716CCAC013}.Debug|Any CPU.ActiveCfg = Debug|Any CPU
		{F9FAF246-06D9-48C8-88F0-0F716CCAC013}.Debug|Any CPU.Build.0 = Debug|Any CPU
		{F9FAF246-06D9-48C8-88F0-0F716CCAC013}.Release|Any CPU.ActiveCfg = Release|Any CPU
		{F9FAF246-06D9-48C8-88F0-0F716CCAC013}.Release|Any CPU.Build.0 = Release|Any CPU
		{BB266953-D765-4BC6-9315-D206548CB8A6}.Debug|Any CPU.ActiveCfg = Debug|Any CPU
		{BB266953-D765-4BC6-9315-D206548CB8A6}.Debug|Any CPU.Build.0 = Debug|Any CPU
		{BB266953-D765-4BC6-9315-D206548CB8A6}.Release|Any CPU.ActiveCfg = Release|Any CPU
		{BB266953-D765-4BC6-9315-D206548CB8A6}.Release|Any CPU.Build.0 = Release|Any CPU
		{781F0A71-6561-4A11-9AED-1D16163938CE}.Debug|Any CPU.ActiveCfg = Debug|Any CPU
		{781F0A71-6561-4A11-9AED-1D16163938CE}.Debug|Any CPU.Build.0 = Debug|Any CPU
		{781F0A71-6561-4A11-9AED-1D16163938CE}.Release|Any CPU.ActiveCfg = Release|Any CPU
		{781F0A71-6561-4A11-9AED-1D16163938CE}.Release|Any CPU.Build.0 = Release|Any CPU
		{03EFBEDB-7A18-4637-9109-252F4D99A636}.Debug|Any CPU.ActiveCfg = Debug|Any CPU
		{03EFBEDB-7A18-4637-9109-252F4D99A636}.Debug|Any CPU.Build.0 = Debug|Any CPU
		{03EFBEDB-7A18-4637-9109-252F4D99A636}.Release|Any CPU.ActiveCfg = Release|Any CPU
		{03EFBEDB-7A18-4637-9109-252F4D99A636}.Release|Any CPU.Build.0 = Release|Any CPU
		{BE7CC84A-AC78-4A1C-9411-4A0349F22571}.Debug|Any CPU.ActiveCfg = Debug|Any CPU
		{BE7CC84A-AC78-4A1C-9411-4A0349F22571}.Debug|Any CPU.Build.0 = Debug|Any CPU
		{BE7CC84A-AC78-4A1C-9411-4A0349F22571}.Release|Any CPU.ActiveCfg = Release|Any CPU
		{BE7CC84A-AC78-4A1C-9411-4A0349F22571}.Release|Any CPU.Build.0 = Release|Any CPU
		{C5C99E82-BE0A-45EB-AEEC-513F79B7E60E}.Debug|Any CPU.ActiveCfg = Debug|Any CPU
		{C5C99E82-BE0A-45EB-AEEC-513F79B7E60E}.Debug|Any CPU.Build.0 = Debug|Any CPU
		{C5C99E82-BE0A-45EB-AEEC-513F79B7E60E}.Release|Any CPU.ActiveCfg = Release|Any CPU
		{C5C99E82-BE0A-45EB-AEEC-513F79B7E60E}.Release|Any CPU.Build.0 = Release|Any CPU
		{E8FF4CE2-1557-428B-97CE-859C8DCBA2D2}.Debug|Any CPU.ActiveCfg = Debug|Any CPU
		{E8FF4CE2-1557-428B-97CE-859C8DCBA2D2}.Debug|Any CPU.Build.0 = Debug|Any CPU
		{E8FF4CE2-1557-428B-97CE-859C8DCBA2D2}.Release|Any CPU.ActiveCfg = Release|Any CPU
		{E8FF4CE2-1557-428B-97CE-859C8DCBA2D2}.Release|Any CPU.Build.0 = Release|Any CPU
		{3E6F35CA-693B-45D6-8AC0-BAE9BE94F2BB}.Debug|Any CPU.ActiveCfg = Debug|Any CPU
		{3E6F35CA-693B-45D6-8AC0-BAE9BE94F2BB}.Debug|Any CPU.Build.0 = Debug|Any CPU
		{3E6F35CA-693B-45D6-8AC0-BAE9BE94F2BB}.Release|Any CPU.ActiveCfg = Release|Any CPU
		{3E6F35CA-693B-45D6-8AC0-BAE9BE94F2BB}.Release|Any CPU.Build.0 = Release|Any CPU
		{1B549AEC-1E3F-4D4A-8404-98A43CAF2FD9}.Debug|Any CPU.ActiveCfg = Debug|Any CPU
		{1B549AEC-1E3F-4D4A-8404-98A43CAF2FD9}.Debug|Any CPU.Build.0 = Debug|Any CPU
		{1B549AEC-1E3F-4D4A-8404-98A43CAF2FD9}.Release|Any CPU.ActiveCfg = Release|Any CPU
		{1B549AEC-1E3F-4D4A-8404-98A43CAF2FD9}.Release|Any CPU.Build.0 = Release|Any CPU
		{60819F67-5CD7-41A4-9E02-BB27E5A3F715}.Debug|Any CPU.ActiveCfg = Debug|Any CPU
		{60819F67-5CD7-41A4-9E02-BB27E5A3F715}.Debug|Any CPU.Build.0 = Debug|Any CPU
		{60819F67-5CD7-41A4-9E02-BB27E5A3F715}.Release|Any CPU.ActiveCfg = Release|Any CPU
		{60819F67-5CD7-41A4-9E02-BB27E5A3F715}.Release|Any CPU.Build.0 = Release|Any CPU
		{12D065E5-0745-4C75-AF9D-34794913346F}.Debug|Any CPU.ActiveCfg = Debug|Any CPU
		{12D065E5-0745-4C75-AF9D-34794913346F}.Debug|Any CPU.Build.0 = Debug|Any CPU
		{12D065E5-0745-4C75-AF9D-34794913346F}.Release|Any CPU.ActiveCfg = Release|Any CPU
		{12D065E5-0745-4C75-AF9D-34794913346F}.Release|Any CPU.Build.0 = Release|Any CPU
		{79A4A4B5-94D5-4424-8F47-53E0F100A239}.Debug|Any CPU.ActiveCfg = Debug|Any CPU
		{79A4A4B5-94D5-4424-8F47-53E0F100A239}.Debug|Any CPU.Build.0 = Debug|Any CPU
		{79A4A4B5-94D5-4424-8F47-53E0F100A239}.Release|Any CPU.ActiveCfg = Release|Any CPU
		{79A4A4B5-94D5-4424-8F47-53E0F100A239}.Release|Any CPU.Build.0 = Release|Any CPU
		{7BEE7C44-BE12-43CC-AFB9-B5852A1F43C8}.Debug|Any CPU.ActiveCfg = Debug|Any CPU
		{7BEE7C44-BE12-43CC-AFB9-B5852A1F43C8}.Debug|Any CPU.Build.0 = Debug|Any CPU
		{7BEE7C44-BE12-43CC-AFB9-B5852A1F43C8}.Release|Any CPU.ActiveCfg = Release|Any CPU
		{7BEE7C44-BE12-43CC-AFB9-B5852A1F43C8}.Release|Any CPU.Build.0 = Release|Any CPU
    EndGlobalSection
	GlobalSection(SolutionProperties) = preSolution
		HideSolutionNode = FALSE
	EndGlobalSection
	GlobalSection(NestedProjects) = preSolution
		{25ED6BD4-A32A-4EAA-ACBF-AB4FCD343E8E} = {1523203C-CD16-4B4A-8F9D-8ECCA3A327AA}
		{CE8DAB01-9427-4D32-A12A-017D0D2863D3} = {03245B8D-0A27-4C11-9AAC-7047A9F6DFB0}
		{47B1F84B-C7FD-4F38-A0F5-FF4383752AF4} = {CE8DAB01-9427-4D32-A12A-017D0D2863D3}
		{813AE079-97C0-46AE-9CF7-123751EDA5D5} = {03245B8D-0A27-4C11-9AAC-7047A9F6DFB0}
		{7AFB6468-FE81-4A38-8446-3DFF539B2CFC} = {813AE079-97C0-46AE-9CF7-123751EDA5D5}
		{2E3696FF-2ABD-4963-B7FD-1D5F82E97480} = {03245B8D-0A27-4C11-9AAC-7047A9F6DFB0}
		{98223582-5CC1-4645-88FA-486C91E14DAC} = {2E3696FF-2ABD-4963-B7FD-1D5F82E97480}
		{C0159F69-3CAA-49D5-95A7-550F1942931D} = {03245B8D-0A27-4C11-9AAC-7047A9F6DFB0}
		{F7340323-42CF-47D1-AB3D-502AB772C141} = {C0159F69-3CAA-49D5-95A7-550F1942931D}
		{6EC0B56E-2568-446F-A13B-49EA9784AAE4} = {03245B8D-0A27-4C11-9AAC-7047A9F6DFB0}
		{1A6756E2-64B9-4445-BF56-E1CE650AF417} = {6EC0B56E-2568-446F-A13B-49EA9784AAE4}
		{0DE4EBB2-AFED-4AE2-9380-4FF4A0668A4C} = {03245B8D-0A27-4C11-9AAC-7047A9F6DFB0}
		{02B4D0DD-AABD-4AAC-A08E-9577C3D09971} = {0DE4EBB2-AFED-4AE2-9380-4FF4A0668A4C}
		{F8B1D6AF-DCAD-4D24-AD8A-49072CC5D2C9} = {03245B8D-0A27-4C11-9AAC-7047A9F6DFB0}
		{431402E6-30D5-4FDE-8CB3-5EEB885ED0A4} = {F8B1D6AF-DCAD-4D24-AD8A-49072CC5D2C9}
		{8544B12E-D9B6-4039-AF5B-7ED17FBC9D30} = {03245B8D-0A27-4C11-9AAC-7047A9F6DFB0}
		{C330247E-010B-45E7-87F7-AF4AEA8402CF} = {8544B12E-D9B6-4039-AF5B-7ED17FBC9D30}
		{99FCF897-CAE4-49FA-8990-9C412903A65A} = {03245B8D-0A27-4C11-9AAC-7047A9F6DFB0}
		{8C4E574E-7466-4B4B-81BD-A5C0F66ABD77} = {99FCF897-CAE4-49FA-8990-9C412903A65A}
		{E30048A5-B1C7-4F4C-A48A-B1B21D749E45} = {03245B8D-0A27-4C11-9AAC-7047A9F6DFB0}
		{48B6C28A-93CE-437F-AABC-8CF0439CC44D} = {E30048A5-B1C7-4F4C-A48A-B1B21D749E45}
		{2BBE7499-39F2-4698-8861-EC038C273AA4} = {03245B8D-0A27-4C11-9AAC-7047A9F6DFB0}
		{6BC89409-44E1-4393-9C92-0D68975EFAD1} = {2BBE7499-39F2-4698-8861-EC038C273AA4}
		{F77C5F54-803E-49D2-99D9-4BDD3E5F3BF1} = {03245B8D-0A27-4C11-9AAC-7047A9F6DFB0}
		{C58BC670-0ACB-42BF-B141-4A949EF71099} = {F77C5F54-803E-49D2-99D9-4BDD3E5F3BF1}
		{3E5B19A8-E516-40D4-85C2-16F5DA563CCA} = {03245B8D-0A27-4C11-9AAC-7047A9F6DFB0}
		{75252F5A-D3F2-4A4E-ADDC-560E1E3C2066} = {3E5B19A8-E516-40D4-85C2-16F5DA563CCA}
		{C2F01022-706A-41D9-8D68-3C4D897C13EB} = {03245B8D-0A27-4C11-9AAC-7047A9F6DFB0}
		{844769FF-BA07-49FB-94A2-08EEA8AC2DC3} = {C2F01022-706A-41D9-8D68-3C4D897C13EB}
		{D19EDC2D-8D5C-42EB-8058-3FB52632511B} = {03245B8D-0A27-4C11-9AAC-7047A9F6DFB0}
		{BACF5518-E9DC-4BE7-BD59-965E9EA51BB7} = {D19EDC2D-8D5C-42EB-8058-3FB52632511B}
		{5CCA0491-BE1C-4201-8F6A-26206F07378F} = {03245B8D-0A27-4C11-9AAC-7047A9F6DFB0}
		{D96D3583-EBEB-403E-96A8-B9069E65C9B6} = {5CCA0491-BE1C-4201-8F6A-26206F07378F}
		{B568017E-E7A7-48A2-9588-A1C7BFF77B9D} = {03245B8D-0A27-4C11-9AAC-7047A9F6DFB0}
		{093F2DED-1B19-450C-B9FC-C012C40473C3} = {B568017E-E7A7-48A2-9588-A1C7BFF77B9D}
		{096A78A7-3790-42EE-AFD3-049AC446ADF5} = {03245B8D-0A27-4C11-9AAC-7047A9F6DFB0}
		{22819F48-B00A-411A-A558-4E77B890A99F} = {096A78A7-3790-42EE-AFD3-049AC446ADF5}
		{5218F806-82C3-4342-A9EC-039CD9DEC9E0} = {03245B8D-0A27-4C11-9AAC-7047A9F6DFB0}
		{8A3D5F46-C927-417F-AAF0-8D057B4CAA60} = {5218F806-82C3-4342-A9EC-039CD9DEC9E0}
		{F3311D5B-6A57-4C27-8931-C9A1E3C62FA6} = {03245B8D-0A27-4C11-9AAC-7047A9F6DFB0}
		{6E4CD5B4-366E-40EB-BAC3-04E033A904AD} = {F3311D5B-6A57-4C27-8931-C9A1E3C62FA6}
		{7BC6DBED-C3C3-4162-A391-A0020AC0AF96} = {03245B8D-0A27-4C11-9AAC-7047A9F6DFB0}
		{156D9313-7650-4141-8DCD-D3C8DBBF7642} = {7BC6DBED-C3C3-4162-A391-A0020AC0AF96}
		{3A6F9BBB-F8C4-4CEC-8F45-2570F20FA7B5} = {03245B8D-0A27-4C11-9AAC-7047A9F6DFB0}
		{AB715742-9EE8-4D2A-AD38-F0E75723A9AB} = {3A6F9BBB-F8C4-4CEC-8F45-2570F20FA7B5}
		{DE1FEDF3-F379-4042-9E18-C92F871A4EE3} = {03245B8D-0A27-4C11-9AAC-7047A9F6DFB0}
		{2B2A9558-058E-4C26-8637-628846329B9A} = {DE1FEDF3-F379-4042-9E18-C92F871A4EE3}
		{C7C1FC18-71D0-4814-9E79-78A22B8E6EFE} = {03245B8D-0A27-4C11-9AAC-7047A9F6DFB0}
		{FCF20E51-E8E5-46A3-8D7A-BB0E68C8BF4A} = {C7C1FC18-71D0-4814-9E79-78A22B8E6EFE}
		{BCDF742D-B35F-489A-BCDD-153A5A5F9302} = {03245B8D-0A27-4C11-9AAC-7047A9F6DFB0}
		{CC49CFB0-F27C-4D16-AAF8-21097F468129} = {BCDF742D-B35F-489A-BCDD-153A5A5F9302}
		{9EEAE0C8-96B3-4743-8AFF-50FCB55CE772} = {03245B8D-0A27-4C11-9AAC-7047A9F6DFB0}
		{02374DF3-D0F8-43DD-A638-8130A604A683} = {9EEAE0C8-96B3-4743-8AFF-50FCB55CE772}
		{A9A8A935-BAF0-49FF-B472-0EC91EA3B9F5} = {03245B8D-0A27-4C11-9AAC-7047A9F6DFB0}
		{91A3791F-AC18-48FB-B27C-05389B988B75} = {A9A8A935-BAF0-49FF-B472-0EC91EA3B9F5}
		{A276D405-993C-40A7-B523-43BE3802F57C} = {03245B8D-0A27-4C11-9AAC-7047A9F6DFB0}
		{38C583D8-26EB-4BA0-AEEF-338468E4D8DC} = {A276D405-993C-40A7-B523-43BE3802F57C}
		{5B1667CA-E4C3-45EE-975E-C5D8A54DA7BB} = {03245B8D-0A27-4C11-9AAC-7047A9F6DFB0}
		{6698BD46-B68A-4C53-9560-DD21A91E910D} = {5B1667CA-E4C3-45EE-975E-C5D8A54DA7BB}
		{6A1353A7-2513-489A-8EE6-6AAA6669496C} = {03245B8D-0A27-4C11-9AAC-7047A9F6DFB0}
		{2BAD7146-8A64-4536-83CA-D4DDABD2E3B1} = {6A1353A7-2513-489A-8EE6-6AAA6669496C}
		{8073410B-B77E-4758-A65E-EF6B17367881} = {03245B8D-0A27-4C11-9AAC-7047A9F6DFB0}
		{39BC41FA-A4ED-4C24-AEA1-A3CD3556F21A} = {8073410B-B77E-4758-A65E-EF6B17367881}
		{4E2CB88F-B3B4-44EC-9BEE-A6C360EF1319} = {03245B8D-0A27-4C11-9AAC-7047A9F6DFB0}
		{9123E499-47D5-4B7C-BAB4-155A96CA5E9C} = {4E2CB88F-B3B4-44EC-9BEE-A6C360EF1319}
		{1C77EE5F-FAB1-4649-8DEC-87F57C1D6CC6} = {03245B8D-0A27-4C11-9AAC-7047A9F6DFB0}
		{18F3ECAE-0CD6-4A59-8CB2-80533F276AA3} = {1C77EE5F-FAB1-4649-8DEC-87F57C1D6CC6}
		{9859C1BF-3968-4008-8C42-34F6196F6A37} = {03245B8D-0A27-4C11-9AAC-7047A9F6DFB0}
		{70CA134F-2307-49F7-BD2A-B30371B88FF1} = {9859C1BF-3968-4008-8C42-34F6196F6A37}
		{93F907A2-1930-48D9-997E-7B2D706F499E} = {03245B8D-0A27-4C11-9AAC-7047A9F6DFB0}
		{297FC084-5027-44B3-BE25-2E16D16E85D2} = {93F907A2-1930-48D9-997E-7B2D706F499E}
		{F3D0CA93-2F41-482A-A976-5B318B76CAC4} = {03245B8D-0A27-4C11-9AAC-7047A9F6DFB0}
		{53E678C2-4132-42EE-99F1-0FE88293C874} = {F3D0CA93-2F41-482A-A976-5B318B76CAC4}
		{9BEC6B18-DD09-48B8-B76E-3589F5152F3C} = {03245B8D-0A27-4C11-9AAC-7047A9F6DFB0}
		{F9FAF246-06D9-48C8-88F0-0F716CCAC013} = {9BEC6B18-DD09-48B8-B76E-3589F5152F3C}
		{97624C23-4CD7-49A8-8B8B-AFE0923CFFE0} = {03245B8D-0A27-4C11-9AAC-7047A9F6DFB0}
		{BB266953-D765-4BC6-9315-D206548CB8A6} = {97624C23-4CD7-49A8-8B8B-AFE0923CFFE0}
		{7B1CA031-CB96-4063-B38B-8A8C187A74B0} = {03245B8D-0A27-4C11-9AAC-7047A9F6DFB0}
		{781F0A71-6561-4A11-9AED-1D16163938CE} = {7B1CA031-CB96-4063-B38B-8A8C187A74B0}
		{E9F865E0-25B7-46B6-9B1E-675CE79B7842} = {03245B8D-0A27-4C11-9AAC-7047A9F6DFB0}
		{03EFBEDB-7A18-4637-9109-252F4D99A636} = {E9F865E0-25B7-46B6-9B1E-675CE79B7842}
		{4A231B7C-E770-40DD-8BAA-CED1DEB85129} = {03245B8D-0A27-4C11-9AAC-7047A9F6DFB0}
		{BE7CC84A-AC78-4A1C-9411-4A0349F22571} = {4A231B7C-E770-40DD-8BAA-CED1DEB85129}
		{0CE57924-7117-4E09-A7EB-E45DD620B8CD} = {03245B8D-0A27-4C11-9AAC-7047A9F6DFB0}
		{C5C99E82-BE0A-45EB-AEEC-513F79B7E60E} = {0CE57924-7117-4E09-A7EB-E45DD620B8CD}
		{A962CCA7-3256-42BA-9DDB-197DFE223EDB} = {03245B8D-0A27-4C11-9AAC-7047A9F6DFB0}
		{E8FF4CE2-1557-428B-97CE-859C8DCBA2D2} = {A962CCA7-3256-42BA-9DDB-197DFE223EDB}
		{531D78DD-F79A-40F3-84E6-5079EC02E69A} = {03245B8D-0A27-4C11-9AAC-7047A9F6DFB0}
		{3E6F35CA-693B-45D6-8AC0-BAE9BE94F2BB} = {531D78DD-F79A-40F3-84E6-5079EC02E69A}
		{CD5AE66F-C4E1-4585-AB25-F6335BFDA8C8} = {03245B8D-0A27-4C11-9AAC-7047A9F6DFB0}
		{1B549AEC-1E3F-4D4A-8404-98A43CAF2FD9} = {CD5AE66F-C4E1-4585-AB25-F6335BFDA8C8}
		{48CE1592-0DC2-44FD-94D9-CE290D62B9D0} = {03245B8D-0A27-4C11-9AAC-7047A9F6DFB0}
		{60819F67-5CD7-41A4-9E02-BB27E5A3F715} = {48CE1592-0DC2-44FD-94D9-CE290D62B9D0}
		{12D065E5-0745-4C75-AF9D-34794913346F} = {AAB6968E-1FCE-47C8-B34C-4850E27458F1}
		{79A4A4B5-94D5-4424-8F47-53E0F100A239} = {AAB6968E-1FCE-47C8-B34C-4850E27458F1}
		{7BEE7C44-BE12-43CC-AFB9-B5852A1F43C8} = {AAB6968E-1FCE-47C8-B34C-4850E27458F1}
	EndGlobalSection
EndGlobal